{"format_version":"1.2","terraform_version":"1.5.7","planned_values":{"root_module":{"resources":[{"address":"aws_customer_gateway.fp-CGW","mode":"managed","type":"aws_customer_gateway","name":"fp-CGW","provider_name":"registry.terraform.io/hashicorp/aws","schema_version":0,"values":{"arn":"arn:aws:ec2:ap-northeast-2:339712848231:customer-gateway/cgw-0dcc45d9bead7f198","bgp_asn":"65000","bgp_asn_extended":"","certificate_arn":"","device_name":"","id":"cgw-0dcc45d9bead7f198","ip_address":"175.196.82.2","tags":{"Name":"fp-CGW"},"tags_all":{"Name":"fp-CGW"},"type":"ipsec.1"},"sensitive_values":{"tags":{},"tags_all":{}}},{"address":"aws_docdb_cluster.fp-documentDB-Cluster","mode":"managed","type":"aws_docdb_cluster","name":"fp-documentDB-Cluster","provider_name":"registry.terraform.io/hashicorp/aws","schema_version":0,"values":{"allow_major_version_upgrade":null,"apply_immediately":null,"availability_zones":["ap-northeast-2a","ap-northeast-2c"],"backup_retention_period":1,"cluster_identifier":"fp-documentdb-cluster","db_subnet_group_name":"documentdb-subnetgroup","deletion_protection":null,"enabled_cloudwatch_logs_exports":null,"engine":"docdb","final_snapshot_identifier":null,"global_cluster_identifier":null,"master_password":"VMware1!","master_username":"team3","port":27017,"restore_to_point_in_time":[],"skip_final_snapshot":false,"snapshot_identifier":null,"storage_encrypted":null,"storage_type":null,"tags":{"Name":"fp-documentDB-Cluster"},"tags_all":{"Name":"fp-documentDB-Cluster"},"timeouts":null,"vpc_security_group_ids":["sg-07f2cd8c2aafa4373"]},"sensitive_values":{"availability_zones":[false,false],"cluster_members":[],"restore_to_point_in_time":[],"tags":{},"tags_all":{},"vpc_security_group_ids":[false]}},{"address":"aws_docdb_cluster_instance.fp-documentDB-instance[0]","mode":"managed","type":"aws_docdb_cluster_instance","name":"fp-documentDB-instance","index":0,"provider_name":"registry.terraform.io/hashicorp/aws","schema_version":0,"values":{"apply_immediately":null,"auto_minor_version_upgrade":true,"copy_tags_to_snapshot":null,"enable_performance_insights":null,"engine":"docdb","instance_class":"db.t3.medium","promotion_tier":0,"tags":null,"timeouts":null},"sensitive_values":{"tags_all":{}}},{"address":"aws_docdb_cluster_instance.fp-documentDB-instance[1]","mode":"managed","type":"aws_docdb_cluster_instance","name":"fp-documentDB-instance","index":1,"provider_name":"registry.terraform.io/hashicorp/aws","schema_version":0,"values":{"apply_immediately":null,"auto_minor_version_upgrade":true,"copy_tags_to_snapshot":null,"enable_performance_insights":null,"engine":"docdb","instance_class":"db.t3.medium","promotion_tier":0,"tags":null,"timeouts":null},"sensitive_values":{"tags_all":{}}},{"address":"aws_docdb_cluster_instance.fp-documentDB-instance[2]","mode":"managed","type":"aws_docdb_cluster_instance","name":"fp-documentDB-instance","index":2,"provider_name":"registry.terraform.io/hashicorp/aws","schema_version":0,"values":{"apply_immediately":null,"auto_minor_version_upgrade":true,"copy_tags_to_snapshot":null,"enable_performance_insights":null,"engine":"docdb","instance_class":"db.t3.medium","promotion_tier":0,"tags":null,"timeouts":null},"sensitive_values":{"tags_all":{}}},{"address":"aws_docdb_subnet_group.fp-documentDB-subnetGroup","mode":"managed","type":"aws_docdb_subnet_group","name":"fp-documentDB-subnetGroup","provider_name":"registry.terraform.io/hashicorp/aws","schema_version":0,"values":{"arn":"arn:aws:rds:ap-northeast-2:339712848231:subgrp:documentdb-subnetgroup","description":"Managed by Terraform","id":"documentdb-subnetgroup","name":"documentdb-subnetgroup","name_prefix":"","subnet_ids":["subnet-0a76f34827ba2c50f","subnet-0acefee10916d349b"],"tags":{"Name":"fp-documentDB-SubnetGroup"},"tags_all":{"Name":"fp-documentDB-SubnetGroup"}},"sensitive_values":{"subnet_ids":[false,false],"tags":{},"tags_all":{}}},{"address":"aws_eip.fp-NAT-eip-01","mode":"managed","type":"aws_eip","name":"fp-NAT-eip-01","provider_name":"registry.terraform.io/hashicorp/aws","schema_version":0,"values":{"address":null,"allocation_id":"eipalloc-05a5861200399c8ef","arn":"arn:aws:ec2:ap-northeast-2:339712848231:elastic-ip/eipalloc-05a5861200399c8ef","associate_with_private_ip":null,"association_id":"eipassoc-0b7c34ed04a1cffc2","carrier_ip":"","customer_owned_ip":"","customer_owned_ipv4_pool":"","domain":"vpc","id":"eipalloc-05a5861200399c8ef","instance":"","network_border_group":"ap-northeast-2","network_interface":"eni-0b7e8574a9f916d92","private_dns":"ip-10-10-1-5.ap-northeast-2.compute.internal","private_ip":"10.10.1.5","ptr_record":"","public_dns":"ec2-3-34-161-110.ap-northeast-2.compute.amazonaws.com","public_ip":"3.34.161.110","public_ipv4_pool":"amazon","tags":{},"tags_all":{},"timeouts":null,"vpc":true},"sensitive_values":{"tags":{},"tags_all":{}}},{"address":"aws_eip.fp-NAT-eip-02","mode":"managed","type":"aws_eip","name":"fp-NAT-eip-02","provider_name":"registry.terraform.io/hashicorp/aws","schema_version":0,"values":{"address":null,"allocation_id":"eipalloc-0ea4524ba87422793","arn":"arn:aws:ec2:ap-northeast-2:339712848231:elastic-ip/eipalloc-0ea4524ba87422793","associate_with_private_ip":null,"association_id":"eipassoc-0a824772c581bddb9","carrier_ip":"","customer_owned_ip":"","customer_owned_ipv4_pool":"","domain":"vpc","id":"eipalloc-0ea4524ba87422793","instance":"","network_border_group":"ap-northeast-2","network_interface":"eni-0b77da32d2e9adc8d","private_dns":"ip-10-10-2-119.ap-northeast-2.compute.internal","private_ip":"10.10.2.119","ptr_record":"","public_dns":"ec2-3-39-32-243.ap-northeast-2.compute.amazonaws.com","public_ip":"3.39.32.243","public_ipv4_pool":"amazon","tags":{},"tags_all":{},"timeouts":null,"vpc":true},"sensitive_values":{"tags":{},"tags_all":{}}},{"address":"aws_instance.fp-Private-EC2","mode":"managed","type":"aws_instance","name":"fp-Private-EC2","provider_name":"registry.terraform.io/hashicorp/aws","schema_version":1,"values":{"ami":"ami-04ab52e5e226ec1b8","arn":"arn:aws:ec2:ap-northeast-2:339712848231:instance/i-0a6bc294b12ea2cf6","associate_public_ip_address":true,"availability_zone":"ap-northeast-2a","capacity_reservation_specification":[{"capacity_reservation_preference":"open","capacity_reservation_target":[]}],"cpu_core_count":1,"cpu_options":[{"amd_sev_snp":"","core_count":1,"threads_per_core":1}],"cpu_threads_per_core":1,"credit_specification":[{"cpu_credits":"standard"}],"disable_api_stop":false,"disable_api_termination":false,"ebs_block_device":[],"ebs_optimized":false,"enclave_options":[{"enabled":false}],"ephemeral_block_device":[],"get_password_data":false,"hibernation":false,"host_id":"","host_resource_group_arn":null,"iam_instance_profile":"","id":"i-0a6bc294b12ea2cf6","instance_initiated_shutdown_behavior":"stop","instance_lifecycle":"","instance_market_options":[],"instance_state":"running","instance_type":"t2.micro","ipv6_address_count":0,"ipv6_addresses":[],"key_name":"LB_keypair.pem","launch_template":[],"maintenance_options":[{"auto_recovery":"default"}],"metadata_options":[{"http_endpoint":"enabled","http_protocol_ipv6":"disabled","http_put_response_hop_limit":1,"http_tokens":"optional","instance_metadata_tags":"disabled"}],"monitoring":false,"network_interface":[],"outpost_arn":"","password_data":"","placement_group":"","placement_partition_number":0,"primary_network_interface_id":"eni-0662c00bd17a55e97","private_dns":"ip-10-10-3-162.ap-northeast-2.compute.internal","private_dns_name_options":[{"enable_resource_name_dns_a_record":false,"enable_resource_name_dns_aaaa_record":false,"hostname_type":"ip-name"}],"private_ip":"10.10.3.162","public_dns":"","public_ip":"13.124.129.129","root_block_device":[{"delete_on_termination":true,"device_name":"/dev/xvda","encrypted":false,"iops":100,"kms_key_id":"","tags":{},"tags_all":{},"throughput":0,"volume_id":"vol-092b1480de24ed3fb","volume_size":8,"volume_type":"gp2"}],"secondary_private_ips":[],"security_groups":[],"source_dest_check":true,"spot_instance_request_id":"","subnet_id":"subnet-0acefee10916d349b","tags":{"Name":"fp-Private-EC2"},"tags_all":{"Name":"fp-Private-EC2"},"tenancy":"default","timeouts":null,"user_data":null,"user_data_base64":null,"user_data_replace_on_change":false,"volume_tags":null,"vpc_security_group_ids":["sg-07f2cd8c2aafa4373"]},"sensitive_values":{"capacity_reservation_specification":[{"capacity_reservation_target":[]}],"cpu_options":[{}],"credit_specification":[{}],"ebs_block_device":[],"enclave_options":[{}],"ephemeral_block_device":[],"instance_market_options":[],"ipv6_addresses":[],"launch_template":[],"maintenance_options":[{}],"metadata_options":[{}],"network_interface":[],"private_dns_name_options":[{}],"root_block_device":[{"tags":{},"tags_all":{}}],"secondary_private_ips":[],"security_groups":[],"tags":{},"tags_all":{},"vpc_security_group_ids":[false]}},{"address":"aws_instance.fp-Public-EC2","mode":"managed","type":"aws_instance","name":"fp-Public-EC2","provider_name":"registry.terraform.io/hashicorp/aws","schema_version":1,"values":{"ami":"ami-04ab52e5e226ec1b8","arn":"arn:aws:ec2:ap-northeast-2:339712848231:instance/i-0319f1985903b397f","associate_public_ip_address":true,"availability_zone":"ap-northeast-2a","capacity_reservation_specification":[{"capacity_reservation_preference":"open","capacity_reservation_target":[]}],"cpu_core_count":1,"cpu_options":[{"amd_sev_snp":"","core_count":1,"threads_per_core":1}],"cpu_threads_per_core":1,"credit_specification":[{"cpu_credits":"standard"}],"disable_api_stop":false,"disable_api_termination":false,"ebs_block_device":[],"ebs_optimized":false,"enclave_options":[{"enabled":false}],"ephemeral_block_device":[],"get_password_data":false,"hibernation":false,"host_id":"","host_resource_group_arn":null,"iam_instance_profile":"","id":"i-0319f1985903b397f","instance_initiated_shutdown_behavior":"stop","instance_lifecycle":"","instance_market_options":[],"instance_state":"running","instance_type":"t2.micro","ipv6_address_count":0,"ipv6_addresses":[],"key_name":"LB_keypair.pem","launch_template":[],"maintenance_options":[{"auto_recovery":"default"}],"metadata_options":[{"http_endpoint":"enabled","http_protocol_ipv6":"disabled","http_put_response_hop_limit":1,"http_tokens":"optional","instance_metadata_tags":"disabled"}],"monitoring":false,"network_interface":[],"outpost_arn":"","password_data":"","placement_group":"","placement_partition_number":0,"primary_network_interface_id":"eni-00dbe50418eb858b2","private_dns":"ip-10-10-1-17.ap-northeast-2.compute.internal","private_dns_name_options":[{"enable_resource_name_dns_a_record":false,"enable_resource_name_dns_aaaa_record":false,"hostname_type":"ip-name"}],"private_ip":"10.10.1.17","public_dns":"","public_ip":"43.203.203.99","root_block_device":[{"delete_on_termination":true,"device_name":"/dev/xvda","encrypted":false,"iops":100,"kms_key_id":"","tags":{},"tags_all":{},"throughput":0,"volume_id":"vol-0df2fd51286d6ecb3","volume_size":8,"volume_type":"gp2"}],"secondary_private_ips":[],"security_groups":[],"source_dest_check":true,"spot_instance_request_id":"","subnet_id":"subnet-073cf2de5de06491e","tags":{"Name":"fp-Public-EC2"},"tags_all":{"Name":"fp-Public-EC2"},"tenancy":"default","timeouts":null,"user_data":null,"user_data_base64":null,"user_data_replace_on_change":false,"volume_tags":null,"vpc_security_group_ids":["sg-07f2cd8c2aafa4373"]},"sensitive_values":{"capacity_reservation_specification":[{"capacity_reservation_target":[]}],"cpu_options":[{}],"credit_specification":[{}],"ebs_block_device":[],"enclave_options":[{}],"ephemeral_block_device":[],"instance_market_options":[],"ipv6_addresses":[],"launch_template":[],"maintenance_options":[{}],"metadata_options":[{}],"network_interface":[],"private_dns_name_options":[{}],"root_block_device":[{"tags":{},"tags_all":{}}],"secondary_private_ips":[],"security_groups":[],"tags":{},"tags_all":{},"vpc_security_group_ids":[false]}},{"address":"aws_internet_gateway.fp-IGW","mode":"managed","type":"aws_internet_gateway","name":"fp-IGW","provider_name":"registry.terraform.io/hashicorp/aws","schema_version":0,"values":{"arn":"arn:aws:ec2:ap-northeast-2:339712848231:internet-gateway/igw-0d693e1dce952c6b9","id":"igw-0d693e1dce952c6b9","owner_id":"339712848231","tags":{"Name":"fp-IGW"},"tags_all":{"Name":"fp-IGW"},"timeouts":null,"vpc_id":"vpc-05753ec994a8575d0"},"sensitive_values":{"tags":{},"tags_all":{}}},{"address":"aws_key_pair.fp-keypair","mode":"managed","type":"aws_key_pair","name":"fp-keypair","provider_name":"registry.terraform.io/hashicorp/aws","schema_version":1,"values":{"arn":"arn:aws:ec2:ap-northeast-2:339712848231:key-pair/LB_keypair.pem","fingerprint":"f8:ce:14:94:f5:95:dc:c1:b7:a5:d2:8d:bf:cf:72:3c","id":"LB_keypair.pem","key_name":"LB_keypair.pem","key_name_prefix":"","key_pair_id":"key-0482a94f5169cf172","key_type":"rsa","public_key":"ssh-rsa AAAAB3NzaC1yc2EAAAADAQABAAACAQCd6pY2M7+yped4DF/Nos4NBppleLAk/5Vstrriw3+UMvBwEWoY3iumHhC22szq/Z4tKUzoSU/yubfguW+WiENGwPOIS1qlSIpN7Iw4iB0nQPgiKsquZFVKW4g4UvHSeb+EZ7d/DmyU458m3ejSmxLeMSJAWA9Qp2RRYEF7arfrgzz3OSYXBPP24O/fUWDUXZNSaHqrcPzT8AoVftIIgX6Afq5mD5r6t+b6LJI+i4pIp2+J1215Gx8T+fjtngPa/1O5CfoarjovZLjNSRq08hZZMiEVZMVoDbbtBLEcWkDWNawg3LXpVkifJM1q1L+o2Ite8DYiOidWsGvR7VdHTUu7EHHm/26WWhV6MjBIxXq1atK62pKogcoVLzCpdzZZeUogs5+pEFZVTFQU2n1T6ZYNmT65BFcCnW12YjO3LsyNlx3Yc6k/8rRENpSan+fxrJ23g3sSjMG15J7iewrPgrdURRTdpovFFY6hpEykpGoP8h81zPpTBg2MDf+eD5kecCkMYMTT9426xtUQ2csevMPvP2AESqFDY2EI5mI+NR/Gg3S+n6ZaJ50KuLkFY6F1NYTMQG/P59AVyoX/J9cnebD1hYG+bHNfTwMxh/F5NOT8hkTAGCE7g4nu0knYg1Cz9DBUI+5SCUM0DURYc6RpNRX3d9+DxmyF931kEonp7piGzQ==","tags":{},"tags_all":{}},"sensitive_values":{"tags":{},"tags_all":{}}},{"address":"aws_nat_gateway.fp-NAT-GW-01","mode":"managed","type":"aws_nat_gateway","name":"fp-NAT-GW-01","provider_name":"registry.terraform.io/hashicorp/aws","schema_version":0,"values":{"allocation_id":"eipalloc-05a5861200399c8ef","association_id":"eipassoc-0b7c34ed04a1cffc2","connectivity_type":"public","id":"nat-0d67acf6eacdf4272","network_interface_id":"eni-0b7e8574a9f916d92","private_ip":"10.10.1.5","public_ip":"3.34.161.110","secondary_allocation_ids":[],"secondary_private_ip_address_count":0,"secondary_private_ip_addresses":[],"subnet_id":"subnet-073cf2de5de06491e","tags":{"Name":"fp-NAT-GW-01"},"tags_all":{"Name":"fp-NAT-GW-01"},"timeouts":null},"sensitive_values":{"secondary_allocation_ids":[],"secondary_private_ip_addresses":[],"tags":{},"tags_all":{}}},{"address":"aws_nat_gateway.fp-NAT-GW-02","mode":"managed","type":"aws_nat_gateway","name":"fp-NAT-GW-02","provider_name":"registry.terraform.io/hashicorp/aws","schema_version":0,"values":{"allocation_id":"eipalloc-0ea4524ba87422793","association_id":"eipassoc-0a824772c581bddb9","connectivity_type":"public","id":"nat-0b4d2e50bf0ac6421","network_interface_id":"eni-0b77da32d2e9adc8d","private_ip":"10.10.2.119","public_ip":"3.39.32.243","secondary_allocation_ids":[],"secondary_private_ip_address_count":0,"secondary_private_ip_addresses":[],"subnet_id":"subnet-0c3ca3e4ac8a06a47","tags":{"Name":"fp-NAT-GW-02"},"tags_all":{"Name":"fp-NAT-GW-02"},"timeouts":null},"sensitive_values":{"secondary_allocation_ids":[],"secondary_private_ip_addresses":[],"tags":{},"tags_all":{}}},{"address":"aws_route_table.fp-Private-routingtable","mode":"managed","type":"aws_route_table","name":"fp-Private-routingtable","provider_name":"registry.terraform.io/hashicorp/aws","schema_version":0,"values":{"arn":"arn:aws:ec2:ap-northeast-2:339712848231:route-table/rtb-0849e13076d1b0ba0","id":"rtb-0849e13076d1b0ba0","owner_id":"339712848231","propagating_vgws":[],"route":[{"carrier_gateway_id":"","cidr_block":"0.0.0.0/0","core_network_arn":"","destination_prefix_list_id":"","egress_only_gateway_id":"","gateway_id":"nat-0d67acf6eacdf4272","ipv6_cidr_block":"","local_gateway_id":"","nat_gateway_id":"","network_interface_id":"","transit_gateway_id":"","vpc_endpoint_id":"","vpc_peering_connection_id":""},{"carrier_gateway_id":null,"cidr_block":"172.24.0.0/24","core_network_arn":null,"destination_prefix_list_id":null,"egress_only_gateway_id":null,"gateway_id":"vgw-077a187c51cd98b80","ipv6_cidr_block":null,"local_gateway_id":null,"nat_gateway_id":null,"network_interface_id":null,"transit_gateway_id":null,"vpc_endpoint_id":null,"vpc_peering_connection_id":null}],"tags":{"Name":"fp-Private01-routingtable"},"tags_all":{"Name":"fp-Private01-routingtable"},"timeouts":null,"vpc_id":"vpc-05753ec994a8575d0"},"sensitive_values":{"propagating_vgws":[],"route":[{},{}],"tags":{},"tags_all":{}}},{"address":"aws_route_table.fp-Public-routingtable","mode":"managed","type":"aws_route_table","name":"fp-Public-routingtable","provider_name":"registry.terraform.io/hashicorp/aws","schema_version":0,"values":{"arn":"arn:aws:ec2:ap-northeast-2:339712848231:route-table/rtb-0d5769080ccde0742","id":"rtb-0d5769080ccde0742","owner_id":"339712848231","propagating_vgws":[],"route":[{"carrier_gateway_id":"","cidr_block":"0.0.0.0/0","core_network_arn":"","destination_prefix_list_id":"","egress_only_gateway_id":"","gateway_id":"igw-0d693e1dce952c6b9","ipv6_cidr_block":"","local_gateway_id":"","nat_gateway_id":"","network_interface_id":"","transit_gateway_id":"","vpc_endpoint_id":"","vpc_peering_connection_id":""},{"carrier_gateway_id":"","cidr_block":"172.24.0.0/24","core_network_arn":"","destination_prefix_list_id":"","egress_only_gateway_id":"","gateway_id":"vgw-077a187c51cd98b80","ipv6_cidr_block":"","local_gateway_id":"","nat_gateway_id":"","network_interface_id":"","transit_gateway_id":"","vpc_endpoint_id":"","vpc_peering_connection_id":""}],"tags":{"Name":"fp-Public-routingtable"},"tags_all":{"Name":"fp-Public-routingtable"},"timeouts":null,"vpc_id":"vpc-05753ec994a8575d0"},"sensitive_values":{"propagating_vgws":[],"route":[{},{}],"tags":{},"tags_all":{}}},{"address":"aws_route_table_association.private01-connection","mode":"managed","type":"aws_route_table_association","name":"private01-connection","provider_name":"registry.terraform.io/hashicorp/aws","schema_version":0,"values":{"gateway_id":"","id":"rtbassoc-07f5d3216a786d9e5","route_table_id":"rtb-0849e13076d1b0ba0","subnet_id":"subnet-0acefee10916d349b","timeouts":null},"sensitive_values":{}},{"address":"aws_route_table_association.private02-connection","mode":"managed","type":"aws_route_table_association","name":"private02-connection","provider_name":"registry.terraform.io/hashicorp/aws","schema_version":0,"values":{"gateway_id":"","id":"rtbassoc-05e2c560852927d7f","route_table_id":"rtb-0849e13076d1b0ba0","subnet_id":"subnet-0a76f34827ba2c50f","timeouts":null},"sensitive_values":{}},{"address":"aws_route_table_association.public01-connection","mode":"managed","type":"aws_route_table_association","name":"public01-connection","provider_name":"registry.terraform.io/hashicorp/aws","schema_version":0,"values":{"gateway_id":"","id":"rtbassoc-024078ea5c8a1af22","route_table_id":"rtb-0d5769080ccde0742","subnet_id":"subnet-073cf2de5de06491e","timeouts":null},"sensitive_values":{}},{"address":"aws_route_table_association.public02-connection","mode":"managed","type":"aws_route_table_association","name":"public02-connection","provider_name":"registry.terraform.io/hashicorp/aws","schema_version":0,"values":{"gateway_id":"","id":"rtbassoc-02c2921f873b009e5","route_table_id":"rtb-0d5769080ccde0742","subnet_id":"subnet-0c3ca3e4ac8a06a47","timeouts":null},"sensitive_values":{}},{"address":"aws_security_group.fp-test","mode":"managed","type":"aws_security_group","name":"fp-test","provider_name":"registry.terraform.io/hashicorp/aws","schema_version":1,"values":{"arn":"arn:aws:ec2:ap-northeast-2:339712848231:security-group/sg-07f2cd8c2aafa4373","description":"Managed by Terraform","egress":[{"cidr_blocks":["0.0.0.0/0"],"description":"","from_port":0,"ipv6_cidr_blocks":[],"prefix_list_ids":[],"protocol":"-1","security_groups":[],"self":false,"to_port":0}],"id":"sg-07f2cd8c2aafa4373","ingress":[{"cidr_blocks":["0.0.0.0/0"],"description":"","from_port":0,"ipv6_cidr_blocks":[],"prefix_list_ids":[],"protocol":"-1","security_groups":[],"self":false,"to_port":0}],"name":"fp-test","name_prefix":"","owner_id":"339712848231","revoke_rules_on_delete":false,"tags":{"Name":"test_security_group"},"tags_all":{"Name":"test_security_group"},"timeouts":null,"vpc_id":"vpc-05753ec994a8575d0"},"sensitive_values":{"egress":[{"cidr_blocks":[false],"ipv6_cidr_blocks":[],"prefix_list_ids":[],"security_groups":[]}],"ingress":[{"cidr_blocks":[false],"ipv6_cidr_blocks":[],"prefix_list_ids":[],"security_groups":[]}],"tags":{},"tags_all":{}}},{"address":"aws_subnet.fp-Private-Subnet-01","mode":"managed","type":"aws_subnet","name":"fp-Private-Subnet-01","provider_name":"registry.terraform.io/hashicorp/aws","schema_version":1,"values":{"arn":"arn:aws:ec2:ap-northeast-2:339712848231:subnet/subnet-0acefee10916d349b","assign_ipv6_address_on_creation":false,"availability_zone":"ap-northeast-2a","availability_zone_id":"apne2-az1","cidr_block":"10.10.3.0/24","customer_owned_ipv4_pool":"","enable_dns64":false,"enable_lni_at_device_index":0,"enable_resource_name_dns_a_record_on_launch":false,"enable_resource_name_dns_aaaa_record_on_launch":false,"id":"subnet-0acefee10916d349b","ipv6_cidr_block":"","ipv6_cidr_block_association_id":"","ipv6_native":false,"map_customer_owned_ip_on_launch":false,"map_public_ip_on_launch":false,"outpost_arn":"","owner_id":"339712848231","private_dns_hostname_type_on_launch":"ip-name","tags":{"Name":"fp-Private-Subnet-01"},"tags_all":{"Name":"fp-Private-Subnet-01"},"timeouts":null,"vpc_id":"vpc-05753ec994a8575d0"},"sensitive_values":{"tags":{},"tags_all":{}}},{"address":"aws_subnet.fp-Private-Subnet-02","mode":"managed","type":"aws_subnet","name":"fp-Private-Subnet-02","provider_name":"registry.terraform.io/hashicorp/aws","schema_version":1,"values":{"arn":"arn:aws:ec2:ap-northeast-2:339712848231:subnet/subnet-0a76f34827ba2c50f","assign_ipv6_address_on_creation":false,"availability_zone":"ap-northeast-2c","availability_zone_id":"apne2-az3","cidr_block":"10.10.4.0/24","customer_owned_ipv4_pool":"","enable_dns64":false,"enable_lni_at_device_index":0,"enable_resource_name_dns_a_record_on_launch":false,"enable_resource_name_dns_aaaa_record_on_launch":false,"id":"subnet-0a76f34827ba2c50f","ipv6_cidr_block":"","ipv6_cidr_block_association_id":"","ipv6_native":false,"map_customer_owned_ip_on_launch":false,"map_public_ip_on_launch":false,"outpost_arn":"","owner_id":"339712848231","private_dns_hostname_type_on_launch":"ip-name","tags":{"Name":"fp-Private-Subnet-02"},"tags_all":{"Name":"fp-Private-Subnet-02"},"timeouts":null,"vpc_id":"vpc-05753ec994a8575d0"},"sensitive_values":{"tags":{},"tags_all":{}}},{"address":"aws_subnet.fp-Public-Subnet-01","mode":"managed","type":"aws_subnet","name":"fp-Public-Subnet-01","provider_name":"registry.terraform.io/hashicorp/aws","schema_version":1,"values":{"arn":"arn:aws:ec2:ap-northeast-2:339712848231:subnet/subnet-073cf2de5de06491e","assign_ipv6_address_on_creation":false,"availability_zone":"ap-northeast-2a","availability_zone_id":"apne2-az1","cidr_block":"10.10.1.0/24","customer_owned_ipv4_pool":"","enable_dns64":false,"enable_lni_at_device_index":0,"enable_resource_name_dns_a_record_on_launch":false,"enable_resource_name_dns_aaaa_record_on_launch":false,"id":"subnet-073cf2de5de06491e","ipv6_cidr_block":"","ipv6_cidr_block_association_id":"","ipv6_native":false,"map_customer_owned_ip_on_launch":false,"map_public_ip_on_launch":false,"outpost_arn":"","owner_id":"339712848231","private_dns_hostname_type_on_launch":"ip-name","tags":{"Name":"fp-Public-Subnet-01"},"tags_all":{"Name":"fp-Public-Subnet-01"},"timeouts":null,"vpc_id":"vpc-05753ec994a8575d0"},"sensitive_values":{"tags":{},"tags_all":{}}},{"address":"aws_subnet.fp-Public-Subnet-02","mode":"managed","type":"aws_subnet","name":"fp-Public-Subnet-02","provider_name":"registry.terraform.io/hashicorp/aws","schema_version":1,"values":{"arn":"arn:aws:ec2:ap-northeast-2:339712848231:subnet/subnet-0c3ca3e4ac8a06a47","assign_ipv6_address_on_creation":false,"availability_zone":"ap-northeast-2c","availability_zone_id":"apne2-az3","cidr_block":"10.10.2.0/24","customer_owned_ipv4_pool":"","enable_dns64":false,"enable_lni_at_device_index":0,"enable_resource_name_dns_a_record_on_launch":false,"enable_resource_name_dns_aaaa_record_on_launch":false,"id":"subnet-0c3ca3e4ac8a06a47","ipv6_cidr_block":"","ipv6_cidr_block_association_id":"","ipv6_native":false,"map_customer_owned_ip_on_launch":false,"map_public_ip_on_launch":false,"outpost_arn":"","owner_id":"339712848231","private_dns_hostname_type_on_launch":"ip-name","tags":{"Name":"fp-Public-Subnet-02"},"tags_all":{"Name":"fp-Public-Subnet-02"},"timeouts":null,"vpc_id":"vpc-05753ec994a8575d0"},"sensitive_values":{"tags":{},"tags_all":{}}},{"address":"aws_vpc.fp-VPC","mode":"managed","type":"aws_vpc","name":"fp-VPC","provider_name":"registry.terraform.io/hashicorp/aws","schema_version":1,"values":{"arn":"arn:aws:ec2:ap-northeast-2:339712848231:vpc/vpc-05753ec994a8575d0","assign_generated_ipv6_cidr_block":false,"cidr_block":"10.10.0.0/16","default_network_acl_id":"acl-06de009b495462df8","default_route_table_id":"rtb-0e653c782363a8f4b","default_security_group_id":"sg-04232ac0d035cc7df","dhcp_options_id":"dopt-0bd5db2af2007fb3b","enable_dns_hostnames":false,"enable_dns_support":true,"enable_network_address_usage_metrics":false,"id":"vpc-05753ec994a8575d0","instance_tenancy":"default","ipv4_ipam_pool_id":null,"ipv4_netmask_length":null,"ipv6_association_id":"","ipv6_cidr_block":"","ipv6_cidr_block_network_border_group":"","ipv6_ipam_pool_id":"","ipv6_netmask_length":0,"main_route_table_id":"rtb-0e653c782363a8f4b","owner_id":"339712848231","tags":{"Name":"fp-VPC"},"tags_all":{"Name":"fp-VPC"}},"sensitive_values":{"tags":{},"tags_all":{}}},{"address":"aws_vpn_connection.fp-VPN-connection","mode":"managed","type":"aws_vpn_connection","name":"fp-VPN-connection","provider_name":"registry.terraform.io/hashicorp/aws","schema_version":0,"values":{"arn":"arn:aws:ec2:ap-northeast-2:339712848231:vpn-connection/vpn-03ec4120078f7280b","core_network_arn":"","core_network_attachment_arn":"","customer_gateway_configuration":"\u003c?xml version=\"1.0\" encoding=\"UTF-8\"?\u003e\n\u003cvpn_connection id=\"vpn-03ec4120078f7280b\"\u003e\n  \u003ccustomer_gateway_id\u003ecgw-0dcc45d9bead7f198\u003c/customer_gateway_id\u003e\n  \u003cvpn_gateway_id\u003evgw-077a187c51cd98b80\u003c/vpn_gateway_id\u003e\n  \u003cvpn_connection_type\u003eipsec.1\u003c/vpn_connection_type\u003e\n  \u003cvpn_connection_attributes\u003eNoBGPVPNConnection\u003c/vpn_connection_attributes\u003e\n  \u003cipsec_tunnel\u003e\n    \u003ccustomer_gateway\u003e\n      \u003ctunnel_outside_address\u003e\n        \u003cip_address\u003e175.196.82.2\u003c/ip_address\u003e\n      \u003c/tunnel_outside_address\u003e\n      \u003ctunnel_inside_address\u003e\n        \u003cip_address\u003e169.254.73.226\u003c/ip_address\u003e\n        \u003cnetwork_mask\u003e255.255.255.252\u003c/network_mask\u003e\n        \u003cnetwork_cidr\u003e30\u003c/network_cidr\u003e\n      \u003c/tunnel_inside_address\u003e\n    \u003c/customer_gateway\u003e\n    \u003cvpn_gateway\u003e\n      \u003ctunnel_outside_address\u003e\n        \u003cip_address\u003e3.37.102.6\u003c/ip_address\u003e\n      \u003c/tunnel_outside_address\u003e\n      \u003ctunnel_inside_address\u003e\n        \u003cip_address\u003e169.254.73.225\u003c/ip_address\u003e\n        \u003cnetwork_mask\u003e255.255.255.252\u003c/network_mask\u003e\n        \u003cnetwork_cidr\u003e30\u003c/network_cidr\u003e\n      \u003c/tunnel_inside_address\u003e\n    \u003c/vpn_gateway\u003e\n    \u003cike\u003e\n      \u003cauthentication_protocol\u003esha1\u003c/authentication_protocol\u003e\n      \u003cencryption_protocol\u003eaes-128-cbc\u003c/encryption_protocol\u003e\n      \u003clifetime\u003e28800\u003c/lifetime\u003e\n      \u003cperfect_forward_secrecy\u003egroup2\u003c/perfect_forward_secrecy\u003e\n      \u003cmode\u003emain\u003c/mode\u003e\n      \u003cpre_shared_key\u003etestkeys\u003c/pre_shared_key\u003e\n    \u003c/ike\u003e\n    \u003cipsec\u003e\n      \u003cprotocol\u003eesp\u003c/protocol\u003e\n      \u003cauthentication_protocol\u003ehmac-sha1-96\u003c/authentication_protocol\u003e\n      \u003cencryption_protocol\u003eaes-128-cbc\u003c/encryption_protocol\u003e\n      \u003clifetime\u003e3600\u003c/lifetime\u003e\n      \u003cperfect_forward_secrecy\u003egroup2\u003c/perfect_forward_secrecy\u003e\n      \u003cmode\u003etunnel\u003c/mode\u003e\n      \u003cclear_df_bit\u003etrue\u003c/clear_df_bit\u003e\n      \u003cfragmentation_before_encryption\u003etrue\u003c/fragmentation_before_encryption\u003e\n      \u003ctcp_mss_adjustment\u003e1379\u003c/tcp_mss_adjustment\u003e\n      \u003cdead_peer_detection\u003e\n        \u003cinterval\u003e10\u003c/interval\u003e\n        \u003cretries\u003e3\u003c/retries\u003e\n      \u003c/dead_peer_detection\u003e\n    \u003c/ipsec\u003e\n  \u003c/ipsec_tunnel\u003e\n  \u003cipsec_tunnel\u003e\n    \u003ccustomer_gateway\u003e\n      \u003ctunnel_outside_address\u003e\n        \u003cip_address\u003e175.196.82.2\u003c/ip_address\u003e\n      \u003c/tunnel_outside_address\u003e\n      \u003ctunnel_inside_address\u003e\n        \u003cip_address\u003e169.254.121.182\u003c/ip_address\u003e\n        \u003cnetwork_mask\u003e255.255.255.252\u003c/network_mask\u003e\n        \u003cnetwork_cidr\u003e30\u003c/network_cidr\u003e\n      \u003c/tunnel_inside_address\u003e\n    \u003c/customer_gateway\u003e\n    \u003cvpn_gateway\u003e\n      \u003ctunnel_outside_address\u003e\n        \u003cip_address\u003e43.203.39.87\u003c/ip_address\u003e\n      \u003c/tunnel_outside_address\u003e\n      \u003ctunnel_inside_address\u003e\n        \u003cip_address\u003e169.254.121.181\u003c/ip_address\u003e\n        \u003cnetwork_mask\u003e255.255.255.252\u003c/network_mask\u003e\n        \u003cnetwork_cidr\u003e30\u003c/network_cidr\u003e\n      \u003c/tunnel_inside_address\u003e\n    \u003c/vpn_gateway\u003e\n    \u003cike\u003e\n      \u003cauthentication_protocol\u003esha1\u003c/authentication_protocol\u003e\n      \u003cencryption_protocol\u003eaes-128-cbc\u003c/encryption_protocol\u003e\n      \u003clifetime\u003e28800\u003c/lifetime\u003e\n      \u003cperfect_forward_secrecy\u003egroup2\u003c/perfect_forward_secrecy\u003e\n      \u003cmode\u003emain\u003c/mode\u003e\n      \u003cpre_shared_key\u003etestkeys\u003c/pre_shared_key\u003e\n    \u003c/ike\u003e\n    \u003cipsec\u003e\n      \u003cprotocol\u003eesp\u003c/protocol\u003e\n      \u003cauthentication_protocol\u003ehmac-sha1-96\u003c/authentication_protocol\u003e\n      \u003cencryption_protocol\u003eaes-128-cbc\u003c/encryption_protocol\u003e\n      \u003clifetime\u003e3600\u003c/lifetime\u003e\n      \u003cperfect_forward_secrecy\u003egroup2\u003c/perfect_forward_secrecy\u003e\n      \u003cmode\u003etunnel\u003c/mode\u003e\n      \u003cclear_df_bit\u003etrue\u003c/clear_df_bit\u003e\n      \u003cfragmentation_before_encryption\u003etrue\u003c/fragmentation_before_encryption\u003e\n      \u003ctcp_mss_adjustment\u003e1379\u003c/tcp_mss_adjustment\u003e\n      \u003cdead_peer_detection\u003e\n        \u003cinterval\u003e10\u003c/interval\u003e\n        \u003cretries\u003e3\u003c/retries\u003e\n      \u003c/dead_peer_detection\u003e\n    \u003c/ipsec\u003e\n  \u003c/ipsec_tunnel\u003e\n\u003c/vpn_connection\u003e\n","customer_gateway_id":"cgw-0dcc45d9bead7f198","enable_acceleration":false,"id":"vpn-03ec4120078f7280b","local_ipv4_network_cidr":"172.24.0.0/24","local_ipv6_network_cidr":"","outside_ip_address_type":"PublicIpv4","remote_ipv4_network_cidr":"10.10.0.0/16","remote_ipv6_network_cidr":"","routes":[{"destination_cidr_block":"172.24.0.0/24","source":"","state":"available"}],"static_routes_only":true,"tags":{"Name":"fp-SiteToSite-VPN-Connection"},"tags_all":{"Name":"fp-SiteToSite-VPN-Connection"},"transit_gateway_attachment_id":"","transit_gateway_id":"","transport_transit_gateway_attachment_id":"","tunnel1_address":"3.37.102.6","tunnel1_bgp_asn":"","tunnel1_bgp_holdtime":0,"tunnel1_cgw_inside_address":"169.254.73.226","tunnel1_dpd_timeout_action":"","tunnel1_dpd_timeout_seconds":0,"tunnel1_enable_tunnel_lifecycle_control":false,"tunnel1_ike_versions":[],"tunnel1_inside_cidr":"169.254.73.224/30","tunnel1_inside_ipv6_cidr":"","tunnel1_log_options":[{"cloudwatch_log_options":[{"log_enabled":false,"log_group_arn":"","log_output_format":""}]}],"tunnel1_phase1_dh_group_numbers":[],"tunnel1_phase1_encryption_algorithms":[],"tunnel1_phase1_integrity_algorithms":[],"tunnel1_phase1_lifetime_seconds":0,"tunnel1_phase2_dh_group_numbers":[],"tunnel1_phase2_encryption_algorithms":[],"tunnel1_phase2_integrity_algorithms":[],"tunnel1_phase2_lifetime_seconds":0,"tunnel1_preshared_key":"testkeys","tunnel1_rekey_fuzz_percentage":0,"tunnel1_rekey_margin_time_seconds":0,"tunnel1_replay_window_size":0,"tunnel1_startup_action":"","tunnel1_vgw_inside_address":"169.254.73.225","tunnel2_address":"43.203.39.87","tunnel2_bgp_asn":"","tunnel2_bgp_holdtime":0,"tunnel2_cgw_inside_address":"169.254.121.182","tunnel2_dpd_timeout_action":"","tunnel2_dpd_timeout_seconds":0,"tunnel2_enable_tunnel_lifecycle_control":false,"tunnel2_ike_versions":[],"tunnel2_inside_cidr":"169.254.121.180/30","tunnel2_inside_ipv6_cidr":"","tunnel2_log_options":[{"cloudwatch_log_options":[{"log_enabled":false,"log_group_arn":"","log_output_format":""}]}],"tunnel2_phase1_dh_group_numbers":[],"tunnel2_phase1_encryption_algorithms":[],"tunnel2_phase1_integrity_algorithms":[],"tunnel2_phase1_lifetime_seconds":0,"tunnel2_phase2_dh_group_numbers":[],"tunnel2_phase2_encryption_algorithms":[],"tunnel2_phase2_integrity_algorithms":[],"tunnel2_phase2_lifetime_seconds":0,"tunnel2_preshared_key":"testkeys","tunnel2_rekey_fuzz_percentage":0,"tunnel2_rekey_margin_time_seconds":0,"tunnel2_replay_window_size":0,"tunnel2_startup_action":"","tunnel2_vgw_inside_address":"169.254.121.181","tunnel_inside_ip_version":"ipv4","type":"ipsec.1","vgw_telemetry":[{"accepted_route_count":1,"certificate_arn":"","last_status_change":"2024-08-22T02:49:51Z","outside_ip_address":"43.203.39.87","status":"DOWN","status_message":""},{"accepted_route_count":1,"certificate_arn":"","last_status_change":"2024-08-22T02:50:21Z","outside_ip_address":"3.37.102.6","status":"DOWN","status_message":""}],"vpn_gateway_id":"vgw-077a187c51cd98b80"},"sensitive_values":{"routes":[{}],"tags":{},"tags_all":{},"tunnel1_ike_versions":[],"tunnel1_log_options":[{"cloudwatch_log_options":[{}]}],"tunnel1_phase1_dh_group_numbers":[],"tunnel1_phase1_encryption_algorithms":[],"tunnel1_phase1_integrity_algorithms":[],"tunnel1_phase2_dh_group_numbers":[],"tunnel1_phase2_encryption_algorithms":[],"tunnel1_phase2_integrity_algorithms":[],"tunnel2_ike_versions":[],"tunnel2_log_options":[{"cloudwatch_log_options":[{}]}],"tunnel2_phase1_dh_group_numbers":[],"tunnel2_phase1_encryption_algorithms":[],"tunnel2_phase1_integrity_algorithms":[],"tunnel2_phase2_dh_group_numbers":[],"tunnel2_phase2_encryption_algorithms":[],"tunnel2_phase2_integrity_algorithms":[],"vgw_telemetry":[{},{}]}},{"address":"aws_vpn_connection_route.fp-VPN-connection-route","mode":"managed","type":"aws_vpn_connection_route","name":"fp-VPN-connection-route","provider_name":"registry.terraform.io/hashicorp/aws","schema_version":0,"values":{"destination_cidr_block":"172.24.0.0/24","id":"172.24.0.0/24:vpn-03ec4120078f7280b","vpn_connection_id":"vpn-03ec4120078f7280b"},"sensitive_values":{}},{"address":"aws_vpn_gateway.fp-VPG","mode":"managed","type":"aws_vpn_gateway","name":"fp-VPG","provider_name":"registry.terraform.io/hashicorp/aws","schema_version":0,"values":{"amazon_side_asn":"64512","arn":"arn:aws:ec2:ap-northeast-2:339712848231:vpn-gateway/vgw-077a187c51cd98b80","availability_zone":null,"id":"vgw-077a187c51cd98b80","tags":{"Name":"fp-VPG"},"tags_all":{"Name":"fp-VPG"},"vpc_id":"vpc-05753ec994a8575d0"},"sensitive_values":{"tags":{},"tags_all":{}}},{"address":"aws_vpn_gateway_attachment.fp-VPG-connection","mode":"managed","type":"aws_vpn_gateway_attachment","name":"fp-VPG-connection","provider_name":"registry.terraform.io/hashicorp/aws","schema_version":0,"values":{"id":"vpn-attachment-c861574e","vpc_id":"vpc-05753ec994a8575d0","vpn_gateway_id":"vgw-077a187c51cd98b80"},"sensitive_values":{}},{"address":"local_file.LB_keypair","mode":"managed","type":"local_file","name":"LB_keypair","provider_name":"registry.terraform.io/hashicorp/local","schema_version":0,"values":{"content":"-----BEGIN RSA PRIVATE KEY-----\nMIIJKQIBAAKCAgEAneqWNjO/sqXneAxfzaLODQaaZXiwJP+VbLa64sN/lDLwcBFq\nGN4rph4QttrM6v2eLSlM6ElP8rm34LlvlohDRsDziEtapUiKTeyMOIgdJ0D4IirK\nrmRVSluIOFLx0nm/hGe3fw5slOOfJt3o0psS3jEiQFgPUKdkUWBBe2q364M89zkm\nFwTz9uDv31Fg1F2TUmh6q3D80/AKFX7SCIF+gH6uZg+a+rfm+iySPouKSKdviddt\neRsfE/n47Z4D2v9TuQn6Gq46L2S4zUkatPIWWTIhFWTFaA227QSxHFpA1jWsINy1\n6VZInyTNatS/qNiLXvA2IjonVrBr0e1XR01LuxBx5v9ulloVejIwSMV6tWrSutqS\nqIHKFS8wqXc2WXlKILOfqRBWVUxUFNp9U+mWDZk+uQRXAp1tdmIzty7MjZcd2HOp\nP/K0RDaUmp/n8aydt4N7EozBteSe4nsKz4K3VEUU3aaLxRWOoaRMpKRqD/IfNcz6\nUwYNjA3/ng+ZHnApDGDE0/eNusbVENnLHrzD7z9gBEqhQ2NhCOZiPjUfxoN0vp+m\nWiedCri5BWOhdTWEzEBvz+fQFcqF/yfXJ3mw9YWBvmxzX08DMYfxeTTk/IZEwBgh\nO4OJ7tJJ2INQs/QwVCPuUglDNA1EWHOkaTUV93ffg8Zshfd9ZBKJ6e6Yhs0CAwEA\nAQKCAgBgjJ3cc9U/n6mev0oPyvtaAXCCm8BuTomIV0x5+ndVH7PbgPoyTBu5y+YC\nNlJVVkzQZdDssG4eBCiFUDsGeTdQ2gXLje7U4T4WGIs+wRG5/0H2ed1DtHplJQNr\nFGNfgSp0BImvOB1xBp42wDRqF3/4s2eymWR7tmxiSIygrYXXi3zJ1noQVunmRm7C\nRdoC3VeGafSeP02FMtynectmge3bGBj+s4nYwnmI+ZlMfjpE44IRb9Ix2kAtEYd9\nmD/ZNIR2vL/aci2G7nkCojCe8uhxDnIlx1/el4wA6/5xTEkZ7uTXjrn1+Ngb3P9u\n0rZ/wC2uFQWz9YQ5v1GcnxTetkaXGbTgXnYlomQWOY0Dd83h2jC4zDZebGp30YPi\n/M2iF4rexz6BK6c4ix7fiO0M0cinEaYnmCU7CYy+QOcyKOO3eWME2LWWLIYCqldg\nij5IWDryqjs7bJHpkL6QlTsvp4anMXwj08Xm57SK/nI/dytJ+lm/9eJNNlOs28pG\nZH0KwecbVFhPDbtBUT7F+uSscHc+1g4mA0J4jPEIRZuMEGKnPHRYmOtxWBt9oyJq\nXmrHAkZB1cyxifGj8c/frqL3PRpMjNRkl1Ox1uyE3k2KXoBPIiwYp0se+Ix+a2mH\n32Egl3RkGPhV/JAKCoLObm5qYO1y/9q3FZW5oxK7krSh5tBszQKCAQEAzQ/mNlAf\n7Xo7pZJKqaWs3CKYVVMO+Dkum+M9HF4+W47pvfcWaT2kfhHTnLL7OIe27TiYbgsV\n6BU1DJFEqNGP5BeX6amKMMuwGt70DyDOmdx4cZZRPX6qIjE+btHyvV64uQHr7JhW\ndPXzUl+mHFOZb/0UvcCwqx7YTpZqTaOBQ6yQHtlfr0sM8QfdFSKNfewnLfh4DvBi\n5NAf4pX/He25lBbIRYJIwx2wPo0+mUdZ5BrlwsHjMrmjhDo6tDXDiydsLy/qSFti\nTaQbKPn1XikLRBXhmjau0EFGKEJ0iQsQOAwwrhENgT53GYOL6v580MNYjTRF1nqK\noIjVsR9wXhtNjwKCAQEAxSSkkJ/VGV2/GQ1BrgJ/5YrjHd+qSMUKJjtOqtFDlTL2\nFc5Xg+wwrc54NqMtYBrJBR3n0A3XffKDEQvGkeCj+mysHlD1mhDPCbYn+GiDMTJM\nzhgpvR5FJcHEz82Sr6Wt/cOFVoB1R+BNpgDQPaN3fPdkKk5sXuaUn78OXU3/XcjV\nCtEuIYqRSTfIH1bmvEriKJ2hS4avcY3rNwaco3K8Ju9F3h4makl1J1MkZx+yKVcd\nteSELFfdJYPpG77yUpDpXNseZuHcHGaiVD5YZl3paOe8PpPKvu2PABAsbrLKAfDd\nCe0X7jXGqpF+zc9P+ylHNPLyIvMeHBqjAfuANMKv4wKCAQEAs44NbVdhbYaPPd5H\n5B4+qw7bxjKRNAaV6kfilblr7q3Hu9/kTsh8BSvE2DvcP9aN9U+OISUxzGLtbZCx\nxwSgcv+5tA8RAsMH869vkuOOJClpiUQu5KLJhGEMIutRGkIbi1vEYgnOAmHt6h34\njGsjOm0nQTO9Pkkm7EFG2a6mnEQ4edqqrwoPTeotyrjTngQvFlCvh50zatlWYggn\nN+SVj7cXK831umt/jHYO7xYL/vESaCNvtlXYeQqnpm5BR9KAJx1UjoD+Ja/hXFLq\nZ8WWqMpkHa1uCsptDQmLkwgN7pW19mTWJ2ozzTJjTKQDVKUIH7Q6xp/MTN8kBhDa\nSnyrvwKCAQAVj+xv5Qtputcr5kdIwP08HfS5T71QODzj8ZipFjpOF0TTHb50r2Cj\nofGECFTuLf/Oj3bLSrhHDj9HngIZ8nf86+XnavNx5mS+qy2z/bpbpyS/ZeUqyiTF\n/GuKTvG8RGLDXp821tX9Bot3nJ8qHrby9BwAhJNVzeJzlnH7wowrtcuXY0moYX+C\ngpdg1iBmd8pEpvj9Sb3mrZ8MZay8M9BgccsygBmzhlVJ984DeXQDEYQuYNAUCYgm\nkkbswfW/Ehp0DYNFvW5VrOQUUr1YdO0SjEYKkh+awmDhoOM7OFLf43hJnaUAaOFR\nxpgX6pTU467mG6xgJjck28T4comTO7gBAoIBAQCbzHzcXTWDfOHXREits+KiF91e\nZyWkckA9SocftbCddlx05qCowMBYsaEhteoruHc4dFLxOokM+QAqUhpJBRRIoINa\njgWt8sVuTwBOFsrSXp91661oomptK1tTTaUaA217shCD08GNZprlUUtis5HkD9KE\nh7fHyLNCXpwYzS2m5fM7ONQhwJipiEDx3cw+nvR9UUgeaSLQrm4Xs6ZOOF4F5Vcs\nhA14cjeYzgnWLGa646BRXE3+w3MbPI3zYnEXmYL2d+ob1XS8F6ohhu48kTMrFFag\nJ0MEZU9FWxJX3dQheCGMWmmzqm17HRcLoavrFOMGOZ3513m5IkjZokwFLMWW\n-----END RSA PRIVATE KEY-----\n","content_base64":null,"content_base64sha256":"4x496hqxM4v9MdUxnGmUDL/bo0gIsqcNeP6GNv9TJ5E=","content_base64sha512":"ZV4/51SNsqM8/3ZoQf0kgUOS3zPAsE6AOPkxlICOWXLSf/c5LNIpLqxiO786a1yKKZTLsDGj+5IVxLuErIttSQ==","content_md5":"afb9f7f4971d0242a1d2e6c53dea9e08","content_sha1":"520e34e04c74601d9283ace8193403130051a42e","content_sha256":"e31e3dea1ab1338bfd31d5319c69940cbfdba34808b2a70d78fe8636ff532791","content_sha512":"655e3fe7548db2a33cff766841fd24814392df33c0b04e8038f93194808e5972d27ff7392cd2292eac623bbf3a6b5c8a2994cbb031a3fb9215c4bb84ac8b6d49","directory_permission":"0777","file_permission":"0400","filename":"./LB_keypair.pem","id":"520e34e04c74601d9283ace8193403130051a42e","sensitive_content":null,"source":null},"sensitive_values":{"content":true}},{"address":"tls_private_key.fp-keypair","mode":"managed","type":"tls_private_key","name":"fp-keypair","provider_name":"registry.terraform.io/hashicorp/tls","schema_version":1,"values":{"algorithm":"RSA","ecdsa_curve":"P224","id":"5ff145ae70551a4d7bb8026b8298668db5406c4f","private_key_openssh":"-----BEGIN OPENSSH PRIVATE KEY-----\nb3BlbnNzaC1rZXktdjEAAAAABG5vbmUAAAAEbm9uZQAAAAAAAAABAAACFwAAAAdz\nc2gtcnNhAAAAAwEAAQAAAgEAneqWNjO/sqXneAxfzaLODQaaZXiwJP+VbLa64sN/\nlDLwcBFqGN4rph4QttrM6v2eLSlM6ElP8rm34LlvlohDRsDziEtapUiKTeyMOIgd\nJ0D4IirKrmRVSluIOFLx0nm/hGe3fw5slOOfJt3o0psS3jEiQFgPUKdkUWBBe2q3\n64M89zkmFwTz9uDv31Fg1F2TUmh6q3D80/AKFX7SCIF+gH6uZg+a+rfm+iySPouK\nSKdviddteRsfE/n47Z4D2v9TuQn6Gq46L2S4zUkatPIWWTIhFWTFaA227QSxHFpA\n1jWsINy16VZInyTNatS/qNiLXvA2IjonVrBr0e1XR01LuxBx5v9ulloVejIwSMV6\ntWrSutqSqIHKFS8wqXc2WXlKILOfqRBWVUxUFNp9U+mWDZk+uQRXAp1tdmIzty7M\njZcd2HOpP/K0RDaUmp/n8aydt4N7EozBteSe4nsKz4K3VEUU3aaLxRWOoaRMpKRq\nD/IfNcz6UwYNjA3/ng+ZHnApDGDE0/eNusbVENnLHrzD7z9gBEqhQ2NhCOZiPjUf\nxoN0vp+mWiedCri5BWOhdTWEzEBvz+fQFcqF/yfXJ3mw9YWBvmxzX08DMYfxeTTk\n/IZEwBghO4OJ7tJJ2INQs/QwVCPuUglDNA1EWHOkaTUV93ffg8Zshfd9ZBKJ6e6Y\nhs0AAAc451Ma3edTGt0AAAAHc3NoLXJzYQAAAgEAneqWNjO/sqXneAxfzaLODQaa\nZXiwJP+VbLa64sN/lDLwcBFqGN4rph4QttrM6v2eLSlM6ElP8rm34LlvlohDRsDz\niEtapUiKTeyMOIgdJ0D4IirKrmRVSluIOFLx0nm/hGe3fw5slOOfJt3o0psS3jEi\nQFgPUKdkUWBBe2q364M89zkmFwTz9uDv31Fg1F2TUmh6q3D80/AKFX7SCIF+gH6u\nZg+a+rfm+iySPouKSKdviddteRsfE/n47Z4D2v9TuQn6Gq46L2S4zUkatPIWWTIh\nFWTFaA227QSxHFpA1jWsINy16VZInyTNatS/qNiLXvA2IjonVrBr0e1XR01LuxBx\n5v9ulloVejIwSMV6tWrSutqSqIHKFS8wqXc2WXlKILOfqRBWVUxUFNp9U+mWDZk+\nuQRXAp1tdmIzty7MjZcd2HOpP/K0RDaUmp/n8aydt4N7EozBteSe4nsKz4K3VEUU\n3aaLxRWOoaRMpKRqD/IfNcz6UwYNjA3/ng+ZHnApDGDE0/eNusbVENnLHrzD7z9g\nBEqhQ2NhCOZiPjUfxoN0vp+mWiedCri5BWOhdTWEzEBvz+fQFcqF/yfXJ3mw9YWB\nvmxzX08DMYfxeTTk/IZEwBghO4OJ7tJJ2INQs/QwVCPuUglDNA1EWHOkaTUV93ff\ng8Zshfd9ZBKJ6e6Yhs0AAAADAQABAAACAGCMndxz1T+fqZ6/Sg/K+1oBcIKbwG5O\niYhXTHn6d1Ufs9uA+jJMG7nL5gI2UlVWTNBl0Oywbh4EKIVQOwZ5N1DaBcuN7tTh\nPhYYiz7BEbn/QfZ53UO0emUlA2sUY1+BKnQEia84HXEGnjbANGoXf/izZ7KZZHu2\nbGJIjKCthdeLfMnWehBW6eZGbsJF2gLdV4Zp9J4/TYUy3Kd5y2aB7dsYGP6zidjC\neYj5mUx+OkTjghFv0jHaQC0Rh32YP9k0hHa8v9pyLYbueQKiMJ7y6HEOciXHX96X\njADr/nFMSRnu5NeOufX42Bvc/27Stn/ALa4VBbP1hDm/UZyfFN62RpcZtOBediWi\nZBY5jQN3zeHaMLjMNl5sanfRg+L8zaIXit7HPoErpziLHt+I7QzRyKcRpieYJTsJ\njL5A5zIo47d5YwTYtZYshgKqV2CKPkhYOvKqOztskemQvpCVOy+nhqcxfCPTxebn\ntIr+cj93K0n6Wb/14k02U6zbykZkfQrB5xtUWE8Nu0FRPsX65Kxwdz7WDiYDQniM\n8QhFm4wQYqc8dFiY63FYG32jImpeascCRkHVzLGJ8aPxz9+uovc9GkyM1GSXU7HW\n7ITeTYpegE8iLBinSx74jH5raYffYSCXdGQY+FX8kAoKgs5ubmpg7XL/2rcVlbmj\nEruStKHm0GzNAAABAQCbzHzcXTWDfOHXREits+KiF91eZyWkckA9SocftbCddlx0\n5qCowMBYsaEhteoruHc4dFLxOokM+QAqUhpJBRRIoINajgWt8sVuTwBOFsrSXp91\n661oomptK1tTTaUaA217shCD08GNZprlUUtis5HkD9KEh7fHyLNCXpwYzS2m5fM7\nONQhwJipiEDx3cw+nvR9UUgeaSLQrm4Xs6ZOOF4F5VcshA14cjeYzgnWLGa646BR\nXE3+w3MbPI3zYnEXmYL2d+ob1XS8F6ohhu48kTMrFFagJ0MEZU9FWxJX3dQheCGM\nWmmzqm17HRcLoavrFOMGOZ3513m5IkjZokwFLMWWAAABAQDND+Y2UB/tejulkkqp\npazcIphVUw74OS6b4z0cXj5bjum99xZpPaR+EdOcsvs4h7btOJhuCxXoFTUMkUSo\n0Y/kF5fpqYowy7Aa3vQPIM6Z3HhxllE9fqoiMT5u0fK9Xri5AevsmFZ09fNSX6Yc\nU5lv/RS9wLCrHthOlmpNo4FDrJAe2V+vSwzxB90VIo197Cct+HgO8GLk0B/ilf8d\n7bmUFshFgkjDHbA+jT6ZR1nkGuXCweMyuaOEOjq0NcOLJ2wvL+pIW2JNpBso+fVe\nKQtEFeGaNq7QQUYoQnSJCxA4DDCuEQ2BPncZg4vq/nzQw1iNNEXWeoqgiNWxH3Be\nG02PAAABAQDFJKSQn9UZXb8ZDUGuAn/liuMd36pIxQomO06q0UOVMvYVzleD7DCt\nzng2oy1gGskFHefQDdd98oMRC8aR4KP6bKweUPWaEM8Jtif4aIMxMkzOGCm9HkUl\nwcTPzZKvpa39w4VWgHVH4E2mANA9o3d892QqTmxe5pSfvw5dTf9dyNUK0S4hipFJ\nN8gfVua8SuIonaFLhq9xjes3Bpyjcrwm70XeHiZqSXUnUyRnH7IpVx215IQsV90l\ng+kbvvJSkOlc2x5m4dwcZqJUPlhmXelo57w+k8q+7Y8AECxussoB8N0J7RfuNcaq\nkX7Nz0/7KUc08vIi8x4cGqMB+4A0wq/jAAAAAAEC\n-----END OPENSSH PRIVATE KEY-----\n","private_key_pem":"-----BEGIN RSA PRIVATE KEY-----\nMIIJKQIBAAKCAgEAneqWNjO/sqXneAxfzaLODQaaZXiwJP+VbLa64sN/lDLwcBFq\nGN4rph4QttrM6v2eLSlM6ElP8rm34LlvlohDRsDziEtapUiKTeyMOIgdJ0D4IirK\nrmRVSluIOFLx0nm/hGe3fw5slOOfJt3o0psS3jEiQFgPUKdkUWBBe2q364M89zkm\nFwTz9uDv31Fg1F2TUmh6q3D80/AKFX7SCIF+gH6uZg+a+rfm+iySPouKSKdviddt\neRsfE/n47Z4D2v9TuQn6Gq46L2S4zUkatPIWWTIhFWTFaA227QSxHFpA1jWsINy1\n6VZInyTNatS/qNiLXvA2IjonVrBr0e1XR01LuxBx5v9ulloVejIwSMV6tWrSutqS\nqIHKFS8wqXc2WXlKILOfqRBWVUxUFNp9U+mWDZk+uQRXAp1tdmIzty7MjZcd2HOp\nP/K0RDaUmp/n8aydt4N7EozBteSe4nsKz4K3VEUU3aaLxRWOoaRMpKRqD/IfNcz6\nUwYNjA3/ng+ZHnApDGDE0/eNusbVENnLHrzD7z9gBEqhQ2NhCOZiPjUfxoN0vp+m\nWiedCri5BWOhdTWEzEBvz+fQFcqF/yfXJ3mw9YWBvmxzX08DMYfxeTTk/IZEwBgh\nO4OJ7tJJ2INQs/QwVCPuUglDNA1EWHOkaTUV93ffg8Zshfd9ZBKJ6e6Yhs0CAwEA\nAQKCAgBgjJ3cc9U/n6mev0oPyvtaAXCCm8BuTomIV0x5+ndVH7PbgPoyTBu5y+YC\nNlJVVkzQZdDssG4eBCiFUDsGeTdQ2gXLje7U4T4WGIs+wRG5/0H2ed1DtHplJQNr\nFGNfgSp0BImvOB1xBp42wDRqF3/4s2eymWR7tmxiSIygrYXXi3zJ1noQVunmRm7C\nRdoC3VeGafSeP02FMtynectmge3bGBj+s4nYwnmI+ZlMfjpE44IRb9Ix2kAtEYd9\nmD/ZNIR2vL/aci2G7nkCojCe8uhxDnIlx1/el4wA6/5xTEkZ7uTXjrn1+Ngb3P9u\n0rZ/wC2uFQWz9YQ5v1GcnxTetkaXGbTgXnYlomQWOY0Dd83h2jC4zDZebGp30YPi\n/M2iF4rexz6BK6c4ix7fiO0M0cinEaYnmCU7CYy+QOcyKOO3eWME2LWWLIYCqldg\nij5IWDryqjs7bJHpkL6QlTsvp4anMXwj08Xm57SK/nI/dytJ+lm/9eJNNlOs28pG\nZH0KwecbVFhPDbtBUT7F+uSscHc+1g4mA0J4jPEIRZuMEGKnPHRYmOtxWBt9oyJq\nXmrHAkZB1cyxifGj8c/frqL3PRpMjNRkl1Ox1uyE3k2KXoBPIiwYp0se+Ix+a2mH\n32Egl3RkGPhV/JAKCoLObm5qYO1y/9q3FZW5oxK7krSh5tBszQKCAQEAzQ/mNlAf\n7Xo7pZJKqaWs3CKYVVMO+Dkum+M9HF4+W47pvfcWaT2kfhHTnLL7OIe27TiYbgsV\n6BU1DJFEqNGP5BeX6amKMMuwGt70DyDOmdx4cZZRPX6qIjE+btHyvV64uQHr7JhW\ndPXzUl+mHFOZb/0UvcCwqx7YTpZqTaOBQ6yQHtlfr0sM8QfdFSKNfewnLfh4DvBi\n5NAf4pX/He25lBbIRYJIwx2wPo0+mUdZ5BrlwsHjMrmjhDo6tDXDiydsLy/qSFti\nTaQbKPn1XikLRBXhmjau0EFGKEJ0iQsQOAwwrhENgT53GYOL6v580MNYjTRF1nqK\noIjVsR9wXhtNjwKCAQEAxSSkkJ/VGV2/GQ1BrgJ/5YrjHd+qSMUKJjtOqtFDlTL2\nFc5Xg+wwrc54NqMtYBrJBR3n0A3XffKDEQvGkeCj+mysHlD1mhDPCbYn+GiDMTJM\nzhgpvR5FJcHEz82Sr6Wt/cOFVoB1R+BNpgDQPaN3fPdkKk5sXuaUn78OXU3/XcjV\nCtEuIYqRSTfIH1bmvEriKJ2hS4avcY3rNwaco3K8Ju9F3h4makl1J1MkZx+yKVcd\nteSELFfdJYPpG77yUpDpXNseZuHcHGaiVD5YZl3paOe8PpPKvu2PABAsbrLKAfDd\nCe0X7jXGqpF+zc9P+ylHNPLyIvMeHBqjAfuANMKv4wKCAQEAs44NbVdhbYaPPd5H\n5B4+qw7bxjKRNAaV6kfilblr7q3Hu9/kTsh8BSvE2DvcP9aN9U+OISUxzGLtbZCx\nxwSgcv+5tA8RAsMH869vkuOOJClpiUQu5KLJhGEMIutRGkIbi1vEYgnOAmHt6h34\njGsjOm0nQTO9Pkkm7EFG2a6mnEQ4edqqrwoPTeotyrjTngQvFlCvh50zatlWYggn\nN+SVj7cXK831umt/jHYO7xYL/vESaCNvtlXYeQqnpm5BR9KAJx1UjoD+Ja/hXFLq\nZ8WWqMpkHa1uCsptDQmLkwgN7pW19mTWJ2ozzTJjTKQDVKUIH7Q6xp/MTN8kBhDa\nSnyrvwKCAQAVj+xv5Qtputcr5kdIwP08HfS5T71QODzj8ZipFjpOF0TTHb50r2Cj\nofGECFTuLf/Oj3bLSrhHDj9HngIZ8nf86+XnavNx5mS+qy2z/bpbpyS/ZeUqyiTF\n/GuKTvG8RGLDXp821tX9Bot3nJ8qHrby9BwAhJNVzeJzlnH7wowrtcuXY0moYX+C\ngpdg1iBmd8pEpvj9Sb3mrZ8MZay8M9BgccsygBmzhlVJ984DeXQDEYQuYNAUCYgm\nkkbswfW/Ehp0DYNFvW5VrOQUUr1YdO0SjEYKkh+awmDhoOM7OFLf43hJnaUAaOFR\nxpgX6pTU467mG6xgJjck28T4comTO7gBAoIBAQCbzHzcXTWDfOHXREits+KiF91e\nZyWkckA9SocftbCddlx05qCowMBYsaEhteoruHc4dFLxOokM+QAqUhpJBRRIoINa\njgWt8sVuTwBOFsrSXp91661oomptK1tTTaUaA217shCD08GNZprlUUtis5HkD9KE\nh7fHyLNCXpwYzS2m5fM7ONQhwJipiEDx3cw+nvR9UUgeaSLQrm4Xs6ZOOF4F5Vcs\nhA14cjeYzgnWLGa646BRXE3+w3MbPI3zYnEXmYL2d+ob1XS8F6ohhu48kTMrFFag\nJ0MEZU9FWxJX3dQheCGMWmmzqm17HRcLoavrFOMGOZ3513m5IkjZokwFLMWW\n-----END RSA PRIVATE KEY-----\n","private_key_pem_pkcs8":"-----BEGIN PRIVATE KEY-----\nMIIJQwIBADANBgkqhkiG9w0BAQEFAASCCS0wggkpAgEAAoICAQCd6pY2M7+yped4\nDF/Nos4NBppleLAk/5Vstrriw3+UMvBwEWoY3iumHhC22szq/Z4tKUzoSU/yubfg\nuW+WiENGwPOIS1qlSIpN7Iw4iB0nQPgiKsquZFVKW4g4UvHSeb+EZ7d/DmyU458m\n3ejSmxLeMSJAWA9Qp2RRYEF7arfrgzz3OSYXBPP24O/fUWDUXZNSaHqrcPzT8AoV\nftIIgX6Afq5mD5r6t+b6LJI+i4pIp2+J1215Gx8T+fjtngPa/1O5CfoarjovZLjN\nSRq08hZZMiEVZMVoDbbtBLEcWkDWNawg3LXpVkifJM1q1L+o2Ite8DYiOidWsGvR\n7VdHTUu7EHHm/26WWhV6MjBIxXq1atK62pKogcoVLzCpdzZZeUogs5+pEFZVTFQU\n2n1T6ZYNmT65BFcCnW12YjO3LsyNlx3Yc6k/8rRENpSan+fxrJ23g3sSjMG15J7i\newrPgrdURRTdpovFFY6hpEykpGoP8h81zPpTBg2MDf+eD5kecCkMYMTT9426xtUQ\n2csevMPvP2AESqFDY2EI5mI+NR/Gg3S+n6ZaJ50KuLkFY6F1NYTMQG/P59AVyoX/\nJ9cnebD1hYG+bHNfTwMxh/F5NOT8hkTAGCE7g4nu0knYg1Cz9DBUI+5SCUM0DURY\nc6RpNRX3d9+DxmyF931kEonp7piGzQIDAQABAoICAGCMndxz1T+fqZ6/Sg/K+1oB\ncIKbwG5OiYhXTHn6d1Ufs9uA+jJMG7nL5gI2UlVWTNBl0Oywbh4EKIVQOwZ5N1Da\nBcuN7tThPhYYiz7BEbn/QfZ53UO0emUlA2sUY1+BKnQEia84HXEGnjbANGoXf/iz\nZ7KZZHu2bGJIjKCthdeLfMnWehBW6eZGbsJF2gLdV4Zp9J4/TYUy3Kd5y2aB7dsY\nGP6zidjCeYj5mUx+OkTjghFv0jHaQC0Rh32YP9k0hHa8v9pyLYbueQKiMJ7y6HEO\nciXHX96XjADr/nFMSRnu5NeOufX42Bvc/27Stn/ALa4VBbP1hDm/UZyfFN62RpcZ\ntOBediWiZBY5jQN3zeHaMLjMNl5sanfRg+L8zaIXit7HPoErpziLHt+I7QzRyKcR\npieYJTsJjL5A5zIo47d5YwTYtZYshgKqV2CKPkhYOvKqOztskemQvpCVOy+nhqcx\nfCPTxebntIr+cj93K0n6Wb/14k02U6zbykZkfQrB5xtUWE8Nu0FRPsX65Kxwdz7W\nDiYDQniM8QhFm4wQYqc8dFiY63FYG32jImpeascCRkHVzLGJ8aPxz9+uovc9GkyM\n1GSXU7HW7ITeTYpegE8iLBinSx74jH5raYffYSCXdGQY+FX8kAoKgs5ubmpg7XL/\n2rcVlbmjEruStKHm0GzNAoIBAQDND+Y2UB/tejulkkqppazcIphVUw74OS6b4z0c\nXj5bjum99xZpPaR+EdOcsvs4h7btOJhuCxXoFTUMkUSo0Y/kF5fpqYowy7Aa3vQP\nIM6Z3HhxllE9fqoiMT5u0fK9Xri5AevsmFZ09fNSX6YcU5lv/RS9wLCrHthOlmpN\no4FDrJAe2V+vSwzxB90VIo197Cct+HgO8GLk0B/ilf8d7bmUFshFgkjDHbA+jT6Z\nR1nkGuXCweMyuaOEOjq0NcOLJ2wvL+pIW2JNpBso+fVeKQtEFeGaNq7QQUYoQnSJ\nCxA4DDCuEQ2BPncZg4vq/nzQw1iNNEXWeoqgiNWxH3BeG02PAoIBAQDFJKSQn9UZ\nXb8ZDUGuAn/liuMd36pIxQomO06q0UOVMvYVzleD7DCtzng2oy1gGskFHefQDdd9\n8oMRC8aR4KP6bKweUPWaEM8Jtif4aIMxMkzOGCm9HkUlwcTPzZKvpa39w4VWgHVH\n4E2mANA9o3d892QqTmxe5pSfvw5dTf9dyNUK0S4hipFJN8gfVua8SuIonaFLhq9x\njes3Bpyjcrwm70XeHiZqSXUnUyRnH7IpVx215IQsV90lg+kbvvJSkOlc2x5m4dwc\nZqJUPlhmXelo57w+k8q+7Y8AECxussoB8N0J7RfuNcaqkX7Nz0/7KUc08vIi8x4c\nGqMB+4A0wq/jAoIBAQCzjg1tV2Ftho893kfkHj6rDtvGMpE0BpXqR+KVuWvurce7\n3+ROyHwFK8TYO9w/1o31T44hJTHMYu1tkLHHBKBy/7m0DxECwwfzr2+S444kKWmJ\nRC7kosmEYQwi61EaQhuLW8RiCc4CYe3qHfiMayM6bSdBM70+SSbsQUbZrqacRDh5\n2qqvCg9N6i3KuNOeBC8WUK+HnTNq2VZiCCc35JWPtxcrzfW6a3+Mdg7vFgv+8RJo\nI2+2Vdh5CqembkFH0oAnHVSOgP4lr+FcUupnxZaoymQdrW4Kym0NCYuTCA3ulbX2\nZNYnajPNMmNMpANUpQgftDrGn8xM3yQGENpKfKu/AoIBABWP7G/lC2m61yvmR0jA\n/Twd9LlPvVA4POPxmKkWOk4XRNMdvnSvYKOh8YQIVO4t/86PdstKuEcOP0eeAhny\nd/zr5edq83HmZL6rLbP9ulunJL9l5SrKJMX8a4pO8bxEYsNenzbW1f0Gi3ecnyoe\ntvL0HACEk1XN4nOWcfvCjCu1y5djSahhf4KCl2DWIGZ3ykSm+P1JveatnwxlrLwz\n0GBxyzKAGbOGVUn3zgN5dAMRhC5g0BQJiCaSRuzB9b8SGnQNg0W9blWs5BRSvVh0\n7RKMRgqSH5rCYOGg4zs4Ut/jeEmdpQBo4VHGmBfqlNTjruYbrGAmNyTbxPhyiZM7\nuAECggEBAJvMfNxdNYN84ddESK2z4qIX3V5nJaRyQD1Khx+1sJ12XHTmoKjAwFix\noSG16iu4dzh0UvE6iQz5ACpSGkkFFEigg1qOBa3yxW5PAE4WytJen3XrrWiiam0r\nW1NNpRoDbXuyEIPTwY1mmuVRS2KzkeQP0oSHt8fIs0JenBjNLabl8zs41CHAmKmI\nQPHdzD6e9H1RSB5pItCubhezpk44XgXlVyyEDXhyN5jOCdYsZrrjoFFcTf7Dcxs8\njfNicReZgvZ36hvVdLwXqiGG7jyRMysUVqAnQwRlT0VbElfd1CF4IYxaabOqbXsd\nFwuhq+sU4wY5nfnXebkiSNmiTAUsxZY=\n-----END PRIVATE KEY-----\n","public_key_fingerprint_md5":"7d:3f:7f:ba:ea:6f:45:57:7a:6d:d1:00:32:06:07:46","public_key_fingerprint_sha256":"SHA256:uF1EdHh+QLkp0B51ZQGPTZVVzbB7qD7aqTv4LE/J5mw","public_key_openssh":"ssh-rsa AAAAB3NzaC1yc2EAAAADAQABAAACAQCd6pY2M7+yped4DF/Nos4NBppleLAk/5Vstrriw3+UMvBwEWoY3iumHhC22szq/Z4tKUzoSU/yubfguW+WiENGwPOIS1qlSIpN7Iw4iB0nQPgiKsquZFVKW4g4UvHSeb+EZ7d/DmyU458m3ejSmxLeMSJAWA9Qp2RRYEF7arfrgzz3OSYXBPP24O/fUWDUXZNSaHqrcPzT8AoVftIIgX6Afq5mD5r6t+b6LJI+i4pIp2+J1215Gx8T+fjtngPa/1O5CfoarjovZLjNSRq08hZZMiEVZMVoDbbtBLEcWkDWNawg3LXpVkifJM1q1L+o2Ite8DYiOidWsGvR7VdHTUu7EHHm/26WWhV6MjBIxXq1atK62pKogcoVLzCpdzZZeUogs5+pEFZVTFQU2n1T6ZYNmT65BFcCnW12YjO3LsyNlx3Yc6k/8rRENpSan+fxrJ23g3sSjMG15J7iewrPgrdURRTdpovFFY6hpEykpGoP8h81zPpTBg2MDf+eD5kecCkMYMTT9426xtUQ2csevMPvP2AESqFDY2EI5mI+NR/Gg3S+n6ZaJ50KuLkFY6F1NYTMQG/P59AVyoX/J9cnebD1hYG+bHNfTwMxh/F5NOT8hkTAGCE7g4nu0knYg1Cz9DBUI+5SCUM0DURYc6RpNRX3d9+DxmyF931kEonp7piGzQ==\n","public_key_pem":"-----BEGIN PUBLIC KEY-----\nMIICIjANBgkqhkiG9w0BAQEFAAOCAg8AMIICCgKCAgEAneqWNjO/sqXneAxfzaLO\nDQaaZXiwJP+VbLa64sN/lDLwcBFqGN4rph4QttrM6v2eLSlM6ElP8rm34LlvlohD\nRsDziEtapUiKTeyMOIgdJ0D4IirKrmRVSluIOFLx0nm/hGe3fw5slOOfJt3o0psS\n3jEiQFgPUKdkUWBBe2q364M89zkmFwTz9uDv31Fg1F2TUmh6q3D80/AKFX7SCIF+\ngH6uZg+a+rfm+iySPouKSKdviddteRsfE/n47Z4D2v9TuQn6Gq46L2S4zUkatPIW\nWTIhFWTFaA227QSxHFpA1jWsINy16VZInyTNatS/qNiLXvA2IjonVrBr0e1XR01L\nuxBx5v9ulloVejIwSMV6tWrSutqSqIHKFS8wqXc2WXlKILOfqRBWVUxUFNp9U+mW\nDZk+uQRXAp1tdmIzty7MjZcd2HOpP/K0RDaUmp/n8aydt4N7EozBteSe4nsKz4K3\nVEUU3aaLxRWOoaRMpKRqD/IfNcz6UwYNjA3/ng+ZHnApDGDE0/eNusbVENnLHrzD\n7z9gBEqhQ2NhCOZiPjUfxoN0vp+mWiedCri5BWOhdTWEzEBvz+fQFcqF/yfXJ3mw\n9YWBvmxzX08DMYfxeTTk/IZEwBghO4OJ7tJJ2INQs/QwVCPuUglDNA1EWHOkaTUV\n93ffg8Zshfd9ZBKJ6e6Yhs0CAwEAAQ==\n-----END PUBLIC KEY-----\n","rsa_bits":4096},"sensitive_values":{}}]}},"resource_drift":[{"address":"aws_docdb_cluster.fp-documentDB-Cluster","mode":"managed","type":"aws_docdb_cluster","name":"fp-documentDB-Cluster","provider_name":"registry.terraform.io/hashicorp/aws","change":{"actions":["update"],"before":{"allow_major_version_upgrade":null,"apply_immediately":null,"arn":"arn:aws:rds:ap-northeast-2:339712848231:cluster:fp-documentdb-cluster","availability_zones":["ap-northeast-2a","ap-northeast-2c"],"backup_retention_period":1,"cluster_identifier":"fp-documentdb-cluster","cluster_identifier_prefix":"","cluster_members":[],"cluster_resource_id":"cluster-MQ56CMPJXKFN7X7R3RYCVMQL5Q","db_cluster_parameter_group_name":"default.docdb5.0","db_subnet_group_name":"documentdb-subnetgroup","deletion_protection":false,"enabled_cloudwatch_logs_exports":null,"endpoint":"fp-documentdb-cluster.cluster-cn0y60kek5cj.ap-northeast-2.docdb.amazonaws.com","engine":"docdb","engine_version":"5.0.0","final_snapshot_identifier":null,"global_cluster_identifier":"","hosted_zone_id":"ZB9XW5O3Q7N8N","id":"fp-documentdb-cluster","kms_key_id":"","master_password":"VMware1!","master_username":"team3","port":27017,"preferred_backup_window":"16:56-17:26","preferred_maintenance_window":"sun:16:21-sun:16:51","reader_endpoint":"fp-documentdb-cluster.cluster-ro-cn0y60kek5cj.ap-northeast-2.docdb.amazonaws.com","restore_to_point_in_time":[],"skip_final_snapshot":false,"snapshot_identifier":null,"storage_encrypted":false,"storage_type":"","tags":{"Name":"fp-documentDB-Cluster"},"tags_all":{"Name":"fp-documentDB-Cluster"},"timeouts":null,"vpc_security_group_ids":["sg-07f2cd8c2aafa4373"]},"after":{"allow_major_version_upgrade":null,"apply_immediately":null,"arn":"arn:aws:rds:ap-northeast-2:339712848231:cluster:fp-documentdb-cluster","availability_zones":["ap-northeast-2a","ap-northeast-2b","ap-northeast-2c"],"backup_retention_period":1,"cluster_identifier":"fp-documentdb-cluster","cluster_identifier_prefix":"","cluster_members":["tf-20240822024757287600000006","tf-20240822024757287900000007","tf-20240822024757288000000008"],"cluster_resource_id":"cluster-MQ56CMPJXKFN7X7R3RYCVMQL5Q","db_cluster_parameter_group_name":"default.docdb5.0","db_subnet_group_name":"documentdb-subnetgroup","deletion_protection":false,"enabled_cloudwatch_logs_exports":[],"endpoint":"fp-documentdb-cluster.cluster-cn0y60kek5cj.ap-northeast-2.docdb.amazonaws.com","engine":"docdb","engine_version":"5.0.0","final_snapshot_identifier":null,"global_cluster_identifier":"","hosted_zone_id":"ZB9XW5O3Q7N8N","id":"fp-documentdb-cluster","kms_key_id":"","master_password":"VMware1!","master_username":"team3","port":27017,"preferred_backup_window":"16:56-17:26","preferred_maintenance_window":"sun:16:21-sun:16:51","reader_endpoint":"fp-documentdb-cluster.cluster-ro-cn0y60kek5cj.ap-northeast-2.docdb.amazonaws.com","restore_to_point_in_time":[],"skip_final_snapshot":false,"snapshot_identifier":null,"storage_encrypted":false,"storage_type":"","tags":{"Name":"fp-documentDB-Cluster"},"tags_all":{"Name":"fp-documentDB-Cluster"},"timeouts":null,"vpc_security_group_ids":["sg-07f2cd8c2aafa4373"]},"after_unknown":{},"before_sensitive":{"availability_zones":[false,false],"cluster_members":[],"master_password":true,"restore_to_point_in_time":[],"tags":{},"tags_all":{},"vpc_security_group_ids":[false]},"after_sensitive":{"availability_zones":[false,false,false],"cluster_members":[false,false,false],"enabled_cloudwatch_logs_exports":[],"master_password":true,"restore_to_point_in_time":[],"tags":{},"tags_all":{},"vpc_security_group_ids":[false]}}},{"address":"aws_docdb_cluster_instance.fp-documentDB-instance[0]","mode":"managed","type":"aws_docdb_cluster_instance","name":"fp-documentDB-instance","index":0,"provider_name":"registry.terraform.io/hashicorp/aws","change":{"actions":["update"],"before":{"apply_immediately":null,"arn":"arn:aws:rds:ap-northeast-2:339712848231:db:tf-20240822024757288000000008","auto_minor_version_upgrade":true,"availability_zone":"ap-northeast-2a","ca_cert_identifier":"rds-ca-rsa2048-g1","cluster_identifier":"fp-documentdb-cluster","copy_tags_to_snapshot":false,"db_subnet_group_name":"documentdb-subnetgroup","dbi_resource_id":"db-55MCBCOYHWMQQKKBFYGUTYKAEQ","enable_performance_insights":null,"endpoint":"tf-20240822024757288000000008.cn0y60kek5cj.ap-northeast-2.docdb.amazonaws.com","engine":"docdb","engine_version":"5.0.0","id":"tf-20240822024757288000000008","identifier":"tf-20240822024757288000000008","identifier_prefix":"tf-","instance_class":"db.t3.medium","kms_key_id":"","performance_insights_kms_key_id":null,"port":27017,"preferred_backup_window":"16:56-17:26","preferred_maintenance_window":"tue:19:12-tue:19:42","promotion_tier":0,"publicly_accessible":false,"storage_encrypted":false,"tags":null,"tags_all":{},"timeouts":null,"writer":false},"after":{"apply_immediately":null,"arn":"arn:aws:rds:ap-northeast-2:339712848231:db:tf-20240822024757288000000008","auto_minor_version_upgrade":true,"availability_zone":"ap-northeast-2a","ca_cert_identifier":"rds-ca-rsa2048-g1","cluster_identifier":"fp-documentdb-cluster","copy_tags_to_snapshot":false,"db_subnet_group_name":"documentdb-subnetgroup","dbi_resource_id":"db-55MCBCOYHWMQQKKBFYGUTYKAEQ","enable_performance_insights":null,"endpoint":"tf-20240822024757288000000008.cn0y60kek5cj.ap-northeast-2.docdb.amazonaws.com","engine":"docdb","engine_version":"5.0.0","id":"tf-20240822024757288000000008","identifier":"tf-20240822024757288000000008","identifier_prefix":"tf-","instance_class":"db.t3.medium","kms_key_id":"","performance_insights_kms_key_id":null,"port":27017,"preferred_backup_window":"16:56-17:26","preferred_maintenance_window":"tue:19:12-tue:19:42","promotion_tier":0,"publicly_accessible":false,"storage_encrypted":false,"tags":{},"tags_all":{},"timeouts":null,"writer":false},"after_unknown":{},"before_sensitive":{"tags_all":{}},"after_sensitive":{"tags":{},"tags_all":{}}}},{"address":"aws_docdb_cluster_instance.fp-documentDB-instance[1]","mode":"managed","type":"aws_docdb_cluster_instance","name":"fp-documentDB-instance","index":1,"provider_name":"registry.terraform.io/hashicorp/aws","change":{"actions":["update"],"before":{"apply_immediately":null,"arn":"arn:aws:rds:ap-northeast-2:339712848231:db:tf-20240822024757287600000006","auto_minor_version_upgrade":true,"availability_zone":"ap-northeast-2c","ca_cert_identifier":"rds-ca-rsa2048-g1","cluster_identifier":"fp-documentdb-cluster","copy_tags_to_snapshot":false,"db_subnet_group_name":"documentdb-subnetgroup","dbi_resource_id":"db-2IMHJ3P2XTTKR7AK7QNFBE6Z74","enable_performance_insights":null,"endpoint":"tf-20240822024757287600000006.cn0y60kek5cj.ap-northeast-2.docdb.amazonaws.com","engine":"docdb","engine_version":"5.0.0","id":"tf-20240822024757287600000006","identifier":"tf-20240822024757287600000006","identifier_prefix":"tf-","instance_class":"db.t3.medium","kms_key_id":"","performance_insights_kms_key_id":null,"port":27017,"preferred_backup_window":"16:56-17:26","preferred_maintenance_window":"sat:20:24-sat:20:54","promotion_tier":0,"publicly_accessible":false,"storage_encrypted":false,"tags":null,"tags_all":{},"timeouts":null,"writer":true},"after":{"apply_immediately":null,"arn":"arn:aws:rds:ap-northeast-2:339712848231:db:tf-20240822024757287600000006","auto_minor_version_upgrade":true,"availability_zone":"ap-northeast-2c","ca_cert_identifier":"rds-ca-rsa2048-g1","cluster_identifier":"fp-documentdb-cluster","copy_tags_to_snapshot":false,"db_subnet_group_name":"documentdb-subnetgroup","dbi_resource_id":"db-2IMHJ3P2XTTKR7AK7QNFBE6Z74","enable_performance_insights":null,"endpoint":"tf-20240822024757287600000006.cn0y60kek5cj.ap-northeast-2.docdb.amazonaws.com","engine":"docdb","engine_version":"5.0.0","id":"tf-20240822024757287600000006","identifier":"tf-20240822024757287600000006","identifier_prefix":"tf-","instance_class":"db.t3.medium","kms_key_id":"","performance_insights_kms_key_id":null,"port":27017,"preferred_backup_window":"16:56-17:26","preferred_maintenance_window":"sat:20:24-sat:20:54","promotion_tier":0,"publicly_accessible":false,"storage_encrypted":false,"tags":{},"tags_all":{},"timeouts":null,"writer":true},"after_unknown":{},"before_sensitive":{"tags_all":{}},"after_sensitive":{"tags":{},"tags_all":{}}}},{"address":"aws_docdb_cluster_instance.fp-documentDB-instance[2]","mode":"managed","type":"aws_docdb_cluster_instance","name":"fp-documentDB-instance","index":2,"provider_name":"registry.terraform.io/hashicorp/aws","change":{"actions":["update"],"before":{"apply_immediately":null,"arn":"arn:aws:rds:ap-northeast-2:339712848231:db:tf-20240822024757287900000007","auto_minor_version_upgrade":true,"availability_zone":"ap-northeast-2a","ca_cert_identifier":"rds-ca-rsa2048-g1","cluster_identifier":"fp-documentdb-cluster","copy_tags_to_snapshot":false,"db_subnet_group_name":"documentdb-subnetgroup","dbi_resource_id":"db-DMT4DV4TA4TNIPDRXP7GHWFNW4","enable_performance_insights":null,"endpoint":"tf-20240822024757287900000007.cn0y60kek5cj.ap-northeast-2.docdb.amazonaws.com","engine":"docdb","engine_version":"5.0.0","id":"tf-20240822024757287900000007","identifier":"tf-20240822024757287900000007","identifier_prefix":"tf-","instance_class":"db.t3.medium","kms_key_id":"","performance_insights_kms_key_id":null,"port":27017,"preferred_backup_window":"16:56-17:26","preferred_maintenance_window":"sat:16:19-sat:16:49","promotion_tier":0,"publicly_accessible":false,"storage_encrypted":false,"tags":null,"tags_all":{},"timeouts":null,"writer":false},"after":{"apply_immediately":null,"arn":"arn:aws:rds:ap-northeast-2:339712848231:db:tf-20240822024757287900000007","auto_minor_version_upgrade":true,"availability_zone":"ap-northeast-2a","ca_cert_identifier":"rds-ca-rsa2048-g1","cluster_identifier":"fp-documentdb-cluster","copy_tags_to_snapshot":false,"db_subnet_group_name":"documentdb-subnetgroup","dbi_resource_id":"db-DMT4DV4TA4TNIPDRXP7GHWFNW4","enable_performance_insights":null,"endpoint":"tf-20240822024757287900000007.cn0y60kek5cj.ap-northeast-2.docdb.amazonaws.com","engine":"docdb","engine_version":"5.0.0","id":"tf-20240822024757287900000007","identifier":"tf-20240822024757287900000007","identifier_prefix":"tf-","instance_class":"db.t3.medium","kms_key_id":"","performance_insights_kms_key_id":null,"port":27017,"preferred_backup_window":"16:56-17:26","preferred_maintenance_window":"sat:16:19-sat:16:49","promotion_tier":0,"publicly_accessible":false,"storage_encrypted":false,"tags":{},"tags_all":{},"timeouts":null,"writer":false},"after_unknown":{},"before_sensitive":{"tags_all":{}},"after_sensitive":{"tags":{},"tags_all":{}}}},{"address":"aws_eip.fp-NAT-eip-01","mode":"managed","type":"aws_eip","name":"fp-NAT-eip-01","provider_name":"registry.terraform.io/hashicorp/aws","change":{"actions":["update"],"before":{"address":null,"allocation_id":"eipalloc-05a5861200399c8ef","arn":"arn:aws:ec2:ap-northeast-2:339712848231:elastic-ip/eipalloc-05a5861200399c8ef","associate_with_private_ip":null,"association_id":"","carrier_ip":"","customer_owned_ip":"","customer_owned_ipv4_pool":"","domain":"vpc","id":"eipalloc-05a5861200399c8ef","instance":"","network_border_group":"ap-northeast-2","network_interface":"","private_dns":null,"private_ip":"","ptr_record":"","public_dns":"ec2-3-34-161-110.ap-northeast-2.compute.amazonaws.com","public_ip":"3.34.161.110","public_ipv4_pool":"amazon","tags":null,"tags_all":{},"timeouts":null,"vpc":true},"after":{"address":null,"allocation_id":"eipalloc-05a5861200399c8ef","arn":"arn:aws:ec2:ap-northeast-2:339712848231:elastic-ip/eipalloc-05a5861200399c8ef","associate_with_private_ip":null,"association_id":"eipassoc-0b7c34ed04a1cffc2","carrier_ip":"","customer_owned_ip":"","customer_owned_ipv4_pool":"","domain":"vpc","id":"eipalloc-05a5861200399c8ef","instance":"","network_border_group":"ap-northeast-2","network_interface":"eni-0b7e8574a9f916d92","private_dns":"ip-10-10-1-5.ap-northeast-2.compute.internal","private_ip":"10.10.1.5","ptr_record":"","public_dns":"ec2-3-34-161-110.ap-northeast-2.compute.amazonaws.com","public_ip":"3.34.161.110","public_ipv4_pool":"amazon","tags":{},"tags_all":{},"timeouts":null,"vpc":true},"after_unknown":{},"before_sensitive":{"tags_all":{}},"after_sensitive":{"tags":{},"tags_all":{}}}},{"address":"aws_eip.fp-NAT-eip-02","mode":"managed","type":"aws_eip","name":"fp-NAT-eip-02","provider_name":"registry.terraform.io/hashicorp/aws","change":{"actions":["update"],"before":{"address":null,"allocation_id":"eipalloc-0ea4524ba87422793","arn":"arn:aws:ec2:ap-northeast-2:339712848231:elastic-ip/eipalloc-0ea4524ba87422793","associate_with_private_ip":null,"association_id":"","carrier_ip":"","customer_owned_ip":"","customer_owned_ipv4_pool":"","domain":"vpc","id":"eipalloc-0ea4524ba87422793","instance":"","network_border_group":"ap-northeast-2","network_interface":"","private_dns":null,"private_ip":"","ptr_record":"","public_dns":"ec2-3-39-32-243.ap-northeast-2.compute.amazonaws.com","public_ip":"3.39.32.243","public_ipv4_pool":"amazon","tags":null,"tags_all":{},"timeouts":null,"vpc":true},"after":{"address":null,"allocation_id":"eipalloc-0ea4524ba87422793","arn":"arn:aws:ec2:ap-northeast-2:339712848231:elastic-ip/eipalloc-0ea4524ba87422793","associate_with_private_ip":null,"association_id":"eipassoc-0a824772c581bddb9","carrier_ip":"","customer_owned_ip":"","customer_owned_ipv4_pool":"","domain":"vpc","id":"eipalloc-0ea4524ba87422793","instance":"","network_border_group":"ap-northeast-2","network_interface":"eni-0b77da32d2e9adc8d","private_dns":"ip-10-10-2-119.ap-northeast-2.compute.internal","private_ip":"10.10.2.119","ptr_record":"","public_dns":"ec2-3-39-32-243.ap-northeast-2.compute.amazonaws.com","public_ip":"3.39.32.243","public_ipv4_pool":"amazon","tags":{},"tags_all":{},"timeouts":null,"vpc":true},"after_unknown":{},"before_sensitive":{"tags_all":{}},"after_sensitive":{"tags":{},"tags_all":{}}}},{"address":"aws_key_pair.fp-keypair","mode":"managed","type":"aws_key_pair","name":"fp-keypair","provider_name":"registry.terraform.io/hashicorp/aws","change":{"actions":["update"],"before":{"arn":"arn:aws:ec2:ap-northeast-2:339712848231:key-pair/LB_keypair.pem","fingerprint":"f8:ce:14:94:f5:95:dc:c1:b7:a5:d2:8d:bf:cf:72:3c","id":"LB_keypair.pem","key_name":"LB_keypair.pem","key_name_prefix":"","key_pair_id":"key-0482a94f5169cf172","key_type":"rsa","public_key":"ssh-rsa AAAAB3NzaC1yc2EAAAADAQABAAACAQCd6pY2M7+yped4DF/Nos4NBppleLAk/5Vstrriw3+UMvBwEWoY3iumHhC22szq/Z4tKUzoSU/yubfguW+WiENGwPOIS1qlSIpN7Iw4iB0nQPgiKsquZFVKW4g4UvHSeb+EZ7d/DmyU458m3ejSmxLeMSJAWA9Qp2RRYEF7arfrgzz3OSYXBPP24O/fUWDUXZNSaHqrcPzT8AoVftIIgX6Afq5mD5r6t+b6LJI+i4pIp2+J1215Gx8T+fjtngPa/1O5CfoarjovZLjNSRq08hZZMiEVZMVoDbbtBLEcWkDWNawg3LXpVkifJM1q1L+o2Ite8DYiOidWsGvR7VdHTUu7EHHm/26WWhV6MjBIxXq1atK62pKogcoVLzCpdzZZeUogs5+pEFZVTFQU2n1T6ZYNmT65BFcCnW12YjO3LsyNlx3Yc6k/8rRENpSan+fxrJ23g3sSjMG15J7iewrPgrdURRTdpovFFY6hpEykpGoP8h81zPpTBg2MDf+eD5kecCkMYMTT9426xtUQ2csevMPvP2AESqFDY2EI5mI+NR/Gg3S+n6ZaJ50KuLkFY6F1NYTMQG/P59AVyoX/J9cnebD1hYG+bHNfTwMxh/F5NOT8hkTAGCE7g4nu0knYg1Cz9DBUI+5SCUM0DURYc6RpNRX3d9+DxmyF931kEonp7piGzQ==","tags":null,"tags_all":{}},"after":{"arn":"arn:aws:ec2:ap-northeast-2:339712848231:key-pair/LB_keypair.pem","fingerprint":"f8:ce:14:94:f5:95:dc:c1:b7:a5:d2:8d:bf:cf:72:3c","id":"LB_keypair.pem","key_name":"LB_keypair.pem","key_name_prefix":"","key_pair_id":"key-0482a94f5169cf172","key_type":"rsa","public_key":"ssh-rsa AAAAB3NzaC1yc2EAAAADAQABAAACAQCd6pY2M7+yped4DF/Nos4NBppleLAk/5Vstrriw3+UMvBwEWoY3iumHhC22szq/Z4tKUzoSU/yubfguW+WiENGwPOIS1qlSIpN7Iw4iB0nQPgiKsquZFVKW4g4UvHSeb+EZ7d/DmyU458m3ejSmxLeMSJAWA9Qp2RRYEF7arfrgzz3OSYXBPP24O/fUWDUXZNSaHqrcPzT8AoVftIIgX6Afq5mD5r6t+b6LJI+i4pIp2+J1215Gx8T+fjtngPa/1O5CfoarjovZLjNSRq08hZZMiEVZMVoDbbtBLEcWkDWNawg3LXpVkifJM1q1L+o2Ite8DYiOidWsGvR7VdHTUu7EHHm/26WWhV6MjBIxXq1atK62pKogcoVLzCpdzZZeUogs5+pEFZVTFQU2n1T6ZYNmT65BFcCnW12YjO3LsyNlx3Yc6k/8rRENpSan+fxrJ23g3sSjMG15J7iewrPgrdURRTdpovFFY6hpEykpGoP8h81zPpTBg2MDf+eD5kecCkMYMTT9426xtUQ2csevMPvP2AESqFDY2EI5mI+NR/Gg3S+n6ZaJ50KuLkFY6F1NYTMQG/P59AVyoX/J9cnebD1hYG+bHNfTwMxh/F5NOT8hkTAGCE7g4nu0knYg1Cz9DBUI+5SCUM0DURYc6RpNRX3d9+DxmyF931kEonp7piGzQ==","tags":{},"tags_all":{}},"after_unknown":{},"before_sensitive":{"tags_all":{}},"after_sensitive":{"tags":{},"tags_all":{}}}},{"address":"aws_nat_gateway.fp-NAT-GW-01","mode":"managed","type":"aws_nat_gateway","name":"fp-NAT-GW-01","provider_name":"registry.terraform.io/hashicorp/aws","change":{"actions":["update"],"before":{"allocation_id":"eipalloc-05a5861200399c8ef","association_id":"eipassoc-0b7c34ed04a1cffc2","connectivity_type":"public","id":"nat-0d67acf6eacdf4272","network_interface_id":"eni-0b7e8574a9f916d92","private_ip":"10.10.1.5","public_ip":"3.34.161.110","secondary_allocation_ids":null,"secondary_private_ip_address_count":0,"secondary_private_ip_addresses":[],"subnet_id":"subnet-073cf2de5de06491e","tags":{"Name":"fp-NAT-GW-01"},"tags_all":{"Name":"fp-NAT-GW-01"},"timeouts":null},"after":{"allocation_id":"eipalloc-05a5861200399c8ef","association_id":"eipassoc-0b7c34ed04a1cffc2","connectivity_type":"public","id":"nat-0d67acf6eacdf4272","network_interface_id":"eni-0b7e8574a9f916d92","private_ip":"10.10.1.5","public_ip":"3.34.161.110","secondary_allocation_ids":[],"secondary_private_ip_address_count":0,"secondary_private_ip_addresses":[],"subnet_id":"subnet-073cf2de5de06491e","tags":{"Name":"fp-NAT-GW-01"},"tags_all":{"Name":"fp-NAT-GW-01"},"timeouts":null},"after_unknown":{},"before_sensitive":{"secondary_private_ip_addresses":[],"tags":{},"tags_all":{}},"after_sensitive":{"secondary_allocation_ids":[],"secondary_private_ip_addresses":[],"tags":{},"tags_all":{}}}},{"address":"aws_nat_gateway.fp-NAT-GW-02","mode":"managed","type":"aws_nat_gateway","name":"fp-NAT-GW-02","provider_name":"registry.terraform.io/hashicorp/aws","change":{"actions":["update"],"before":{"allocation_id":"eipalloc-0ea4524ba87422793","association_id":"eipassoc-0a824772c581bddb9","connectivity_type":"public","id":"nat-0b4d2e50bf0ac6421","network_interface_id":"eni-0b77da32d2e9adc8d","private_ip":"10.10.2.119","public_ip":"3.39.32.243","secondary_allocation_ids":null,"secondary_private_ip_address_count":0,"secondary_private_ip_addresses":[],"subnet_id":"subnet-0c3ca3e4ac8a06a47","tags":{"Name":"fp-NAT-GW-02"},"tags_all":{"Name":"fp-NAT-GW-02"},"timeouts":null},"after":{"allocation_id":"eipalloc-0ea4524ba87422793","association_id":"eipassoc-0a824772c581bddb9","connectivity_type":"public","id":"nat-0b4d2e50bf0ac6421","network_interface_id":"eni-0b77da32d2e9adc8d","private_ip":"10.10.2.119","public_ip":"3.39.32.243","secondary_allocation_ids":[],"secondary_private_ip_address_count":0,"secondary_private_ip_addresses":[],"subnet_id":"subnet-0c3ca3e4ac8a06a47","tags":{"Name":"fp-NAT-GW-02"},"tags_all":{"Name":"fp-NAT-GW-02"},"timeouts":null},"after_unknown":{},"before_sensitive":{"secondary_private_ip_addresses":[],"tags":{},"tags_all":{}},"after_sensitive":{"secondary_allocation_ids":[],"secondary_private_ip_addresses":[],"tags":{},"tags_all":{}}}},{"address":"aws_route_table.fp-Private-routingtable","mode":"managed","type":"aws_route_table","name":"fp-Private-routingtable","provider_name":"registry.terraform.io/hashicorp/aws","change":{"actions":["update"],"before":{"arn":"arn:aws:ec2:ap-northeast-2:339712848231:route-table/rtb-0849e13076d1b0ba0","id":"rtb-0849e13076d1b0ba0","owner_id":"339712848231","propagating_vgws":[],"route":[{"carrier_gateway_id":"","cidr_block":"0.0.0.0/0","core_network_arn":"","destination_prefix_list_id":"","egress_only_gateway_id":"","gateway_id":"nat-0d67acf6eacdf4272","ipv6_cidr_block":"","local_gateway_id":"","nat_gateway_id":"","network_interface_id":"","transit_gateway_id":"","vpc_endpoint_id":"","vpc_peering_connection_id":""},{"carrier_gateway_id":"","cidr_block":"172.24.0.0/24","core_network_arn":"","destination_prefix_list_id":"","egress_only_gateway_id":"","gateway_id":"vgw-077a187c51cd98b80","ipv6_cidr_block":"","local_gateway_id":"","nat_gateway_id":"","network_interface_id":"","transit_gateway_id":"","vpc_endpoint_id":"","vpc_peering_connection_id":""}],"tags":{"Name":"fp-Private01-routingtable"},"tags_all":{"Name":"fp-Private01-routingtable"},"timeouts":null,"vpc_id":"vpc-05753ec994a8575d0"},"after":{"arn":"arn:aws:ec2:ap-northeast-2:339712848231:route-table/rtb-0849e13076d1b0ba0","id":"rtb-0849e13076d1b0ba0","owner_id":"339712848231","propagating_vgws":[],"route":[{"carrier_gateway_id":"","cidr_block":"0.0.0.0/0","core_network_arn":"","destination_prefix_list_id":"","egress_only_gateway_id":"","gateway_id":"","ipv6_cidr_block":"","local_gateway_id":"","nat_gateway_id":"nat-0d67acf6eacdf4272","network_interface_id":"","transit_gateway_id":"","vpc_endpoint_id":"","vpc_peering_connection_id":""},{"carrier_gateway_id":"","cidr_block":"172.24.0.0/24","core_network_arn":"","destination_prefix_list_id":"","egress_only_gateway_id":"","gateway_id":"vgw-077a187c51cd98b80","ipv6_cidr_block":"","local_gateway_id":"","nat_gateway_id":"","network_interface_id":"","transit_gateway_id":"","vpc_endpoint_id":"","vpc_peering_connection_id":""}],"tags":{"Name":"fp-Private01-routingtable"},"tags_all":{"Name":"fp-Private01-routingtable"},"timeouts":null,"vpc_id":"vpc-05753ec994a8575d0"},"after_unknown":{},"before_sensitive":{"propagating_vgws":[],"route":[{},{}],"tags":{},"tags_all":{}},"after_sensitive":{"propagating_vgws":[],"route":[{},{}],"tags":{},"tags_all":{}}}},{"address":"aws_vpn_connection.fp-VPN-connection","mode":"managed","type":"aws_vpn_connection","name":"fp-VPN-connection","provider_name":"registry.terraform.io/hashicorp/aws","change":{"actions":["update"],"before":{"arn":"arn:aws:ec2:ap-northeast-2:339712848231:vpn-connection/vpn-03ec4120078f7280b","core_network_arn":"","core_network_attachment_arn":"","customer_gateway_configuration":"\u003c?xml version=\"1.0\" encoding=\"UTF-8\"?\u003e\n\u003cvpn_connection id=\"vpn-03ec4120078f7280b\"\u003e\n  \u003ccustomer_gateway_id\u003ecgw-0dcc45d9bead7f198\u003c/customer_gateway_id\u003e\n  \u003cvpn_gateway_id\u003evgw-077a187c51cd98b80\u003c/vpn_gateway_id\u003e\n  \u003cvpn_connection_type\u003eipsec.1\u003c/vpn_connection_type\u003e\n  \u003cvpn_connection_attributes\u003eNoBGPVPNConnection\u003c/vpn_connection_attributes\u003e\n  \u003cipsec_tunnel\u003e\n    \u003ccustomer_gateway\u003e\n      \u003ctunnel_outside_address\u003e\n        \u003cip_address\u003e175.196.82.2\u003c/ip_address\u003e\n      \u003c/tunnel_outside_address\u003e\n      \u003ctunnel_inside_address\u003e\n        \u003cip_address\u003e169.254.73.226\u003c/ip_address\u003e\n        \u003cnetwork_mask\u003e255.255.255.252\u003c/network_mask\u003e\n        \u003cnetwork_cidr\u003e30\u003c/network_cidr\u003e\n      \u003c/tunnel_inside_address\u003e\n    \u003c/customer_gateway\u003e\n    \u003cvpn_gateway\u003e\n      \u003ctunnel_outside_address\u003e\n        \u003cip_address\u003e3.37.102.6\u003c/ip_address\u003e\n      \u003c/tunnel_outside_address\u003e\n      \u003ctunnel_inside_address\u003e\n        \u003cip_address\u003e169.254.73.225\u003c/ip_address\u003e\n        \u003cnetwork_mask\u003e255.255.255.252\u003c/network_mask\u003e\n        \u003cnetwork_cidr\u003e30\u003c/network_cidr\u003e\n      \u003c/tunnel_inside_address\u003e\n    \u003c/vpn_gateway\u003e\n    \u003cike\u003e\n      \u003cauthentication_protocol\u003esha1\u003c/authentication_protocol\u003e\n      \u003cencryption_protocol\u003eaes-128-cbc\u003c/encryption_protocol\u003e\n      \u003clifetime\u003e28800\u003c/lifetime\u003e\n      \u003cperfect_forward_secrecy\u003egroup2\u003c/perfect_forward_secrecy\u003e\n      \u003cmode\u003emain\u003c/mode\u003e\n      \u003cpre_shared_key\u003etestkeys\u003c/pre_shared_key\u003e\n    \u003c/ike\u003e\n    \u003cipsec\u003e\n      \u003cprotocol\u003eesp\u003c/protocol\u003e\n      \u003cauthentication_protocol\u003ehmac-sha1-96\u003c/authentication_protocol\u003e\n      \u003cencryption_protocol\u003eaes-128-cbc\u003c/encryption_protocol\u003e\n      \u003clifetime\u003e3600\u003c/lifetime\u003e\n      \u003cperfect_forward_secrecy\u003egroup2\u003c/perfect_forward_secrecy\u003e\n      \u003cmode\u003etunnel\u003c/mode\u003e\n      \u003cclear_df_bit\u003etrue\u003c/clear_df_bit\u003e\n      \u003cfragmentation_before_encryption\u003etrue\u003c/fragmentation_before_encryption\u003e\n      \u003ctcp_mss_adjustment\u003e1379\u003c/tcp_mss_adjustment\u003e\n      \u003cdead_peer_detection\u003e\n        \u003cinterval\u003e10\u003c/interval\u003e\n        \u003cretries\u003e3\u003c/retries\u003e\n      \u003c/dead_peer_detection\u003e\n    \u003c/ipsec\u003e\n  \u003c/ipsec_tunnel\u003e\n  \u003cipsec_tunnel\u003e\n    \u003ccustomer_gateway\u003e\n      \u003ctunnel_outside_address\u003e\n        \u003cip_address\u003e175.196.82.2\u003c/ip_address\u003e\n      \u003c/tunnel_outside_address\u003e\n      \u003ctunnel_inside_address\u003e\n        \u003cip_address\u003e169.254.121.182\u003c/ip_address\u003e\n        \u003cnetwork_mask\u003e255.255.255.252\u003c/network_mask\u003e\n        \u003cnetwork_cidr\u003e30\u003c/network_cidr\u003e\n      \u003c/tunnel_inside_address\u003e\n    \u003c/customer_gateway\u003e\n    \u003cvpn_gateway\u003e\n      \u003ctunnel_outside_address\u003e\n        \u003cip_address\u003e43.203.39.87\u003c/ip_address\u003e\n      \u003c/tunnel_outside_address\u003e\n      \u003ctunnel_inside_address\u003e\n        \u003cip_address\u003e169.254.121.181\u003c/ip_address\u003e\n        \u003cnetwork_mask\u003e255.255.255.252\u003c/network_mask\u003e\n        \u003cnetwork_cidr\u003e30\u003c/network_cidr\u003e\n      \u003c/tunnel_inside_address\u003e\n    \u003c/vpn_gateway\u003e\n    \u003cike\u003e\n      \u003cauthentication_protocol\u003esha1\u003c/authentication_protocol\u003e\n      \u003cencryption_protocol\u003eaes-128-cbc\u003c/encryption_protocol\u003e\n      \u003clifetime\u003e28800\u003c/lifetime\u003e\n      \u003cperfect_forward_secrecy\u003egroup2\u003c/perfect_forward_secrecy\u003e\n      \u003cmode\u003emain\u003c/mode\u003e\n      \u003cpre_shared_key\u003etestkeys\u003c/pre_shared_key\u003e\n    \u003c/ike\u003e\n    \u003cipsec\u003e\n      \u003cprotocol\u003eesp\u003c/protocol\u003e\n      \u003cauthentication_protocol\u003ehmac-sha1-96\u003c/authentication_protocol\u003e\n      \u003cencryption_protocol\u003eaes-128-cbc\u003c/encryption_protocol\u003e\n      \u003clifetime\u003e3600\u003c/lifetime\u003e\n      \u003cperfect_forward_secrecy\u003egroup2\u003c/perfect_forward_secrecy\u003e\n      \u003cmode\u003etunnel\u003c/mode\u003e\n      \u003cclear_df_bit\u003etrue\u003c/clear_df_bit\u003e\n      \u003cfragmentation_before_encryption\u003etrue\u003c/fragmentation_before_encryption\u003e\n      \u003ctcp_mss_adjustment\u003e1379\u003c/tcp_mss_adjustment\u003e\n      \u003cdead_peer_detection\u003e\n        \u003cinterval\u003e10\u003c/interval\u003e\n        \u003cretries\u003e3\u003c/retries\u003e\n      \u003c/dead_peer_detection\u003e\n    \u003c/ipsec\u003e\n  \u003c/ipsec_tunnel\u003e\n\u003c/vpn_connection\u003e\n","customer_gateway_id":"cgw-0dcc45d9bead7f198","enable_acceleration":false,"id":"vpn-03ec4120078f7280b","local_ipv4_network_cidr":"172.24.0.0/24","local_ipv6_network_cidr":"","outside_ip_address_type":"PublicIpv4","remote_ipv4_network_cidr":"10.10.0.0/16","remote_ipv6_network_cidr":"","routes":[],"static_routes_only":true,"tags":{"Name":"fp-SiteToSite-VPN-Connection"},"tags_all":{"Name":"fp-SiteToSite-VPN-Connection"},"transit_gateway_attachment_id":"","transit_gateway_id":"","transport_transit_gateway_attachment_id":"","tunnel1_address":"3.37.102.6","tunnel1_bgp_asn":"","tunnel1_bgp_holdtime":0,"tunnel1_cgw_inside_address":"169.254.73.226","tunnel1_dpd_timeout_action":"","tunnel1_dpd_timeout_seconds":0,"tunnel1_enable_tunnel_lifecycle_control":false,"tunnel1_ike_versions":null,"tunnel1_inside_cidr":"169.254.73.224/30","tunnel1_inside_ipv6_cidr":"","tunnel1_log_options":[{"cloudwatch_log_options":[{"log_enabled":false,"log_group_arn":"","log_output_format":""}]}],"tunnel1_phase1_dh_group_numbers":null,"tunnel1_phase1_encryption_algorithms":null,"tunnel1_phase1_integrity_algorithms":null,"tunnel1_phase1_lifetime_seconds":0,"tunnel1_phase2_dh_group_numbers":null,"tunnel1_phase2_encryption_algorithms":null,"tunnel1_phase2_integrity_algorithms":null,"tunnel1_phase2_lifetime_seconds":0,"tunnel1_preshared_key":"testkeys","tunnel1_rekey_fuzz_percentage":0,"tunnel1_rekey_margin_time_seconds":0,"tunnel1_replay_window_size":0,"tunnel1_startup_action":"","tunnel1_vgw_inside_address":"169.254.73.225","tunnel2_address":"43.203.39.87","tunnel2_bgp_asn":"","tunnel2_bgp_holdtime":0,"tunnel2_cgw_inside_address":"169.254.121.182","tunnel2_dpd_timeout_action":"","tunnel2_dpd_timeout_seconds":0,"tunnel2_enable_tunnel_lifecycle_control":false,"tunnel2_ike_versions":null,"tunnel2_inside_cidr":"169.254.121.180/30","tunnel2_inside_ipv6_cidr":"","tunnel2_log_options":[{"cloudwatch_log_options":[{"log_enabled":false,"log_group_arn":"","log_output_format":""}]}],"tunnel2_phase1_dh_group_numbers":null,"tunnel2_phase1_encryption_algorithms":null,"tunnel2_phase1_integrity_algorithms":null,"tunnel2_phase1_lifetime_seconds":0,"tunnel2_phase2_dh_group_numbers":null,"tunnel2_phase2_encryption_algorithms":null,"tunnel2_phase2_integrity_algorithms":null,"tunnel2_phase2_lifetime_seconds":0,"tunnel2_preshared_key":"testkeys","tunnel2_rekey_fuzz_percentage":0,"tunnel2_rekey_margin_time_seconds":0,"tunnel2_replay_window_size":0,"tunnel2_startup_action":"","tunnel2_vgw_inside_address":"169.254.121.181","tunnel_inside_ip_version":"ipv4","type":"ipsec.1","vgw_telemetry":[{"accepted_route_count":0,"certificate_arn":"","last_status_change":"2024-08-22T02:49:51Z","outside_ip_address":"43.203.39.87","status":"DOWN","status_message":""},{"accepted_route_count":0,"certificate_arn":"","last_status_change":"2024-08-22T02:50:21Z","outside_ip_address":"3.37.102.6","status":"DOWN","status_message":""}],"vpn_gateway_id":"vgw-077a187c51cd98b80"},"after":{"arn":"arn:aws:ec2:ap-northeast-2:339712848231:vpn-connection/vpn-03ec4120078f7280b","core_network_arn":"","core_network_attachment_arn":"","customer_gateway_configuration":"\u003c?xml version=\"1.0\" encoding=\"UTF-8\"?\u003e\n\u003cvpn_connection id=\"vpn-03ec4120078f7280b\"\u003e\n  \u003ccustomer_gateway_id\u003ecgw-0dcc45d9bead7f198\u003c/customer_gateway_id\u003e\n  \u003cvpn_gateway_id\u003evgw-077a187c51cd98b80\u003c/vpn_gateway_id\u003e\n  \u003cvpn_connection_type\u003eipsec.1\u003c/vpn_connection_type\u003e\n  \u003cvpn_connection_attributes\u003eNoBGPVPNConnection\u003c/vpn_connection_attributes\u003e\n  \u003cipsec_tunnel\u003e\n    \u003ccustomer_gateway\u003e\n      \u003ctunnel_outside_address\u003e\n        \u003cip_address\u003e175.196.82.2\u003c/ip_address\u003e\n      \u003c/tunnel_outside_address\u003e\n      \u003ctunnel_inside_address\u003e\n        \u003cip_address\u003e169.254.73.226\u003c/ip_address\u003e\n        \u003cnetwork_mask\u003e255.255.255.252\u003c/network_mask\u003e\n        \u003cnetwork_cidr\u003e30\u003c/network_cidr\u003e\n      \u003c/tunnel_inside_address\u003e\n    \u003c/customer_gateway\u003e\n    \u003cvpn_gateway\u003e\n      \u003ctunnel_outside_address\u003e\n        \u003cip_address\u003e3.37.102.6\u003c/ip_address\u003e\n      \u003c/tunnel_outside_address\u003e\n      \u003ctunnel_inside_address\u003e\n        \u003cip_address\u003e169.254.73.225\u003c/ip_address\u003e\n        \u003cnetwork_mask\u003e255.255.255.252\u003c/network_mask\u003e\n        \u003cnetwork_cidr\u003e30\u003c/network_cidr\u003e\n      \u003c/tunnel_inside_address\u003e\n    \u003c/vpn_gateway\u003e\n    \u003cike\u003e\n      \u003cauthentication_protocol\u003esha1\u003c/authentication_protocol\u003e\n      \u003cencryption_protocol\u003eaes-128-cbc\u003c/encryption_protocol\u003e\n      \u003clifetime\u003e28800\u003c/lifetime\u003e\n      \u003cperfect_forward_secrecy\u003egroup2\u003c/perfect_forward_secrecy\u003e\n      \u003cmode\u003emain\u003c/mode\u003e\n      \u003cpre_shared_key\u003etestkeys\u003c/pre_shared_key\u003e\n    \u003c/ike\u003e\n    \u003cipsec\u003e\n      \u003cprotocol\u003eesp\u003c/protocol\u003e\n      \u003cauthentication_protocol\u003ehmac-sha1-96\u003c/authentication_protocol\u003e\n      \u003cencryption_protocol\u003eaes-128-cbc\u003c/encryption_protocol\u003e\n      \u003clifetime\u003e3600\u003c/lifetime\u003e\n      \u003cperfect_forward_secrecy\u003egroup2\u003c/perfect_forward_secrecy\u003e\n      \u003cmode\u003etunnel\u003c/mode\u003e\n      \u003cclear_df_bit\u003etrue\u003c/clear_df_bit\u003e\n      \u003cfragmentation_before_encryption\u003etrue\u003c/fragmentation_before_encryption\u003e\n      \u003ctcp_mss_adjustment\u003e1379\u003c/tcp_mss_adjustment\u003e\n      \u003cdead_peer_detection\u003e\n        \u003cinterval\u003e10\u003c/interval\u003e\n        \u003cretries\u003e3\u003c/retries\u003e\n      \u003c/dead_peer_detection\u003e\n    \u003c/ipsec\u003e\n  \u003c/ipsec_tunnel\u003e\n  \u003cipsec_tunnel\u003e\n    \u003ccustomer_gateway\u003e\n      \u003ctunnel_outside_address\u003e\n        \u003cip_address\u003e175.196.82.2\u003c/ip_address\u003e\n      \u003c/tunnel_outside_address\u003e\n      \u003ctunnel_inside_address\u003e\n        \u003cip_address\u003e169.254.121.182\u003c/ip_address\u003e\n        \u003cnetwork_mask\u003e255.255.255.252\u003c/network_mask\u003e\n        \u003cnetwork_cidr\u003e30\u003c/network_cidr\u003e\n      \u003c/tunnel_inside_address\u003e\n    \u003c/customer_gateway\u003e\n    \u003cvpn_gateway\u003e\n      \u003ctunnel_outside_address\u003e\n        \u003cip_address\u003e43.203.39.87\u003c/ip_address\u003e\n      \u003c/tunnel_outside_address\u003e\n      \u003ctunnel_inside_address\u003e\n        \u003cip_address\u003e169.254.121.181\u003c/ip_address\u003e\n        \u003cnetwork_mask\u003e255.255.255.252\u003c/network_mask\u003e\n        \u003cnetwork_cidr\u003e30\u003c/network_cidr\u003e\n      \u003c/tunnel_inside_address\u003e\n    \u003c/vpn_gateway\u003e\n    \u003cike\u003e\n      \u003cauthentication_protocol\u003esha1\u003c/authentication_protocol\u003e\n      \u003cencryption_protocol\u003eaes-128-cbc\u003c/encryption_protocol\u003e\n      \u003clifetime\u003e28800\u003c/lifetime\u003e\n      \u003cperfect_forward_secrecy\u003egroup2\u003c/perfect_forward_secrecy\u003e\n      \u003cmode\u003emain\u003c/mode\u003e\n      \u003cpre_shared_key\u003etestkeys\u003c/pre_shared_key\u003e\n    \u003c/ike\u003e\n    \u003cipsec\u003e\n      \u003cprotocol\u003eesp\u003c/protocol\u003e\n      \u003cauthentication_protocol\u003ehmac-sha1-96\u003c/authentication_protocol\u003e\n      \u003cencryption_protocol\u003eaes-128-cbc\u003c/encryption_protocol\u003e\n      \u003clifetime\u003e3600\u003c/lifetime\u003e\n      \u003cperfect_forward_secrecy\u003egroup2\u003c/perfect_forward_secrecy\u003e\n      \u003cmode\u003etunnel\u003c/mode\u003e\n      \u003cclear_df_bit\u003etrue\u003c/clear_df_bit\u003e\n      \u003cfragmentation_before_encryption\u003etrue\u003c/fragmentation_before_encryption\u003e\n      \u003ctcp_mss_adjustment\u003e1379\u003c/tcp_mss_adjustment\u003e\n      \u003cdead_peer_detection\u003e\n        \u003cinterval\u003e10\u003c/interval\u003e\n        \u003cretries\u003e3\u003c/retries\u003e\n      \u003c/dead_peer_detection\u003e\n    \u003c/ipsec\u003e\n  \u003c/ipsec_tunnel\u003e\n\u003c/vpn_connection\u003e\n","customer_gateway_id":"cgw-0dcc45d9bead7f198","enable_acceleration":false,"id":"vpn-03ec4120078f7280b","local_ipv4_network_cidr":"172.24.0.0/24","local_ipv6_network_cidr":"","outside_ip_address_type":"PublicIpv4","remote_ipv4_network_cidr":"10.10.0.0/16","remote_ipv6_network_cidr":"","routes":[{"destination_cidr_block":"172.24.0.0/24","source":"","state":"available"}],"static_routes_only":true,"tags":{"Name":"fp-SiteToSite-VPN-Connection"},"tags_all":{"Name":"fp-SiteToSite-VPN-Connection"},"transit_gateway_attachment_id":"","transit_gateway_id":"","transport_transit_gateway_attachment_id":"","tunnel1_address":"3.37.102.6","tunnel1_bgp_asn":"","tunnel1_bgp_holdtime":0,"tunnel1_cgw_inside_address":"169.254.73.226","tunnel1_dpd_timeout_action":"","tunnel1_dpd_timeout_seconds":0,"tunnel1_enable_tunnel_lifecycle_control":false,"tunnel1_ike_versions":[],"tunnel1_inside_cidr":"169.254.73.224/30","tunnel1_inside_ipv6_cidr":"","tunnel1_log_options":[{"cloudwatch_log_options":[{"log_enabled":false,"log_group_arn":"","log_output_format":""}]}],"tunnel1_phase1_dh_group_numbers":[],"tunnel1_phase1_encryption_algorithms":[],"tunnel1_phase1_integrity_algorithms":[],"tunnel1_phase1_lifetime_seconds":0,"tunnel1_phase2_dh_group_numbers":[],"tunnel1_phase2_encryption_algorithms":[],"tunnel1_phase2_integrity_algorithms":[],"tunnel1_phase2_lifetime_seconds":0,"tunnel1_preshared_key":"testkeys","tunnel1_rekey_fuzz_percentage":0,"tunnel1_rekey_margin_time_seconds":0,"tunnel1_replay_window_size":0,"tunnel1_startup_action":"","tunnel1_vgw_inside_address":"169.254.73.225","tunnel2_address":"43.203.39.87","tunnel2_bgp_asn":"","tunnel2_bgp_holdtime":0,"tunnel2_cgw_inside_address":"169.254.121.182","tunnel2_dpd_timeout_action":"","tunnel2_dpd_timeout_seconds":0,"tunnel2_enable_tunnel_lifecycle_control":false,"tunnel2_ike_versions":[],"tunnel2_inside_cidr":"169.254.121.180/30","tunnel2_inside_ipv6_cidr":"","tunnel2_log_options":[{"cloudwatch_log_options":[{"log_enabled":false,"log_group_arn":"","log_output_format":""}]}],"tunnel2_phase1_dh_group_numbers":[],"tunnel2_phase1_encryption_algorithms":[],"tunnel2_phase1_integrity_algorithms":[],"tunnel2_phase1_lifetime_seconds":0,"tunnel2_phase2_dh_group_numbers":[],"tunnel2_phase2_encryption_algorithms":[],"tunnel2_phase2_integrity_algorithms":[],"tunnel2_phase2_lifetime_seconds":0,"tunnel2_preshared_key":"testkeys","tunnel2_rekey_fuzz_percentage":0,"tunnel2_rekey_margin_time_seconds":0,"tunnel2_replay_window_size":0,"tunnel2_startup_action":"","tunnel2_vgw_inside_address":"169.254.121.181","tunnel_inside_ip_version":"ipv4","type":"ipsec.1","vgw_telemetry":[{"accepted_route_count":1,"certificate_arn":"","last_status_change":"2024-08-22T02:49:51Z","outside_ip_address":"43.203.39.87","status":"DOWN","status_message":""},{"accepted_route_count":1,"certificate_arn":"","last_status_change":"2024-08-22T02:50:21Z","outside_ip_address":"3.37.102.6","status":"DOWN","status_message":""}],"vpn_gateway_id":"vgw-077a187c51cd98b80"},"after_unknown":{},"before_sensitive":{"customer_gateway_configuration":true,"routes":[],"tags":{},"tags_all":{},"tunnel1_log_options":[{"cloudwatch_log_options":[{}]}],"tunnel1_preshared_key":true,"tunnel2_log_options":[{"cloudwatch_log_options":[{}]}],"tunnel2_preshared_key":true,"vgw_telemetry":[{},{}]},"after_sensitive":{"customer_gateway_configuration":true,"routes":[{}],"tags":{},"tags_all":{},"tunnel1_ike_versions":[],"tunnel1_log_options":[{"cloudwatch_log_options":[{}]}],"tunnel1_phase1_dh_group_numbers":[],"tunnel1_phase1_encryption_algorithms":[],"tunnel1_phase1_integrity_algorithms":[],"tunnel1_phase2_dh_group_numbers":[],"tunnel1_phase2_encryption_algorithms":[],"tunnel1_phase2_integrity_algorithms":[],"tunnel1_preshared_key":true,"tunnel2_ike_versions":[],"tunnel2_log_options":[{"cloudwatch_log_options":[{}]}],"tunnel2_phase1_dh_group_numbers":[],"tunnel2_phase1_encryption_algorithms":[],"tunnel2_phase1_integrity_algorithms":[],"tunnel2_phase2_dh_group_numbers":[],"tunnel2_phase2_encryption_algorithms":[],"tunnel2_phase2_integrity_algorithms":[],"tunnel2_preshared_key":true,"vgw_telemetry":[{},{}]}}}],"resource_changes":[{"address":"aws_customer_gateway.fp-CGW","mode":"managed","type":"aws_customer_gateway","name":"fp-CGW","provider_name":"registry.terraform.io/hashicorp/aws","change":{"actions":["no-op"],"before":{"arn":"arn:aws:ec2:ap-northeast-2:339712848231:customer-gateway/cgw-0dcc45d9bead7f198","bgp_asn":"65000","bgp_asn_extended":"","certificate_arn":"","device_name":"","id":"cgw-0dcc45d9bead7f198","ip_address":"175.196.82.2","tags":{"Name":"fp-CGW"},"tags_all":{"Name":"fp-CGW"},"type":"ipsec.1"},"after":{"arn":"arn:aws:ec2:ap-northeast-2:339712848231:customer-gateway/cgw-0dcc45d9bead7f198","bgp_asn":"65000","bgp_asn_extended":"","certificate_arn":"","device_name":"","id":"cgw-0dcc45d9bead7f198","ip_address":"175.196.82.2","tags":{"Name":"fp-CGW"},"tags_all":{"Name":"fp-CGW"},"type":"ipsec.1"},"after_unknown":{},"before_sensitive":{"tags":{},"tags_all":{}},"after_sensitive":{"tags":{},"tags_all":{}}}},{"address":"aws_docdb_cluster.fp-documentDB-Cluster","mode":"managed","type":"aws_docdb_cluster","name":"fp-documentDB-Cluster","provider_name":"registry.terraform.io/hashicorp/aws","change":{"actions":["delete","create"],"before":{"allow_major_version_upgrade":null,"apply_immediately":null,"arn":"arn:aws:rds:ap-northeast-2:339712848231:cluster:fp-documentdb-cluster","availability_zones":["ap-northeast-2a","ap-northeast-2b","ap-northeast-2c"],"backup_retention_period":1,"cluster_identifier":"fp-documentdb-cluster","cluster_identifier_prefix":"","cluster_members":["tf-20240822024757287600000006","tf-20240822024757287900000007","tf-20240822024757288000000008"],"cluster_resource_id":"cluster-MQ56CMPJXKFN7X7R3RYCVMQL5Q","db_cluster_parameter_group_name":"default.docdb5.0","db_subnet_group_name":"documentdb-subnetgroup","deletion_protection":false,"enabled_cloudwatch_logs_exports":[],"endpoint":"fp-documentdb-cluster.cluster-cn0y60kek5cj.ap-northeast-2.docdb.amazonaws.com","engine":"docdb","engine_version":"5.0.0","final_snapshot_identifier":null,"global_cluster_identifier":"","hosted_zone_id":"ZB9XW5O3Q7N8N","id":"fp-documentdb-cluster","kms_key_id":"","master_password":"VMware1!","master_username":"team3","port":27017,"preferred_backup_window":"16:56-17:26","preferred_maintenance_window":"sun:16:21-sun:16:51","reader_endpoint":"fp-documentdb-cluster.cluster-ro-cn0y60kek5cj.ap-northeast-2.docdb.amazonaws.com","restore_to_point_in_time":[],"skip_final_snapshot":false,"snapshot_identifier":null,"storage_encrypted":false,"storage_type":"","tags":{"Name":"fp-documentDB-Cluster"},"tags_all":{"Name":"fp-documentDB-Cluster"},"timeouts":null,"vpc_security_group_ids":["sg-07f2cd8c2aafa4373"]},"after":{"allow_major_version_upgrade":null,"apply_immediately":null,"availability_zones":["ap-northeast-2a","ap-northeast-2c"],"backup_retention_period":1,"cluster_identifier":"fp-documentdb-cluster","db_subnet_group_name":"documentdb-subnetgroup","deletion_protection":null,"enabled_cloudwatch_logs_exports":null,"engine":"docdb","final_snapshot_identifier":null,"global_cluster_identifier":null,"master_password":"VMware1!","master_username":"team3","port":27017,"restore_to_point_in_time":[],"skip_final_snapshot":false,"snapshot_identifier":null,"storage_encrypted":null,"storage_type":null,"tags":{"Name":"fp-documentDB-Cluster"},"tags_all":{"Name":"fp-documentDB-Cluster"},"timeouts":null,"vpc_security_group_ids":["sg-07f2cd8c2aafa4373"]},"after_unknown":{"arn":true,"availability_zones":[false,false],"cluster_identifier_prefix":true,"cluster_members":true,"cluster_resource_id":true,"db_cluster_parameter_group_name":true,"endpoint":true,"engine_version":true,"hosted_zone_id":true,"id":true,"kms_key_id":true,"preferred_backup_window":true,"preferred_maintenance_window":true,"reader_endpoint":true,"restore_to_point_in_time":[],"tags":{},"tags_all":{},"vpc_security_group_ids":[false]},"before_sensitive":{"availability_zones":[false,false,false],"cluster_members":[false,false,false],"enabled_cloudwatch_logs_exports":[],"master_password":true,"restore_to_point_in_time":[],"tags":{},"tags_all":{},"vpc_security_group_ids":[false]},"after_sensitive":{"availability_zones":[false,false],"cluster_members":[],"master_password":true,"restore_to_point_in_time":[],"tags":{},"tags_all":{},"vpc_security_group_ids":[false]},"replace_paths":[["availability_zones"]]},"action_reason":"replace_because_cannot_update"},{"address":"aws_docdb_cluster_instance.fp-documentDB-instance[0]","mode":"managed","type":"aws_docdb_cluster_instance","name":"fp-documentDB-instance","index":0,"provider_name":"registry.terraform.io/hashicorp/aws","change":{"actions":["delete","create"],"before":{"apply_immediately":null,"arn":"arn:aws:rds:ap-northeast-2:339712848231:db:tf-20240822024757288000000008","auto_minor_version_upgrade":true,"availability_zone":"ap-northeast-2a","ca_cert_identifier":"rds-ca-rsa2048-g1","cluster_identifier":"fp-documentdb-cluster","copy_tags_to_snapshot":false,"db_subnet_group_name":"documentdb-subnetgroup","dbi_resource_id":"db-55MCBCOYHWMQQKKBFYGUTYKAEQ","enable_performance_insights":null,"endpoint":"tf-20240822024757288000000008.cn0y60kek5cj.ap-northeast-2.docdb.amazonaws.com","engine":"docdb","engine_version":"5.0.0","id":"tf-20240822024757288000000008","identifier":"tf-20240822024757288000000008","identifier_prefix":"tf-","instance_class":"db.t3.medium","kms_key_id":"","performance_insights_kms_key_id":null,"port":27017,"preferred_backup_window":"16:56-17:26","preferred_maintenance_window":"tue:19:12-tue:19:42","promotion_tier":0,"publicly_accessible":false,"storage_encrypted":false,"tags":{},"tags_all":{},"timeouts":null,"writer":false},"after":{"apply_immediately":null,"auto_minor_version_upgrade":true,"copy_tags_to_snapshot":null,"enable_performance_insights":null,"engine":"docdb","instance_class":"db.t3.medium","promotion_tier":0,"tags":null,"timeouts":null},"after_unknown":{"arn":true,"availability_zone":true,"ca_cert_identifier":true,"cluster_identifier":true,"db_subnet_group_name":true,"dbi_resource_id":true,"endpoint":true,"engine_version":true,"id":true,"identifier":true,"identifier_prefix":true,"kms_key_id":true,"performance_insights_kms_key_id":true,"port":true,"preferred_backup_window":true,"preferred_maintenance_window":true,"publicly_accessible":true,"storage_encrypted":true,"tags_all":true,"writer":true},"before_sensitive":{"tags":{},"tags_all":{}},"after_sensitive":{"tags_all":{}},"replace_paths":[["cluster_identifier"]]},"action_reason":"replace_because_cannot_update"},{"address":"aws_docdb_cluster_instance.fp-documentDB-instance[1]","mode":"managed","type":"aws_docdb_cluster_instance","name":"fp-documentDB-instance","index":1,"provider_name":"registry.terraform.io/hashicorp/aws","change":{"actions":["delete","create"],"before":{"apply_immediately":null,"arn":"arn:aws:rds:ap-northeast-2:339712848231:db:tf-20240822024757287600000006","auto_minor_version_upgrade":true,"availability_zone":"ap-northeast-2c","ca_cert_identifier":"rds-ca-rsa2048-g1","cluster_identifier":"fp-documentdb-cluster","copy_tags_to_snapshot":false,"db_subnet_group_name":"documentdb-subnetgroup","dbi_resource_id":"db-2IMHJ3P2XTTKR7AK7QNFBE6Z74","enable_performance_insights":null,"endpoint":"tf-20240822024757287600000006.cn0y60kek5cj.ap-northeast-2.docdb.amazonaws.com","engine":"docdb","engine_version":"5.0.0","id":"tf-20240822024757287600000006","identifier":"tf-20240822024757287600000006","identifier_prefix":"tf-","instance_class":"db.t3.medium","kms_key_id":"","performance_insights_kms_key_id":null,"port":27017,"preferred_backup_window":"16:56-17:26","preferred_maintenance_window":"sat:20:24-sat:20:54","promotion_tier":0,"publicly_accessible":false,"storage_encrypted":false,"tags":{},"tags_all":{},"timeouts":null,"writer":true},"after":{"apply_immediately":null,"auto_minor_version_upgrade":true,"copy_tags_to_snapshot":null,"enable_performance_insights":null,"engine":"docdb","instance_class":"db.t3.medium","promotion_tier":0,"tags":null,"timeouts":null},"after_unknown":{"arn":true,"availability_zone":true,"ca_cert_identifier":true,"cluster_identifier":true,"db_subnet_group_name":true,"dbi_resource_id":true,"endpoint":true,"engine_version":true,"id":true,"identifier":true,"identifier_prefix":true,"kms_key_id":true,"performance_insights_kms_key_id":true,"port":true,"preferred_backup_window":true,"preferred_maintenance_window":true,"publicly_accessible":true,"storage_encrypted":true,"tags_all":true,"writer":true},"before_sensitive":{"tags":{},"tags_all":{}},"after_sensitive":{"tags_all":{}},"replace_paths":[["cluster_identifier"]]},"action_reason":"replace_because_cannot_update"},{"address":"aws_docdb_cluster_instance.fp-documentDB-instance[2]","mode":"managed","type":"aws_docdb_cluster_instance","name":"fp-documentDB-instance","index":2,"provider_name":"registry.terraform.io/hashicorp/aws","change":{"actions":["delete","create"],"before":{"apply_immediately":null,"arn":"arn:aws:rds:ap-northeast-2:339712848231:db:tf-20240822024757287900000007","auto_minor_version_upgrade":true,"availability_zone":"ap-northeast-2a","ca_cert_identifier":"rds-ca-rsa2048-g1","cluster_identifier":"fp-documentdb-cluster","copy_tags_to_snapshot":false,"db_subnet_group_name":"documentdb-subnetgroup","dbi_resource_id":"db-DMT4DV4TA4TNIPDRXP7GHWFNW4","enable_performance_insights":null,"endpoint":"tf-20240822024757287900000007.cn0y60kek5cj.ap-northeast-2.docdb.amazonaws.com","engine":"docdb","engine_version":"5.0.0","id":"tf-20240822024757287900000007","identifier":"tf-20240822024757287900000007","identifier_prefix":"tf-","instance_class":"db.t3.medium","kms_key_id":"","performance_insights_kms_key_id":null,"port":27017,"preferred_backup_window":"16:56-17:26","preferred_maintenance_window":"sat:16:19-sat:16:49","promotion_tier":0,"publicly_accessible":false,"storage_encrypted":false,"tags":{},"tags_all":{},"timeouts":null,"writer":false},"after":{"apply_immediately":null,"auto_minor_version_upgrade":true,"copy_tags_to_snapshot":null,"enable_performance_insights":null,"engine":"docdb","instance_class":"db.t3.medium","promotion_tier":0,"tags":null,"timeouts":null},"after_unknown":{"arn":true,"availability_zone":true,"ca_cert_identifier":true,"cluster_identifier":true,"db_subnet_group_name":true,"dbi_resource_id":true,"endpoint":true,"engine_version":true,"id":true,"identifier":true,"identifier_prefix":true,"kms_key_id":true,"performance_insights_kms_key_id":true,"port":true,"preferred_backup_window":true,"preferred_maintenance_window":true,"publicly_accessible":true,"storage_encrypted":true,"tags_all":true,"writer":true},"before_sensitive":{"tags":{},"tags_all":{}},"after_sensitive":{"tags_all":{}},"replace_paths":[["cluster_identifier"]]},"action_reason":"replace_because_cannot_update"},{"address":"aws_docdb_subnet_group.fp-documentDB-subnetGroup","mode":"managed","type":"aws_docdb_subnet_group","name":"fp-documentDB-subnetGroup","provider_name":"registry.terraform.io/hashicorp/aws","change":{"actions":["no-op"],"before":{"arn":"arn:aws:rds:ap-northeast-2:339712848231:subgrp:documentdb-subnetgroup","description":"Managed by Terraform","id":"documentdb-subnetgroup","name":"documentdb-subnetgroup","name_prefix":"","subnet_ids":["subnet-0a76f34827ba2c50f","subnet-0acefee10916d349b"],"tags":{"Name":"fp-documentDB-SubnetGroup"},"tags_all":{"Name":"fp-documentDB-SubnetGroup"}},"after":{"arn":"arn:aws:rds:ap-northeast-2:339712848231:subgrp:documentdb-subnetgroup","description":"Managed by Terraform","id":"documentdb-subnetgroup","name":"documentdb-subnetgroup","name_prefix":"","subnet_ids":["subnet-0a76f34827ba2c50f","subnet-0acefee10916d349b"],"tags":{"Name":"fp-documentDB-SubnetGroup"},"tags_all":{"Name":"fp-documentDB-SubnetGroup"}},"after_unknown":{},"before_sensitive":{"subnet_ids":[false,false],"tags":{},"tags_all":{}},"after_sensitive":{"subnet_ids":[false,false],"tags":{},"tags_all":{}}}},{"address":"aws_eip.fp-NAT-eip-01","mode":"managed","type":"aws_eip","name":"fp-NAT-eip-01","provider_name":"registry.terraform.io/hashicorp/aws","change":{"actions":["no-op"],"before":{"address":null,"allocation_id":"eipalloc-05a5861200399c8ef","arn":"arn:aws:ec2:ap-northeast-2:339712848231:elastic-ip/eipalloc-05a5861200399c8ef","associate_with_private_ip":null,"association_id":"eipassoc-0b7c34ed04a1cffc2","carrier_ip":"","customer_owned_ip":"","customer_owned_ipv4_pool":"","domain":"vpc","id":"eipalloc-05a5861200399c8ef","instance":"","network_border_group":"ap-northeast-2","network_interface":"eni-0b7e8574a9f916d92","private_dns":"ip-10-10-1-5.ap-northeast-2.compute.internal","private_ip":"10.10.1.5","ptr_record":"","public_dns":"ec2-3-34-161-110.ap-northeast-2.compute.amazonaws.com","public_ip":"3.34.161.110","public_ipv4_pool":"amazon","tags":{},"tags_all":{},"timeouts":null,"vpc":true},"after":{"address":null,"allocation_id":"eipalloc-05a5861200399c8ef","arn":"arn:aws:ec2:ap-northeast-2:339712848231:elastic-ip/eipalloc-05a5861200399c8ef","associate_with_private_ip":null,"association_id":"eipassoc-0b7c34ed04a1cffc2","carrier_ip":"","customer_owned_ip":"","customer_owned_ipv4_pool":"","domain":"vpc","id":"eipalloc-05a5861200399c8ef","instance":"","network_border_group":"ap-northeast-2","network_interface":"eni-0b7e8574a9f916d92","private_dns":"ip-10-10-1-5.ap-northeast-2.compute.internal","private_ip":"10.10.1.5","ptr_record":"","public_dns":"ec2-3-34-161-110.ap-northeast-2.compute.amazonaws.com","public_ip":"3.34.161.110","public_ipv4_pool":"amazon","tags":{},"tags_all":{},"timeouts":null,"vpc":true},"after_unknown":{},"before_sensitive":{"tags":{},"tags_all":{}},"after_sensitive":{"tags":{},"tags_all":{}}}},{"address":"aws_eip.fp-NAT-eip-02","mode":"managed","type":"aws_eip","name":"fp-NAT-eip-02","provider_name":"registry.terraform.io/hashicorp/aws","change":{"actions":["no-op"],"before":{"address":null,"allocation_id":"eipalloc-0ea4524ba87422793","arn":"arn:aws:ec2:ap-northeast-2:339712848231:elastic-ip/eipalloc-0ea4524ba87422793","associate_with_private_ip":null,"association_id":"eipassoc-0a824772c581bddb9","carrier_ip":"","customer_owned_ip":"","customer_owned_ipv4_pool":"","domain":"vpc","id":"eipalloc-0ea4524ba87422793","instance":"","network_border_group":"ap-northeast-2","network_interface":"eni-0b77da32d2e9adc8d","private_dns":"ip-10-10-2-119.ap-northeast-2.compute.internal","private_ip":"10.10.2.119","ptr_record":"","public_dns":"ec2-3-39-32-243.ap-northeast-2.compute.amazonaws.com","public_ip":"3.39.32.243","public_ipv4_pool":"amazon","tags":{},"tags_all":{},"timeouts":null,"vpc":true},"after":{"address":null,"allocation_id":"eipalloc-0ea4524ba87422793","arn":"arn:aws:ec2:ap-northeast-2:339712848231:elastic-ip/eipalloc-0ea4524ba87422793","associate_with_private_ip":null,"association_id":"eipassoc-0a824772c581bddb9","carrier_ip":"","customer_owned_ip":"","customer_owned_ipv4_pool":"","domain":"vpc","id":"eipalloc-0ea4524ba87422793","instance":"","network_border_group":"ap-northeast-2","network_interface":"eni-0b77da32d2e9adc8d","private_dns":"ip-10-10-2-119.ap-northeast-2.compute.internal","private_ip":"10.10.2.119","ptr_record":"","public_dns":"ec2-3-39-32-243.ap-northeast-2.compute.amazonaws.com","public_ip":"3.39.32.243","public_ipv4_pool":"amazon","tags":{},"tags_all":{},"timeouts":null,"vpc":true},"after_unknown":{},"before_sensitive":{"tags":{},"tags_all":{}},"after_sensitive":{"tags":{},"tags_all":{}}}},{"address":"aws_instance.fp-Private-EC2","mode":"managed","type":"aws_instance","name":"fp-Private-EC2","provider_name":"registry.terraform.io/hashicorp/aws","change":{"actions":["no-op"],"before":{"ami":"ami-04ab52e5e226ec1b8","arn":"arn:aws:ec2:ap-northeast-2:339712848231:instance/i-0a6bc294b12ea2cf6","associate_public_ip_address":true,"availability_zone":"ap-northeast-2a","capacity_reservation_specification":[{"capacity_reservation_preference":"open","capacity_reservation_target":[]}],"cpu_core_count":1,"cpu_options":[{"amd_sev_snp":"","core_count":1,"threads_per_core":1}],"cpu_threads_per_core":1,"credit_specification":[{"cpu_credits":"standard"}],"disable_api_stop":false,"disable_api_termination":false,"ebs_block_device":[],"ebs_optimized":false,"enclave_options":[{"enabled":false}],"ephemeral_block_device":[],"get_password_data":false,"hibernation":false,"host_id":"","host_resource_group_arn":null,"iam_instance_profile":"","id":"i-0a6bc294b12ea2cf6","instance_initiated_shutdown_behavior":"stop","instance_lifecycle":"","instance_market_options":[],"instance_state":"running","instance_type":"t2.micro","ipv6_address_count":0,"ipv6_addresses":[],"key_name":"LB_keypair.pem","launch_template":[],"maintenance_options":[{"auto_recovery":"default"}],"metadata_options":[{"http_endpoint":"enabled","http_protocol_ipv6":"disabled","http_put_response_hop_limit":1,"http_tokens":"optional","instance_metadata_tags":"disabled"}],"monitoring":false,"network_interface":[],"outpost_arn":"","password_data":"","placement_group":"","placement_partition_number":0,"primary_network_interface_id":"eni-0662c00bd17a55e97","private_dns":"ip-10-10-3-162.ap-northeast-2.compute.internal","private_dns_name_options":[{"enable_resource_name_dns_a_record":false,"enable_resource_name_dns_aaaa_record":false,"hostname_type":"ip-name"}],"private_ip":"10.10.3.162","public_dns":"","public_ip":"13.124.129.129","root_block_device":[{"delete_on_termination":true,"device_name":"/dev/xvda","encrypted":false,"iops":100,"kms_key_id":"","tags":{},"tags_all":{},"throughput":0,"volume_id":"vol-092b1480de24ed3fb","volume_size":8,"volume_type":"gp2"}],"secondary_private_ips":[],"security_groups":[],"source_dest_check":true,"spot_instance_request_id":"","subnet_id":"subnet-0acefee10916d349b","tags":{"Name":"fp-Private-EC2"},"tags_all":{"Name":"fp-Private-EC2"},"tenancy":"default","timeouts":null,"user_data":null,"user_data_base64":null,"user_data_replace_on_change":false,"volume_tags":null,"vpc_security_group_ids":["sg-07f2cd8c2aafa4373"]},"after":{"ami":"ami-04ab52e5e226ec1b8","arn":"arn:aws:ec2:ap-northeast-2:339712848231:instance/i-0a6bc294b12ea2cf6","associate_public_ip_address":true,"availability_zone":"ap-northeast-2a","capacity_reservation_specification":[{"capacity_reservation_preference":"open","capacity_reservation_target":[]}],"cpu_core_count":1,"cpu_options":[{"amd_sev_snp":"","core_count":1,"threads_per_core":1}],"cpu_threads_per_core":1,"credit_specification":[{"cpu_credits":"standard"}],"disable_api_stop":false,"disable_api_termination":false,"ebs_block_device":[],"ebs_optimized":false,"enclave_options":[{"enabled":false}],"ephemeral_block_device":[],"get_password_data":false,"hibernation":false,"host_id":"","host_resource_group_arn":null,"iam_instance_profile":"","id":"i-0a6bc294b12ea2cf6","instance_initiated_shutdown_behavior":"stop","instance_lifecycle":"","instance_market_options":[],"instance_state":"running","instance_type":"t2.micro","ipv6_address_count":0,"ipv6_addresses":[],"key_name":"LB_keypair.pem","launch_template":[],"maintenance_options":[{"auto_recovery":"default"}],"metadata_options":[{"http_endpoint":"enabled","http_protocol_ipv6":"disabled","http_put_response_hop_limit":1,"http_tokens":"optional","instance_metadata_tags":"disabled"}],"monitoring":false,"network_interface":[],"outpost_arn":"","password_data":"","placement_group":"","placement_partition_number":0,"primary_network_interface_id":"eni-0662c00bd17a55e97","private_dns":"ip-10-10-3-162.ap-northeast-2.compute.internal","private_dns_name_options":[{"enable_resource_name_dns_a_record":false,"enable_resource_name_dns_aaaa_record":false,"hostname_type":"ip-name"}],"private_ip":"10.10.3.162","public_dns":"","public_ip":"13.124.129.129","root_block_device":[{"delete_on_termination":true,"device_name":"/dev/xvda","encrypted":false,"iops":100,"kms_key_id":"","tags":{},"tags_all":{},"throughput":0,"volume_id":"vol-092b1480de24ed3fb","volume_size":8,"volume_type":"gp2"}],"secondary_private_ips":[],"security_groups":[],"source_dest_check":true,"spot_instance_request_id":"","subnet_id":"subnet-0acefee10916d349b","tags":{"Name":"fp-Private-EC2"},"tags_all":{"Name":"fp-Private-EC2"},"tenancy":"default","timeouts":null,"user_data":null,"user_data_base64":null,"user_data_replace_on_change":false,"volume_tags":null,"vpc_security_group_ids":["sg-07f2cd8c2aafa4373"]},"after_unknown":{},"before_sensitive":{"capacity_reservation_specification":[{"capacity_reservation_target":[]}],"cpu_options":[{}],"credit_specification":[{}],"ebs_block_device":[],"enclave_options":[{}],"ephemeral_block_device":[],"instance_market_options":[],"ipv6_addresses":[],"launch_template":[],"maintenance_options":[{}],"metadata_options":[{}],"network_interface":[],"private_dns_name_options":[{}],"root_block_device":[{"tags":{},"tags_all":{}}],"secondary_private_ips":[],"security_groups":[],"tags":{},"tags_all":{},"vpc_security_group_ids":[false]},"after_sensitive":{"capacity_reservation_specification":[{"capacity_reservation_target":[]}],"cpu_options":[{}],"credit_specification":[{}],"ebs_block_device":[],"enclave_options":[{}],"ephemeral_block_device":[],"instance_market_options":[],"ipv6_addresses":[],"launch_template":[],"maintenance_options":[{}],"metadata_options":[{}],"network_interface":[],"private_dns_name_options":[{}],"root_block_device":[{"tags":{},"tags_all":{}}],"secondary_private_ips":[],"security_groups":[],"tags":{},"tags_all":{},"vpc_security_group_ids":[false]}}},{"address":"aws_instance.fp-Public-EC2","mode":"managed","type":"aws_instance","name":"fp-Public-EC2","provider_name":"registry.terraform.io/hashicorp/aws","change":{"actions":["no-op"],"before":{"ami":"ami-04ab52e5e226ec1b8","arn":"arn:aws:ec2:ap-northeast-2:339712848231:instance/i-0319f1985903b397f","associate_public_ip_address":true,"availability_zone":"ap-northeast-2a","capacity_reservation_specification":[{"capacity_reservation_preference":"open","capacity_reservation_target":[]}],"cpu_core_count":1,"cpu_options":[{"amd_sev_snp":"","core_count":1,"threads_per_core":1}],"cpu_threads_per_core":1,"credit_specification":[{"cpu_credits":"standard"}],"disable_api_stop":false,"disable_api_termination":false,"ebs_block_device":[],"ebs_optimized":false,"enclave_options":[{"enabled":false}],"ephemeral_block_device":[],"get_password_data":false,"hibernation":false,"host_id":"","host_resource_group_arn":null,"iam_instance_profile":"","id":"i-0319f1985903b397f","instance_initiated_shutdown_behavior":"stop","instance_lifecycle":"","instance_market_options":[],"instance_state":"running","instance_type":"t2.micro","ipv6_address_count":0,"ipv6_addresses":[],"key_name":"LB_keypair.pem","launch_template":[],"maintenance_options":[{"auto_recovery":"default"}],"metadata_options":[{"http_endpoint":"enabled","http_protocol_ipv6":"disabled","http_put_response_hop_limit":1,"http_tokens":"optional","instance_metadata_tags":"disabled"}],"monitoring":false,"network_interface":[],"outpost_arn":"","password_data":"","placement_group":"","placement_partition_number":0,"primary_network_interface_id":"eni-00dbe50418eb858b2","private_dns":"ip-10-10-1-17.ap-northeast-2.compute.internal","private_dns_name_options":[{"enable_resource_name_dns_a_record":false,"enable_resource_name_dns_aaaa_record":false,"hostname_type":"ip-name"}],"private_ip":"10.10.1.17","public_dns":"","public_ip":"43.203.203.99","root_block_device":[{"delete_on_termination":true,"device_name":"/dev/xvda","encrypted":false,"iops":100,"kms_key_id":"","tags":{},"tags_all":{},"throughput":0,"volume_id":"vol-0df2fd51286d6ecb3","volume_size":8,"volume_type":"gp2"}],"secondary_private_ips":[],"security_groups":[],"source_dest_check":true,"spot_instance_request_id":"","subnet_id":"subnet-073cf2de5de06491e","tags":{"Name":"fp-Public-EC2"},"tags_all":{"Name":"fp-Public-EC2"},"tenancy":"default","timeouts":null,"user_data":null,"user_data_base64":null,"user_data_replace_on_change":false,"volume_tags":null,"vpc_security_group_ids":["sg-07f2cd8c2aafa4373"]},"after":{"ami":"ami-04ab52e5e226ec1b8","arn":"arn:aws:ec2:ap-northeast-2:339712848231:instance/i-0319f1985903b397f","associate_public_ip_address":true,"availability_zone":"ap-northeast-2a","capacity_reservation_specification":[{"capacity_reservation_preference":"open","capacity_reservation_target":[]}],"cpu_core_count":1,"cpu_options":[{"amd_sev_snp":"","core_count":1,"threads_per_core":1}],"cpu_threads_per_core":1,"credit_specification":[{"cpu_credits":"standard"}],"disable_api_stop":false,"disable_api_termination":false,"ebs_block_device":[],"ebs_optimized":false,"enclave_options":[{"enabled":false}],"ephemeral_block_device":[],"get_password_data":false,"hibernation":false,"host_id":"","host_resource_group_arn":null,"iam_instance_profile":"","id":"i-0319f1985903b397f","instance_initiated_shutdown_behavior":"stop","instance_lifecycle":"","instance_market_options":[],"instance_state":"running","instance_type":"t2.micro","ipv6_address_count":0,"ipv6_addresses":[],"key_name":"LB_keypair.pem","launch_template":[],"maintenance_options":[{"auto_recovery":"default"}],"metadata_options":[{"http_endpoint":"enabled","http_protocol_ipv6":"disabled","http_put_response_hop_limit":1,"http_tokens":"optional","instance_metadata_tags":"disabled"}],"monitoring":false,"network_interface":[],"outpost_arn":"","password_data":"","placement_group":"","placement_partition_number":0,"primary_network_interface_id":"eni-00dbe50418eb858b2","private_dns":"ip-10-10-1-17.ap-northeast-2.compute.internal","private_dns_name_options":[{"enable_resource_name_dns_a_record":false,"enable_resource_name_dns_aaaa_record":false,"hostname_type":"ip-name"}],"private_ip":"10.10.1.17","public_dns":"","public_ip":"43.203.203.99","root_block_device":[{"delete_on_termination":true,"device_name":"/dev/xvda","encrypted":false,"iops":100,"kms_key_id":"","tags":{},"tags_all":{},"throughput":0,"volume_id":"vol-0df2fd51286d6ecb3","volume_size":8,"volume_type":"gp2"}],"secondary_private_ips":[],"security_groups":[],"source_dest_check":true,"spot_instance_request_id":"","subnet_id":"subnet-073cf2de5de06491e","tags":{"Name":"fp-Public-EC2"},"tags_all":{"Name":"fp-Public-EC2"},"tenancy":"default","timeouts":null,"user_data":null,"user_data_base64":null,"user_data_replace_on_change":false,"volume_tags":null,"vpc_security_group_ids":["sg-07f2cd8c2aafa4373"]},"after_unknown":{},"before_sensitive":{"capacity_reservation_specification":[{"capacity_reservation_target":[]}],"cpu_options":[{}],"credit_specification":[{}],"ebs_block_device":[],"enclave_options":[{}],"ephemeral_block_device":[],"instance_market_options":[],"ipv6_addresses":[],"launch_template":[],"maintenance_options":[{}],"metadata_options":[{}],"network_interface":[],"private_dns_name_options":[{}],"root_block_device":[{"tags":{},"tags_all":{}}],"secondary_private_ips":[],"security_groups":[],"tags":{},"tags_all":{},"vpc_security_group_ids":[false]},"after_sensitive":{"capacity_reservation_specification":[{"capacity_reservation_target":[]}],"cpu_options":[{}],"credit_specification":[{}],"ebs_block_device":[],"enclave_options":[{}],"ephemeral_block_device":[],"instance_market_options":[],"ipv6_addresses":[],"launch_template":[],"maintenance_options":[{}],"metadata_options":[{}],"network_interface":[],"private_dns_name_options":[{}],"root_block_device":[{"tags":{},"tags_all":{}}],"secondary_private_ips":[],"security_groups":[],"tags":{},"tags_all":{},"vpc_security_group_ids":[false]}}},{"address":"aws_internet_gateway.fp-IGW","mode":"managed","type":"aws_internet_gateway","name":"fp-IGW","provider_name":"registry.terraform.io/hashicorp/aws","change":{"actions":["no-op"],"before":{"arn":"arn:aws:ec2:ap-northeast-2:339712848231:internet-gateway/igw-0d693e1dce952c6b9","id":"igw-0d693e1dce952c6b9","owner_id":"339712848231","tags":{"Name":"fp-IGW"},"tags_all":{"Name":"fp-IGW"},"timeouts":null,"vpc_id":"vpc-05753ec994a8575d0"},"after":{"arn":"arn:aws:ec2:ap-northeast-2:339712848231:internet-gateway/igw-0d693e1dce952c6b9","id":"igw-0d693e1dce952c6b9","owner_id":"339712848231","tags":{"Name":"fp-IGW"},"tags_all":{"Name":"fp-IGW"},"timeouts":null,"vpc_id":"vpc-05753ec994a8575d0"},"after_unknown":{},"before_sensitive":{"tags":{},"tags_all":{}},"after_sensitive":{"tags":{},"tags_all":{}}}},{"address":"aws_key_pair.fp-keypair","mode":"managed","type":"aws_key_pair","name":"fp-keypair","provider_name":"registry.terraform.io/hashicorp/aws","change":{"actions":["no-op"],"before":{"arn":"arn:aws:ec2:ap-northeast-2:339712848231:key-pair/LB_keypair.pem","fingerprint":"f8:ce:14:94:f5:95:dc:c1:b7:a5:d2:8d:bf:cf:72:3c","id":"LB_keypair.pem","key_name":"LB_keypair.pem","key_name_prefix":"","key_pair_id":"key-0482a94f5169cf172","key_type":"rsa","public_key":"ssh-rsa AAAAB3NzaC1yc2EAAAADAQABAAACAQCd6pY2M7+yped4DF/Nos4NBppleLAk/5Vstrriw3+UMvBwEWoY3iumHhC22szq/Z4tKUzoSU/yubfguW+WiENGwPOIS1qlSIpN7Iw4iB0nQPgiKsquZFVKW4g4UvHSeb+EZ7d/DmyU458m3ejSmxLeMSJAWA9Qp2RRYEF7arfrgzz3OSYXBPP24O/fUWDUXZNSaHqrcPzT8AoVftIIgX6Afq5mD5r6t+b6LJI+i4pIp2+J1215Gx8T+fjtngPa/1O5CfoarjovZLjNSRq08hZZMiEVZMVoDbbtBLEcWkDWNawg3LXpVkifJM1q1L+o2Ite8DYiOidWsGvR7VdHTUu7EHHm/26WWhV6MjBIxXq1atK62pKogcoVLzCpdzZZeUogs5+pEFZVTFQU2n1T6ZYNmT65BFcCnW12YjO3LsyNlx3Yc6k/8rRENpSan+fxrJ23g3sSjMG15J7iewrPgrdURRTdpovFFY6hpEykpGoP8h81zPpTBg2MDf+eD5kecCkMYMTT9426xtUQ2csevMPvP2AESqFDY2EI5mI+NR/Gg3S+n6ZaJ50KuLkFY6F1NYTMQG/P59AVyoX/J9cnebD1hYG+bHNfTwMxh/F5NOT8hkTAGCE7g4nu0knYg1Cz9DBUI+5SCUM0DURYc6RpNRX3d9+DxmyF931kEonp7piGzQ==","tags":{},"tags_all":{}},"after":{"arn":"arn:aws:ec2:ap-northeast-2:339712848231:key-pair/LB_keypair.pem","fingerprint":"f8:ce:14:94:f5:95:dc:c1:b7:a5:d2:8d:bf:cf:72:3c","id":"LB_keypair.pem","key_name":"LB_keypair.pem","key_name_prefix":"","key_pair_id":"key-0482a94f5169cf172","key_type":"rsa","public_key":"ssh-rsa AAAAB3NzaC1yc2EAAAADAQABAAACAQCd6pY2M7+yped4DF/Nos4NBppleLAk/5Vstrriw3+UMvBwEWoY3iumHhC22szq/Z4tKUzoSU/yubfguW+WiENGwPOIS1qlSIpN7Iw4iB0nQPgiKsquZFVKW4g4UvHSeb+EZ7d/DmyU458m3ejSmxLeMSJAWA9Qp2RRYEF7arfrgzz3OSYXBPP24O/fUWDUXZNSaHqrcPzT8AoVftIIgX6Afq5mD5r6t+b6LJI+i4pIp2+J1215Gx8T+fjtngPa/1O5CfoarjovZLjNSRq08hZZMiEVZMVoDbbtBLEcWkDWNawg3LXpVkifJM1q1L+o2Ite8DYiOidWsGvR7VdHTUu7EHHm/26WWhV6MjBIxXq1atK62pKogcoVLzCpdzZZeUogs5+pEFZVTFQU2n1T6ZYNmT65BFcCnW12YjO3LsyNlx3Yc6k/8rRENpSan+fxrJ23g3sSjMG15J7iewrPgrdURRTdpovFFY6hpEykpGoP8h81zPpTBg2MDf+eD5kecCkMYMTT9426xtUQ2csevMPvP2AESqFDY2EI5mI+NR/Gg3S+n6ZaJ50KuLkFY6F1NYTMQG/P59AVyoX/J9cnebD1hYG+bHNfTwMxh/F5NOT8hkTAGCE7g4nu0knYg1Cz9DBUI+5SCUM0DURYc6RpNRX3d9+DxmyF931kEonp7piGzQ==","tags":{},"tags_all":{}},"after_unknown":{},"before_sensitive":{"tags":{},"tags_all":{}},"after_sensitive":{"tags":{},"tags_all":{}}}},{"address":"aws_nat_gateway.fp-NAT-GW-01","mode":"managed","type":"aws_nat_gateway","name":"fp-NAT-GW-01","provider_name":"registry.terraform.io/hashicorp/aws","change":{"actions":["no-op"],"before":{"allocation_id":"eipalloc-05a5861200399c8ef","association_id":"eipassoc-0b7c34ed04a1cffc2","connectivity_type":"public","id":"nat-0d67acf6eacdf4272","network_interface_id":"eni-0b7e8574a9f916d92","private_ip":"10.10.1.5","public_ip":"3.34.161.110","secondary_allocation_ids":[],"secondary_private_ip_address_count":0,"secondary_private_ip_addresses":[],"subnet_id":"subnet-073cf2de5de06491e","tags":{"Name":"fp-NAT-GW-01"},"tags_all":{"Name":"fp-NAT-GW-01"},"timeouts":null},"after":{"allocation_id":"eipalloc-05a5861200399c8ef","association_id":"eipassoc-0b7c34ed04a1cffc2","connectivity_type":"public","id":"nat-0d67acf6eacdf4272","network_interface_id":"eni-0b7e8574a9f916d92","private_ip":"10.10.1.5","public_ip":"3.34.161.110","secondary_allocation_ids":[],"secondary_private_ip_address_count":0,"secondary_private_ip_addresses":[],"subnet_id":"subnet-073cf2de5de06491e","tags":{"Name":"fp-NAT-GW-01"},"tags_all":{"Name":"fp-NAT-GW-01"},"timeouts":null},"after_unknown":{},"before_sensitive":{"secondary_allocation_ids":[],"secondary_private_ip_addresses":[],"tags":{},"tags_all":{}},"after_sensitive":{"secondary_allocation_ids":[],"secondary_private_ip_addresses":[],"tags":{},"tags_all":{}}}},{"address":"aws_nat_gateway.fp-NAT-GW-02","mode":"managed","type":"aws_nat_gateway","name":"fp-NAT-GW-02","provider_name":"registry.terraform.io/hashicorp/aws","change":{"actions":["no-op"],"before":{"allocation_id":"eipalloc-0ea4524ba87422793","association_id":"eipassoc-0a824772c581bddb9","connectivity_type":"public","id":"nat-0b4d2e50bf0ac6421","network_interface_id":"eni-0b77da32d2e9adc8d","private_ip":"10.10.2.119","public_ip":"3.39.32.243","secondary_allocation_ids":[],"secondary_private_ip_address_count":0,"secondary_private_ip_addresses":[],"subnet_id":"subnet-0c3ca3e4ac8a06a47","tags":{"Name":"fp-NAT-GW-02"},"tags_all":{"Name":"fp-NAT-GW-02"},"timeouts":null},"after":{"allocation_id":"eipalloc-0ea4524ba87422793","association_id":"eipassoc-0a824772c581bddb9","connectivity_type":"public","id":"nat-0b4d2e50bf0ac6421","network_interface_id":"eni-0b77da32d2e9adc8d","private_ip":"10.10.2.119","public_ip":"3.39.32.243","secondary_allocation_ids":[],"secondary_private_ip_address_count":0,"secondary_private_ip_addresses":[],"subnet_id":"subnet-0c3ca3e4ac8a06a47","tags":{"Name":"fp-NAT-GW-02"},"tags_all":{"Name":"fp-NAT-GW-02"},"timeouts":null},"after_unknown":{},"before_sensitive":{"secondary_allocation_ids":[],"secondary_private_ip_addresses":[],"tags":{},"tags_all":{}},"after_sensitive":{"secondary_allocation_ids":[],"secondary_private_ip_addresses":[],"tags":{},"tags_all":{}}}},{"address":"aws_route_table.fp-Private-routingtable","mode":"managed","type":"aws_route_table","name":"fp-Private-routingtable","provider_name":"registry.terraform.io/hashicorp/aws","change":{"actions":["update"],"before":{"arn":"arn:aws:ec2:ap-northeast-2:339712848231:route-table/rtb-0849e13076d1b0ba0","id":"rtb-0849e13076d1b0ba0","owner_id":"339712848231","propagating_vgws":[],"route":[{"carrier_gateway_id":"","cidr_block":"0.0.0.0/0","core_network_arn":"","destination_prefix_list_id":"","egress_only_gateway_id":"","gateway_id":"","ipv6_cidr_block":"","local_gateway_id":"","nat_gateway_id":"nat-0d67acf6eacdf4272","network_interface_id":"","transit_gateway_id":"","vpc_endpoint_id":"","vpc_peering_connection_id":""},{"carrier_gateway_id":"","cidr_block":"172.24.0.0/24","core_network_arn":"","destination_prefix_list_id":"","egress_only_gateway_id":"","gateway_id":"vgw-077a187c51cd98b80","ipv6_cidr_block":"","local_gateway_id":"","nat_gateway_id":"","network_interface_id":"","transit_gateway_id":"","vpc_endpoint_id":"","vpc_peering_connection_id":""}],"tags":{"Name":"fp-Private01-routingtable"},"tags_all":{"Name":"fp-Private01-routingtable"},"timeouts":null,"vpc_id":"vpc-05753ec994a8575d0"},"after":{"arn":"arn:aws:ec2:ap-northeast-2:339712848231:route-table/rtb-0849e13076d1b0ba0","id":"rtb-0849e13076d1b0ba0","owner_id":"339712848231","propagating_vgws":[],"route":[{"carrier_gateway_id":"","cidr_block":"0.0.0.0/0","core_network_arn":"","destination_prefix_list_id":"","egress_only_gateway_id":"","gateway_id":"nat-0d67acf6eacdf4272","ipv6_cidr_block":"","local_gateway_id":"","nat_gateway_id":"","network_interface_id":"","transit_gateway_id":"","vpc_endpoint_id":"","vpc_peering_connection_id":""},{"carrier_gateway_id":null,"cidr_block":"172.24.0.0/24","core_network_arn":null,"destination_prefix_list_id":null,"egress_only_gateway_id":null,"gateway_id":"vgw-077a187c51cd98b80","ipv6_cidr_block":null,"local_gateway_id":null,"nat_gateway_id":null,"network_interface_id":null,"transit_gateway_id":null,"vpc_endpoint_id":null,"vpc_peering_connection_id":null}],"tags":{"Name":"fp-Private01-routingtable"},"tags_all":{"Name":"fp-Private01-routingtable"},"timeouts":null,"vpc_id":"vpc-05753ec994a8575d0"},"after_unknown":{},"before_sensitive":{"propagating_vgws":[],"route":[{},{}],"tags":{},"tags_all":{}},"after_sensitive":{"propagating_vgws":[],"route":[{},{}],"tags":{},"tags_all":{}}}},{"address":"aws_route_table.fp-Public-routingtable","mode":"managed","type":"aws_route_table","name":"fp-Public-routingtable","provider_name":"registry.terraform.io/hashicorp/aws","change":{"actions":["no-op"],"before":{"arn":"arn:aws:ec2:ap-northeast-2:339712848231:route-table/rtb-0d5769080ccde0742","id":"rtb-0d5769080ccde0742","owner_id":"339712848231","propagating_vgws":[],"route":[{"carrier_gateway_id":"","cidr_block":"0.0.0.0/0","core_network_arn":"","destination_prefix_list_id":"","egress_only_gateway_id":"","gateway_id":"igw-0d693e1dce952c6b9","ipv6_cidr_block":"","local_gateway_id":"","nat_gateway_id":"","network_interface_id":"","transit_gateway_id":"","vpc_endpoint_id":"","vpc_peering_connection_id":""},{"carrier_gateway_id":"","cidr_block":"172.24.0.0/24","core_network_arn":"","destination_prefix_list_id":"","egress_only_gateway_id":"","gateway_id":"vgw-077a187c51cd98b80","ipv6_cidr_block":"","local_gateway_id":"","nat_gateway_id":"","network_interface_id":"","transit_gateway_id":"","vpc_endpoint_id":"","vpc_peering_connection_id":""}],"tags":{"Name":"fp-Public-routingtable"},"tags_all":{"Name":"fp-Public-routingtable"},"timeouts":null,"vpc_id":"vpc-05753ec994a8575d0"},"after":{"arn":"arn:aws:ec2:ap-northeast-2:339712848231:route-table/rtb-0d5769080ccde0742","id":"rtb-0d5769080ccde0742","owner_id":"339712848231","propagating_vgws":[],"route":[{"carrier_gateway_id":"","cidr_block":"0.0.0.0/0","core_network_arn":"","destination_prefix_list_id":"","egress_only_gateway_id":"","gateway_id":"igw-0d693e1dce952c6b9","ipv6_cidr_block":"","local_gateway_id":"","nat_gateway_id":"","network_interface_id":"","transit_gateway_id":"","vpc_endpoint_id":"","vpc_peering_connection_id":""},{"carrier_gateway_id":"","cidr_block":"172.24.0.0/24","core_network_arn":"","destination_prefix_list_id":"","egress_only_gateway_id":"","gateway_id":"vgw-077a187c51cd98b80","ipv6_cidr_block":"","local_gateway_id":"","nat_gateway_id":"","network_interface_id":"","transit_gateway_id":"","vpc_endpoint_id":"","vpc_peering_connection_id":""}],"tags":{"Name":"fp-Public-routingtable"},"tags_all":{"Name":"fp-Public-routingtable"},"timeouts":null,"vpc_id":"vpc-05753ec994a8575d0"},"after_unknown":{},"before_sensitive":{"propagating_vgws":[],"route":[{},{}],"tags":{},"tags_all":{}},"after_sensitive":{"propagating_vgws":[],"route":[{},{}],"tags":{},"tags_all":{}}}},{"address":"aws_route_table_association.private01-connection","mode":"managed","type":"aws_route_table_association","name":"private01-connection","provider_name":"registry.terraform.io/hashicorp/aws","change":{"actions":["no-op"],"before":{"gateway_id":"","id":"rtbassoc-07f5d3216a786d9e5","route_table_id":"rtb-0849e13076d1b0ba0","subnet_id":"subnet-0acefee10916d349b","timeouts":null},"after":{"gateway_id":"","id":"rtbassoc-07f5d3216a786d9e5","route_table_id":"rtb-0849e13076d1b0ba0","subnet_id":"subnet-0acefee10916d349b","timeouts":null},"after_unknown":{},"before_sensitive":{},"after_sensitive":{}}},{"address":"aws_route_table_association.private02-connection","mode":"managed","type":"aws_route_table_association","name":"private02-connection","provider_name":"registry.terraform.io/hashicorp/aws","change":{"actions":["no-op"],"before":{"gateway_id":"","id":"rtbassoc-05e2c560852927d7f","route_table_id":"rtb-0849e13076d1b0ba0","subnet_id":"subnet-0a76f34827ba2c50f","timeouts":null},"after":{"gateway_id":"","id":"rtbassoc-05e2c560852927d7f","route_table_id":"rtb-0849e13076d1b0ba0","subnet_id":"subnet-0a76f34827ba2c50f","timeouts":null},"after_unknown":{},"before_sensitive":{},"after_sensitive":{}}},{"address":"aws_route_table_association.public01-connection","mode":"managed","type":"aws_route_table_association","name":"public01-connection","provider_name":"registry.terraform.io/hashicorp/aws","change":{"actions":["no-op"],"before":{"gateway_id":"","id":"rtbassoc-024078ea5c8a1af22","route_table_id":"rtb-0d5769080ccde0742","subnet_id":"subnet-073cf2de5de06491e","timeouts":null},"after":{"gateway_id":"","id":"rtbassoc-024078ea5c8a1af22","route_table_id":"rtb-0d5769080ccde0742","subnet_id":"subnet-073cf2de5de06491e","timeouts":null},"after_unknown":{},"before_sensitive":{},"after_sensitive":{}}},{"address":"aws_route_table_association.public02-connection","mode":"managed","type":"aws_route_table_association","name":"public02-connection","provider_name":"registry.terraform.io/hashicorp/aws","change":{"actions":["no-op"],"before":{"gateway_id":"","id":"rtbassoc-02c2921f873b009e5","route_table_id":"rtb-0d5769080ccde0742","subnet_id":"subnet-0c3ca3e4ac8a06a47","timeouts":null},"after":{"gateway_id":"","id":"rtbassoc-02c2921f873b009e5","route_table_id":"rtb-0d5769080ccde0742","subnet_id":"subnet-0c3ca3e4ac8a06a47","timeouts":null},"after_unknown":{},"before_sensitive":{},"after_sensitive":{}}},{"address":"aws_security_group.fp-test","mode":"managed","type":"aws_security_group","name":"fp-test","provider_name":"registry.terraform.io/hashicorp/aws","change":{"actions":["no-op"],"before":{"arn":"arn:aws:ec2:ap-northeast-2:339712848231:security-group/sg-07f2cd8c2aafa4373","description":"Managed by Terraform","egress":[{"cidr_blocks":["0.0.0.0/0"],"description":"","from_port":0,"ipv6_cidr_blocks":[],"prefix_list_ids":[],"protocol":"-1","security_groups":[],"self":false,"to_port":0}],"id":"sg-07f2cd8c2aafa4373","ingress":[{"cidr_blocks":["0.0.0.0/0"],"description":"","from_port":0,"ipv6_cidr_blocks":[],"prefix_list_ids":[],"protocol":"-1","security_groups":[],"self":false,"to_port":0}],"name":"fp-test","name_prefix":"","owner_id":"339712848231","revoke_rules_on_delete":false,"tags":{"Name":"test_security_group"},"tags_all":{"Name":"test_security_group"},"timeouts":null,"vpc_id":"vpc-05753ec994a8575d0"},"after":{"arn":"arn:aws:ec2:ap-northeast-2:339712848231:security-group/sg-07f2cd8c2aafa4373","description":"Managed by Terraform","egress":[{"cidr_blocks":["0.0.0.0/0"],"description":"","from_port":0,"ipv6_cidr_blocks":[],"prefix_list_ids":[],"protocol":"-1","security_groups":[],"self":false,"to_port":0}],"id":"sg-07f2cd8c2aafa4373","ingress":[{"cidr_blocks":["0.0.0.0/0"],"description":"","from_port":0,"ipv6_cidr_blocks":[],"prefix_list_ids":[],"protocol":"-1","security_groups":[],"self":false,"to_port":0}],"name":"fp-test","name_prefix":"","owner_id":"339712848231","revoke_rules_on_delete":false,"tags":{"Name":"test_security_group"},"tags_all":{"Name":"test_security_group"},"timeouts":null,"vpc_id":"vpc-05753ec994a8575d0"},"after_unknown":{},"before_sensitive":{"egress":[{"cidr_blocks":[false],"ipv6_cidr_blocks":[],"prefix_list_ids":[],"security_groups":[]}],"ingress":[{"cidr_blocks":[false],"ipv6_cidr_blocks":[],"prefix_list_ids":[],"security_groups":[]}],"tags":{},"tags_all":{}},"after_sensitive":{"egress":[{"cidr_blocks":[false],"ipv6_cidr_blocks":[],"prefix_list_ids":[],"security_groups":[]}],"ingress":[{"cidr_blocks":[false],"ipv6_cidr_blocks":[],"prefix_list_ids":[],"security_groups":[]}],"tags":{},"tags_all":{}}}},{"address":"aws_subnet.fp-Private-Subnet-01","mode":"managed","type":"aws_subnet","name":"fp-Private-Subnet-01","provider_name":"registry.terraform.io/hashicorp/aws","change":{"actions":["no-op"],"before":{"arn":"arn:aws:ec2:ap-northeast-2:339712848231:subnet/subnet-0acefee10916d349b","assign_ipv6_address_on_creation":false,"availability_zone":"ap-northeast-2a","availability_zone_id":"apne2-az1","cidr_block":"10.10.3.0/24","customer_owned_ipv4_pool":"","enable_dns64":false,"enable_lni_at_device_index":0,"enable_resource_name_dns_a_record_on_launch":false,"enable_resource_name_dns_aaaa_record_on_launch":false,"id":"subnet-0acefee10916d349b","ipv6_cidr_block":"","ipv6_cidr_block_association_id":"","ipv6_native":false,"map_customer_owned_ip_on_launch":false,"map_public_ip_on_launch":false,"outpost_arn":"","owner_id":"339712848231","private_dns_hostname_type_on_launch":"ip-name","tags":{"Name":"fp-Private-Subnet-01"},"tags_all":{"Name":"fp-Private-Subnet-01"},"timeouts":null,"vpc_id":"vpc-05753ec994a8575d0"},"after":{"arn":"arn:aws:ec2:ap-northeast-2:339712848231:subnet/subnet-0acefee10916d349b","assign_ipv6_address_on_creation":false,"availability_zone":"ap-northeast-2a","availability_zone_id":"apne2-az1","cidr_block":"10.10.3.0/24","customer_owned_ipv4_pool":"","enable_dns64":false,"enable_lni_at_device_index":0,"enable_resource_name_dns_a_record_on_launch":false,"enable_resource_name_dns_aaaa_record_on_launch":false,"id":"subnet-0acefee10916d349b","ipv6_cidr_block":"","ipv6_cidr_block_association_id":"","ipv6_native":false,"map_customer_owned_ip_on_launch":false,"map_public_ip_on_launch":false,"outpost_arn":"","owner_id":"339712848231","private_dns_hostname_type_on_launch":"ip-name","tags":{"Name":"fp-Private-Subnet-01"},"tags_all":{"Name":"fp-Private-Subnet-01"},"timeouts":null,"vpc_id":"vpc-05753ec994a8575d0"},"after_unknown":{},"before_sensitive":{"tags":{},"tags_all":{}},"after_sensitive":{"tags":{},"tags_all":{}}}},{"address":"aws_subnet.fp-Private-Subnet-02","mode":"managed","type":"aws_subnet","name":"fp-Private-Subnet-02","provider_name":"registry.terraform.io/hashicorp/aws","change":{"actions":["no-op"],"before":{"arn":"arn:aws:ec2:ap-northeast-2:339712848231:subnet/subnet-0a76f34827ba2c50f","assign_ipv6_address_on_creation":false,"availability_zone":"ap-northeast-2c","availability_zone_id":"apne2-az3","cidr_block":"10.10.4.0/24","customer_owned_ipv4_pool":"","enable_dns64":false,"enable_lni_at_device_index":0,"enable_resource_name_dns_a_record_on_launch":false,"enable_resource_name_dns_aaaa_record_on_launch":false,"id":"subnet-0a76f34827ba2c50f","ipv6_cidr_block":"","ipv6_cidr_block_association_id":"","ipv6_native":false,"map_customer_owned_ip_on_launch":false,"map_public_ip_on_launch":false,"outpost_arn":"","owner_id":"339712848231","private_dns_hostname_type_on_launch":"ip-name","tags":{"Name":"fp-Private-Subnet-02"},"tags_all":{"Name":"fp-Private-Subnet-02"},"timeouts":null,"vpc_id":"vpc-05753ec994a8575d0"},"after":{"arn":"arn:aws:ec2:ap-northeast-2:339712848231:subnet/subnet-0a76f34827ba2c50f","assign_ipv6_address_on_creation":false,"availability_zone":"ap-northeast-2c","availability_zone_id":"apne2-az3","cidr_block":"10.10.4.0/24","customer_owned_ipv4_pool":"","enable_dns64":false,"enable_lni_at_device_index":0,"enable_resource_name_dns_a_record_on_launch":false,"enable_resource_name_dns_aaaa_record_on_launch":false,"id":"subnet-0a76f34827ba2c50f","ipv6_cidr_block":"","ipv6_cidr_block_association_id":"","ipv6_native":false,"map_customer_owned_ip_on_launch":false,"map_public_ip_on_launch":false,"outpost_arn":"","owner_id":"339712848231","private_dns_hostname_type_on_launch":"ip-name","tags":{"Name":"fp-Private-Subnet-02"},"tags_all":{"Name":"fp-Private-Subnet-02"},"timeouts":null,"vpc_id":"vpc-05753ec994a8575d0"},"after_unknown":{},"before_sensitive":{"tags":{},"tags_all":{}},"after_sensitive":{"tags":{},"tags_all":{}}}},{"address":"aws_subnet.fp-Public-Subnet-01","mode":"managed","type":"aws_subnet","name":"fp-Public-Subnet-01","provider_name":"registry.terraform.io/hashicorp/aws","change":{"actions":["no-op"],"before":{"arn":"arn:aws:ec2:ap-northeast-2:339712848231:subnet/subnet-073cf2de5de06491e","assign_ipv6_address_on_creation":false,"availability_zone":"ap-northeast-2a","availability_zone_id":"apne2-az1","cidr_block":"10.10.1.0/24","customer_owned_ipv4_pool":"","enable_dns64":false,"enable_lni_at_device_index":0,"enable_resource_name_dns_a_record_on_launch":false,"enable_resource_name_dns_aaaa_record_on_launch":false,"id":"subnet-073cf2de5de06491e","ipv6_cidr_block":"","ipv6_cidr_block_association_id":"","ipv6_native":false,"map_customer_owned_ip_on_launch":false,"map_public_ip_on_launch":false,"outpost_arn":"","owner_id":"339712848231","private_dns_hostname_type_on_launch":"ip-name","tags":{"Name":"fp-Public-Subnet-01"},"tags_all":{"Name":"fp-Public-Subnet-01"},"timeouts":null,"vpc_id":"vpc-05753ec994a8575d0"},"after":{"arn":"arn:aws:ec2:ap-northeast-2:339712848231:subnet/subnet-073cf2de5de06491e","assign_ipv6_address_on_creation":false,"availability_zone":"ap-northeast-2a","availability_zone_id":"apne2-az1","cidr_block":"10.10.1.0/24","customer_owned_ipv4_pool":"","enable_dns64":false,"enable_lni_at_device_index":0,"enable_resource_name_dns_a_record_on_launch":false,"enable_resource_name_dns_aaaa_record_on_launch":false,"id":"subnet-073cf2de5de06491e","ipv6_cidr_block":"","ipv6_cidr_block_association_id":"","ipv6_native":false,"map_customer_owned_ip_on_launch":false,"map_public_ip_on_launch":false,"outpost_arn":"","owner_id":"339712848231","private_dns_hostname_type_on_launch":"ip-name","tags":{"Name":"fp-Public-Subnet-01"},"tags_all":{"Name":"fp-Public-Subnet-01"},"timeouts":null,"vpc_id":"vpc-05753ec994a8575d0"},"after_unknown":{},"before_sensitive":{"tags":{},"tags_all":{}},"after_sensitive":{"tags":{},"tags_all":{}}}},{"address":"aws_subnet.fp-Public-Subnet-02","mode":"managed","type":"aws_subnet","name":"fp-Public-Subnet-02","provider_name":"registry.terraform.io/hashicorp/aws","change":{"actions":["no-op"],"before":{"arn":"arn:aws:ec2:ap-northeast-2:339712848231:subnet/subnet-0c3ca3e4ac8a06a47","assign_ipv6_address_on_creation":false,"availability_zone":"ap-northeast-2c","availability_zone_id":"apne2-az3","cidr_block":"10.10.2.0/24","customer_owned_ipv4_pool":"","enable_dns64":false,"enable_lni_at_device_index":0,"enable_resource_name_dns_a_record_on_launch":false,"enable_resource_name_dns_aaaa_record_on_launch":false,"id":"subnet-0c3ca3e4ac8a06a47","ipv6_cidr_block":"","ipv6_cidr_block_association_id":"","ipv6_native":false,"map_customer_owned_ip_on_launch":false,"map_public_ip_on_launch":false,"outpost_arn":"","owner_id":"339712848231","private_dns_hostname_type_on_launch":"ip-name","tags":{"Name":"fp-Public-Subnet-02"},"tags_all":{"Name":"fp-Public-Subnet-02"},"timeouts":null,"vpc_id":"vpc-05753ec994a8575d0"},"after":{"arn":"arn:aws:ec2:ap-northeast-2:339712848231:subnet/subnet-0c3ca3e4ac8a06a47","assign_ipv6_address_on_creation":false,"availability_zone":"ap-northeast-2c","availability_zone_id":"apne2-az3","cidr_block":"10.10.2.0/24","customer_owned_ipv4_pool":"","enable_dns64":false,"enable_lni_at_device_index":0,"enable_resource_name_dns_a_record_on_launch":false,"enable_resource_name_dns_aaaa_record_on_launch":false,"id":"subnet-0c3ca3e4ac8a06a47","ipv6_cidr_block":"","ipv6_cidr_block_association_id":"","ipv6_native":false,"map_customer_owned_ip_on_launch":false,"map_public_ip_on_launch":false,"outpost_arn":"","owner_id":"339712848231","private_dns_hostname_type_on_launch":"ip-name","tags":{"Name":"fp-Public-Subnet-02"},"tags_all":{"Name":"fp-Public-Subnet-02"},"timeouts":null,"vpc_id":"vpc-05753ec994a8575d0"},"after_unknown":{},"before_sensitive":{"tags":{},"tags_all":{}},"after_sensitive":{"tags":{},"tags_all":{}}}},{"address":"aws_vpc.fp-VPC","mode":"managed","type":"aws_vpc","name":"fp-VPC","provider_name":"registry.terraform.io/hashicorp/aws","change":{"actions":["no-op"],"before":{"arn":"arn:aws:ec2:ap-northeast-2:339712848231:vpc/vpc-05753ec994a8575d0","assign_generated_ipv6_cidr_block":false,"cidr_block":"10.10.0.0/16","default_network_acl_id":"acl-06de009b495462df8","default_route_table_id":"rtb-0e653c782363a8f4b","default_security_group_id":"sg-04232ac0d035cc7df","dhcp_options_id":"dopt-0bd5db2af2007fb3b","enable_dns_hostnames":false,"enable_dns_support":true,"enable_network_address_usage_metrics":false,"id":"vpc-05753ec994a8575d0","instance_tenancy":"default","ipv4_ipam_pool_id":null,"ipv4_netmask_length":null,"ipv6_association_id":"","ipv6_cidr_block":"","ipv6_cidr_block_network_border_group":"","ipv6_ipam_pool_id":"","ipv6_netmask_length":0,"main_route_table_id":"rtb-0e653c782363a8f4b","owner_id":"339712848231","tags":{"Name":"fp-VPC"},"tags_all":{"Name":"fp-VPC"}},"after":{"arn":"arn:aws:ec2:ap-northeast-2:339712848231:vpc/vpc-05753ec994a8575d0","assign_generated_ipv6_cidr_block":false,"cidr_block":"10.10.0.0/16","default_network_acl_id":"acl-06de009b495462df8","default_route_table_id":"rtb-0e653c782363a8f4b","default_security_group_id":"sg-04232ac0d035cc7df","dhcp_options_id":"dopt-0bd5db2af2007fb3b","enable_dns_hostnames":false,"enable_dns_support":true,"enable_network_address_usage_metrics":false,"id":"vpc-05753ec994a8575d0","instance_tenancy":"default","ipv4_ipam_pool_id":null,"ipv4_netmask_length":null,"ipv6_association_id":"","ipv6_cidr_block":"","ipv6_cidr_block_network_border_group":"","ipv6_ipam_pool_id":"","ipv6_netmask_length":0,"main_route_table_id":"rtb-0e653c782363a8f4b","owner_id":"339712848231","tags":{"Name":"fp-VPC"},"tags_all":{"Name":"fp-VPC"}},"after_unknown":{},"before_sensitive":{"tags":{},"tags_all":{}},"after_sensitive":{"tags":{},"tags_all":{}}}},{"address":"aws_vpn_connection.fp-VPN-connection","mode":"managed","type":"aws_vpn_connection","name":"fp-VPN-connection","provider_name":"registry.terraform.io/hashicorp/aws","change":{"actions":["no-op"],"before":{"arn":"arn:aws:ec2:ap-northeast-2:339712848231:vpn-connection/vpn-03ec4120078f7280b","core_network_arn":"","core_network_attachment_arn":"","customer_gateway_configuration":"\u003c?xml version=\"1.0\" encoding=\"UTF-8\"?\u003e\n\u003cvpn_connection id=\"vpn-03ec4120078f7280b\"\u003e\n  \u003ccustomer_gateway_id\u003ecgw-0dcc45d9bead7f198\u003c/customer_gateway_id\u003e\n  \u003cvpn_gateway_id\u003evgw-077a187c51cd98b80\u003c/vpn_gateway_id\u003e\n  \u003cvpn_connection_type\u003eipsec.1\u003c/vpn_connection_type\u003e\n  \u003cvpn_connection_attributes\u003eNoBGPVPNConnection\u003c/vpn_connection_attributes\u003e\n  \u003cipsec_tunnel\u003e\n    \u003ccustomer_gateway\u003e\n      \u003ctunnel_outside_address\u003e\n        \u003cip_address\u003e175.196.82.2\u003c/ip_address\u003e\n      \u003c/tunnel_outside_address\u003e\n      \u003ctunnel_inside_address\u003e\n        \u003cip_address\u003e169.254.73.226\u003c/ip_address\u003e\n        \u003cnetwork_mask\u003e255.255.255.252\u003c/network_mask\u003e\n        \u003cnetwork_cidr\u003e30\u003c/network_cidr\u003e\n      \u003c/tunnel_inside_address\u003e\n    \u003c/customer_gateway\u003e\n    \u003cvpn_gateway\u003e\n      \u003ctunnel_outside_address\u003e\n        \u003cip_address\u003e3.37.102.6\u003c/ip_address\u003e\n      \u003c/tunnel_outside_address\u003e\n      \u003ctunnel_inside_address\u003e\n        \u003cip_address\u003e169.254.73.225\u003c/ip_address\u003e\n        \u003cnetwork_mask\u003e255.255.255.252\u003c/network_mask\u003e\n        \u003cnetwork_cidr\u003e30\u003c/network_cidr\u003e\n      \u003c/tunnel_inside_address\u003e\n    \u003c/vpn_gateway\u003e\n    \u003cike\u003e\n      \u003cauthentication_protocol\u003esha1\u003c/authentication_protocol\u003e\n      \u003cencryption_protocol\u003eaes-128-cbc\u003c/encryption_protocol\u003e\n      \u003clifetime\u003e28800\u003c/lifetime\u003e\n      \u003cperfect_forward_secrecy\u003egroup2\u003c/perfect_forward_secrecy\u003e\n      \u003cmode\u003emain\u003c/mode\u003e\n      \u003cpre_shared_key\u003etestkeys\u003c/pre_shared_key\u003e\n    \u003c/ike\u003e\n    \u003cipsec\u003e\n      \u003cprotocol\u003eesp\u003c/protocol\u003e\n      \u003cauthentication_protocol\u003ehmac-sha1-96\u003c/authentication_protocol\u003e\n      \u003cencryption_protocol\u003eaes-128-cbc\u003c/encryption_protocol\u003e\n      \u003clifetime\u003e3600\u003c/lifetime\u003e\n      \u003cperfect_forward_secrecy\u003egroup2\u003c/perfect_forward_secrecy\u003e\n      \u003cmode\u003etunnel\u003c/mode\u003e\n      \u003cclear_df_bit\u003etrue\u003c/clear_df_bit\u003e\n      \u003cfragmentation_before_encryption\u003etrue\u003c/fragmentation_before_encryption\u003e\n      \u003ctcp_mss_adjustment\u003e1379\u003c/tcp_mss_adjustment\u003e\n      \u003cdead_peer_detection\u003e\n        \u003cinterval\u003e10\u003c/interval\u003e\n        \u003cretries\u003e3\u003c/retries\u003e\n      \u003c/dead_peer_detection\u003e\n    \u003c/ipsec\u003e\n  \u003c/ipsec_tunnel\u003e\n  \u003cipsec_tunnel\u003e\n    \u003ccustomer_gateway\u003e\n      \u003ctunnel_outside_address\u003e\n        \u003cip_address\u003e175.196.82.2\u003c/ip_address\u003e\n      \u003c/tunnel_outside_address\u003e\n      \u003ctunnel_inside_address\u003e\n        \u003cip_address\u003e169.254.121.182\u003c/ip_address\u003e\n        \u003cnetwork_mask\u003e255.255.255.252\u003c/network_mask\u003e\n        \u003cnetwork_cidr\u003e30\u003c/network_cidr\u003e\n      \u003c/tunnel_inside_address\u003e\n    \u003c/customer_gateway\u003e\n    \u003cvpn_gateway\u003e\n      \u003ctunnel_outside_address\u003e\n        \u003cip_address\u003e43.203.39.87\u003c/ip_address\u003e\n      \u003c/tunnel_outside_address\u003e\n      \u003ctunnel_inside_address\u003e\n        \u003cip_address\u003e169.254.121.181\u003c/ip_address\u003e\n        \u003cnetwork_mask\u003e255.255.255.252\u003c/network_mask\u003e\n        \u003cnetwork_cidr\u003e30\u003c/network_cidr\u003e\n      \u003c/tunnel_inside_address\u003e\n    \u003c/vpn_gateway\u003e\n    \u003cike\u003e\n      \u003cauthentication_protocol\u003esha1\u003c/authentication_protocol\u003e\n      \u003cencryption_protocol\u003eaes-128-cbc\u003c/encryption_protocol\u003e\n      \u003clifetime\u003e28800\u003c/lifetime\u003e\n      \u003cperfect_forward_secrecy\u003egroup2\u003c/perfect_forward_secrecy\u003e\n      \u003cmode\u003emain\u003c/mode\u003e\n      \u003cpre_shared_key\u003etestkeys\u003c/pre_shared_key\u003e\n    \u003c/ike\u003e\n    \u003cipsec\u003e\n      \u003cprotocol\u003eesp\u003c/protocol\u003e\n      \u003cauthentication_protocol\u003ehmac-sha1-96\u003c/authentication_protocol\u003e\n      \u003cencryption_protocol\u003eaes-128-cbc\u003c/encryption_protocol\u003e\n      \u003clifetime\u003e3600\u003c/lifetime\u003e\n      \u003cperfect_forward_secrecy\u003egroup2\u003c/perfect_forward_secrecy\u003e\n      \u003cmode\u003etunnel\u003c/mode\u003e\n      \u003cclear_df_bit\u003etrue\u003c/clear_df_bit\u003e\n      \u003cfragmentation_before_encryption\u003etrue\u003c/fragmentation_before_encryption\u003e\n      \u003ctcp_mss_adjustment\u003e1379\u003c/tcp_mss_adjustment\u003e\n      \u003cdead_peer_detection\u003e\n        \u003cinterval\u003e10\u003c/interval\u003e\n        \u003cretries\u003e3\u003c/retries\u003e\n      \u003c/dead_peer_detection\u003e\n    \u003c/ipsec\u003e\n  \u003c/ipsec_tunnel\u003e\n\u003c/vpn_connection\u003e\n","customer_gateway_id":"cgw-0dcc45d9bead7f198","enable_acceleration":false,"id":"vpn-03ec4120078f7280b","local_ipv4_network_cidr":"172.24.0.0/24","local_ipv6_network_cidr":"","outside_ip_address_type":"PublicIpv4","remote_ipv4_network_cidr":"10.10.0.0/16","remote_ipv6_network_cidr":"","routes":[{"destination_cidr_block":"172.24.0.0/24","source":"","state":"available"}],"static_routes_only":true,"tags":{"Name":"fp-SiteToSite-VPN-Connection"},"tags_all":{"Name":"fp-SiteToSite-VPN-Connection"},"transit_gateway_attachment_id":"","transit_gateway_id":"","transport_transit_gateway_attachment_id":"","tunnel1_address":"3.37.102.6","tunnel1_bgp_asn":"","tunnel1_bgp_holdtime":0,"tunnel1_cgw_inside_address":"169.254.73.226","tunnel1_dpd_timeout_action":"","tunnel1_dpd_timeout_seconds":0,"tunnel1_enable_tunnel_lifecycle_control":false,"tunnel1_ike_versions":[],"tunnel1_inside_cidr":"169.254.73.224/30","tunnel1_inside_ipv6_cidr":"","tunnel1_log_options":[{"cloudwatch_log_options":[{"log_enabled":false,"log_group_arn":"","log_output_format":""}]}],"tunnel1_phase1_dh_group_numbers":[],"tunnel1_phase1_encryption_algorithms":[],"tunnel1_phase1_integrity_algorithms":[],"tunnel1_phase1_lifetime_seconds":0,"tunnel1_phase2_dh_group_numbers":[],"tunnel1_phase2_encryption_algorithms":[],"tunnel1_phase2_integrity_algorithms":[],"tunnel1_phase2_lifetime_seconds":0,"tunnel1_preshared_key":"testkeys","tunnel1_rekey_fuzz_percentage":0,"tunnel1_rekey_margin_time_seconds":0,"tunnel1_replay_window_size":0,"tunnel1_startup_action":"","tunnel1_vgw_inside_address":"169.254.73.225","tunnel2_address":"43.203.39.87","tunnel2_bgp_asn":"","tunnel2_bgp_holdtime":0,"tunnel2_cgw_inside_address":"169.254.121.182","tunnel2_dpd_timeout_action":"","tunnel2_dpd_timeout_seconds":0,"tunnel2_enable_tunnel_lifecycle_control":false,"tunnel2_ike_versions":[],"tunnel2_inside_cidr":"169.254.121.180/30","tunnel2_inside_ipv6_cidr":"","tunnel2_log_options":[{"cloudwatch_log_options":[{"log_enabled":false,"log_group_arn":"","log_output_format":""}]}],"tunnel2_phase1_dh_group_numbers":[],"tunnel2_phase1_encryption_algorithms":[],"tunnel2_phase1_integrity_algorithms":[],"tunnel2_phase1_lifetime_seconds":0,"tunnel2_phase2_dh_group_numbers":[],"tunnel2_phase2_encryption_algorithms":[],"tunnel2_phase2_integrity_algorithms":[],"tunnel2_phase2_lifetime_seconds":0,"tunnel2_preshared_key":"testkeys","tunnel2_rekey_fuzz_percentage":0,"tunnel2_rekey_margin_time_seconds":0,"tunnel2_replay_window_size":0,"tunnel2_startup_action":"","tunnel2_vgw_inside_address":"169.254.121.181","tunnel_inside_ip_version":"ipv4","type":"ipsec.1","vgw_telemetry":[{"accepted_route_count":1,"certificate_arn":"","last_status_change":"2024-08-22T02:49:51Z","outside_ip_address":"43.203.39.87","status":"DOWN","status_message":""},{"accepted_route_count":1,"certificate_arn":"","last_status_change":"2024-08-22T02:50:21Z","outside_ip_address":"3.37.102.6","status":"DOWN","status_message":""}],"vpn_gateway_id":"vgw-077a187c51cd98b80"},"after":{"arn":"arn:aws:ec2:ap-northeast-2:339712848231:vpn-connection/vpn-03ec4120078f7280b","core_network_arn":"","core_network_attachment_arn":"","customer_gateway_configuration":"\u003c?xml version=\"1.0\" encoding=\"UTF-8\"?\u003e\n\u003cvpn_connection id=\"vpn-03ec4120078f7280b\"\u003e\n  \u003ccustomer_gateway_id\u003ecgw-0dcc45d9bead7f198\u003c/customer_gateway_id\u003e\n  \u003cvpn_gateway_id\u003evgw-077a187c51cd98b80\u003c/vpn_gateway_id\u003e\n  \u003cvpn_connection_type\u003eipsec.1\u003c/vpn_connection_type\u003e\n  \u003cvpn_connection_attributes\u003eNoBGPVPNConnection\u003c/vpn_connection_attributes\u003e\n  \u003cipsec_tunnel\u003e\n    \u003ccustomer_gateway\u003e\n      \u003ctunnel_outside_address\u003e\n        \u003cip_address\u003e175.196.82.2\u003c/ip_address\u003e\n      \u003c/tunnel_outside_address\u003e\n      \u003ctunnel_inside_address\u003e\n        \u003cip_address\u003e169.254.73.226\u003c/ip_address\u003e\n        \u003cnetwork_mask\u003e255.255.255.252\u003c/network_mask\u003e\n        \u003cnetwork_cidr\u003e30\u003c/network_cidr\u003e\n      \u003c/tunnel_inside_address\u003e\n    \u003c/customer_gateway\u003e\n    \u003cvpn_gateway\u003e\n      \u003ctunnel_outside_address\u003e\n        \u003cip_address\u003e3.37.102.6\u003c/ip_address\u003e\n      \u003c/tunnel_outside_address\u003e\n      \u003ctunnel_inside_address\u003e\n        \u003cip_address\u003e169.254.73.225\u003c/ip_address\u003e\n        \u003cnetwork_mask\u003e255.255.255.252\u003c/network_mask\u003e\n        \u003cnetwork_cidr\u003e30\u003c/network_cidr\u003e\n      \u003c/tunnel_inside_address\u003e\n    \u003c/vpn_gateway\u003e\n    \u003cike\u003e\n      \u003cauthentication_protocol\u003esha1\u003c/authentication_protocol\u003e\n      \u003cencryption_protocol\u003eaes-128-cbc\u003c/encryption_protocol\u003e\n      \u003clifetime\u003e28800\u003c/lifetime\u003e\n      \u003cperfect_forward_secrecy\u003egroup2\u003c/perfect_forward_secrecy\u003e\n      \u003cmode\u003emain\u003c/mode\u003e\n      \u003cpre_shared_key\u003etestkeys\u003c/pre_shared_key\u003e\n    \u003c/ike\u003e\n    \u003cipsec\u003e\n      \u003cprotocol\u003eesp\u003c/protocol\u003e\n      \u003cauthentication_protocol\u003ehmac-sha1-96\u003c/authentication_protocol\u003e\n      \u003cencryption_protocol\u003eaes-128-cbc\u003c/encryption_protocol\u003e\n      \u003clifetime\u003e3600\u003c/lifetime\u003e\n      \u003cperfect_forward_secrecy\u003egroup2\u003c/perfect_forward_secrecy\u003e\n      \u003cmode\u003etunnel\u003c/mode\u003e\n      \u003cclear_df_bit\u003etrue\u003c/clear_df_bit\u003e\n      \u003cfragmentation_before_encryption\u003etrue\u003c/fragmentation_before_encryption\u003e\n      \u003ctcp_mss_adjustment\u003e1379\u003c/tcp_mss_adjustment\u003e\n      \u003cdead_peer_detection\u003e\n        \u003cinterval\u003e10\u003c/interval\u003e\n        \u003cretries\u003e3\u003c/retries\u003e\n      \u003c/dead_peer_detection\u003e\n    \u003c/ipsec\u003e\n  \u003c/ipsec_tunnel\u003e\n  \u003cipsec_tunnel\u003e\n    \u003ccustomer_gateway\u003e\n      \u003ctunnel_outside_address\u003e\n        \u003cip_address\u003e175.196.82.2\u003c/ip_address\u003e\n      \u003c/tunnel_outside_address\u003e\n      \u003ctunnel_inside_address\u003e\n        \u003cip_address\u003e169.254.121.182\u003c/ip_address\u003e\n        \u003cnetwork_mask\u003e255.255.255.252\u003c/network_mask\u003e\n        \u003cnetwork_cidr\u003e30\u003c/network_cidr\u003e\n      \u003c/tunnel_inside_address\u003e\n    \u003c/customer_gateway\u003e\n    \u003cvpn_gateway\u003e\n      \u003ctunnel_outside_address\u003e\n        \u003cip_address\u003e43.203.39.87\u003c/ip_address\u003e\n      \u003c/tunnel_outside_address\u003e\n      \u003ctunnel_inside_address\u003e\n        \u003cip_address\u003e169.254.121.181\u003c/ip_address\u003e\n        \u003cnetwork_mask\u003e255.255.255.252\u003c/network_mask\u003e\n        \u003cnetwork_cidr\u003e30\u003c/network_cidr\u003e\n      \u003c/tunnel_inside_address\u003e\n    \u003c/vpn_gateway\u003e\n    \u003cike\u003e\n      \u003cauthentication_protocol\u003esha1\u003c/authentication_protocol\u003e\n      \u003cencryption_protocol\u003eaes-128-cbc\u003c/encryption_protocol\u003e\n      \u003clifetime\u003e28800\u003c/lifetime\u003e\n      \u003cperfect_forward_secrecy\u003egroup2\u003c/perfect_forward_secrecy\u003e\n      \u003cmode\u003emain\u003c/mode\u003e\n      \u003cpre_shared_key\u003etestkeys\u003c/pre_shared_key\u003e\n    \u003c/ike\u003e\n    \u003cipsec\u003e\n      \u003cprotocol\u003eesp\u003c/protocol\u003e\n      \u003cauthentication_protocol\u003ehmac-sha1-96\u003c/authentication_protocol\u003e\n      \u003cencryption_protocol\u003eaes-128-cbc\u003c/encryption_protocol\u003e\n      \u003clifetime\u003e3600\u003c/lifetime\u003e\n      \u003cperfect_forward_secrecy\u003egroup2\u003c/perfect_forward_secrecy\u003e\n      \u003cmode\u003etunnel\u003c/mode\u003e\n      \u003cclear_df_bit\u003etrue\u003c/clear_df_bit\u003e\n      \u003cfragmentation_before_encryption\u003etrue\u003c/fragmentation_before_encryption\u003e\n      \u003ctcp_mss_adjustment\u003e1379\u003c/tcp_mss_adjustment\u003e\n      \u003cdead_peer_detection\u003e\n        \u003cinterval\u003e10\u003c/interval\u003e\n        \u003cretries\u003e3\u003c/retries\u003e\n      \u003c/dead_peer_detection\u003e\n    \u003c/ipsec\u003e\n  \u003c/ipsec_tunnel\u003e\n\u003c/vpn_connection\u003e\n","customer_gateway_id":"cgw-0dcc45d9bead7f198","enable_acceleration":false,"id":"vpn-03ec4120078f7280b","local_ipv4_network_cidr":"172.24.0.0/24","local_ipv6_network_cidr":"","outside_ip_address_type":"PublicIpv4","remote_ipv4_network_cidr":"10.10.0.0/16","remote_ipv6_network_cidr":"","routes":[{"destination_cidr_block":"172.24.0.0/24","source":"","state":"available"}],"static_routes_only":true,"tags":{"Name":"fp-SiteToSite-VPN-Connection"},"tags_all":{"Name":"fp-SiteToSite-VPN-Connection"},"transit_gateway_attachment_id":"","transit_gateway_id":"","transport_transit_gateway_attachment_id":"","tunnel1_address":"3.37.102.6","tunnel1_bgp_asn":"","tunnel1_bgp_holdtime":0,"tunnel1_cgw_inside_address":"169.254.73.226","tunnel1_dpd_timeout_action":"","tunnel1_dpd_timeout_seconds":0,"tunnel1_enable_tunnel_lifecycle_control":false,"tunnel1_ike_versions":[],"tunnel1_inside_cidr":"169.254.73.224/30","tunnel1_inside_ipv6_cidr":"","tunnel1_log_options":[{"cloudwatch_log_options":[{"log_enabled":false,"log_group_arn":"","log_output_format":""}]}],"tunnel1_phase1_dh_group_numbers":[],"tunnel1_phase1_encryption_algorithms":[],"tunnel1_phase1_integrity_algorithms":[],"tunnel1_phase1_lifetime_seconds":0,"tunnel1_phase2_dh_group_numbers":[],"tunnel1_phase2_encryption_algorithms":[],"tunnel1_phase2_integrity_algorithms":[],"tunnel1_phase2_lifetime_seconds":0,"tunnel1_preshared_key":"testkeys","tunnel1_rekey_fuzz_percentage":0,"tunnel1_rekey_margin_time_seconds":0,"tunnel1_replay_window_size":0,"tunnel1_startup_action":"","tunnel1_vgw_inside_address":"169.254.73.225","tunnel2_address":"43.203.39.87","tunnel2_bgp_asn":"","tunnel2_bgp_holdtime":0,"tunnel2_cgw_inside_address":"169.254.121.182","tunnel2_dpd_timeout_action":"","tunnel2_dpd_timeout_seconds":0,"tunnel2_enable_tunnel_lifecycle_control":false,"tunnel2_ike_versions":[],"tunnel2_inside_cidr":"169.254.121.180/30","tunnel2_inside_ipv6_cidr":"","tunnel2_log_options":[{"cloudwatch_log_options":[{"log_enabled":false,"log_group_arn":"","log_output_format":""}]}],"tunnel2_phase1_dh_group_numbers":[],"tunnel2_phase1_encryption_algorithms":[],"tunnel2_phase1_integrity_algorithms":[],"tunnel2_phase1_lifetime_seconds":0,"tunnel2_phase2_dh_group_numbers":[],"tunnel2_phase2_encryption_algorithms":[],"tunnel2_phase2_integrity_algorithms":[],"tunnel2_phase2_lifetime_seconds":0,"tunnel2_preshared_key":"testkeys","tunnel2_rekey_fuzz_percentage":0,"tunnel2_rekey_margin_time_seconds":0,"tunnel2_replay_window_size":0,"tunnel2_startup_action":"","tunnel2_vgw_inside_address":"169.254.121.181","tunnel_inside_ip_version":"ipv4","type":"ipsec.1","vgw_telemetry":[{"accepted_route_count":1,"certificate_arn":"","last_status_change":"2024-08-22T02:49:51Z","outside_ip_address":"43.203.39.87","status":"DOWN","status_message":""},{"accepted_route_count":1,"certificate_arn":"","last_status_change":"2024-08-22T02:50:21Z","outside_ip_address":"3.37.102.6","status":"DOWN","status_message":""}],"vpn_gateway_id":"vgw-077a187c51cd98b80"},"after_unknown":{},"before_sensitive":{"customer_gateway_configuration":true,"routes":[{}],"tags":{},"tags_all":{},"tunnel1_ike_versions":[],"tunnel1_log_options":[{"cloudwatch_log_options":[{}]}],"tunnel1_phase1_dh_group_numbers":[],"tunnel1_phase1_encryption_algorithms":[],"tunnel1_phase1_integrity_algorithms":[],"tunnel1_phase2_dh_group_numbers":[],"tunnel1_phase2_encryption_algorithms":[],"tunnel1_phase2_integrity_algorithms":[],"tunnel1_preshared_key":true,"tunnel2_ike_versions":[],"tunnel2_log_options":[{"cloudwatch_log_options":[{}]}],"tunnel2_phase1_dh_group_numbers":[],"tunnel2_phase1_encryption_algorithms":[],"tunnel2_phase1_integrity_algorithms":[],"tunnel2_phase2_dh_group_numbers":[],"tunnel2_phase2_encryption_algorithms":[],"tunnel2_phase2_integrity_algorithms":[],"tunnel2_preshared_key":true,"vgw_telemetry":[{},{}]},"after_sensitive":{"customer_gateway_configuration":true,"routes":[{}],"tags":{},"tags_all":{},"tunnel1_ike_versions":[],"tunnel1_log_options":[{"cloudwatch_log_options":[{}]}],"tunnel1_phase1_dh_group_numbers":[],"tunnel1_phase1_encryption_algorithms":[],"tunnel1_phase1_integrity_algorithms":[],"tunnel1_phase2_dh_group_numbers":[],"tunnel1_phase2_encryption_algorithms":[],"tunnel1_phase2_integrity_algorithms":[],"tunnel1_preshared_key":true,"tunnel2_ike_versions":[],"tunnel2_log_options":[{"cloudwatch_log_options":[{}]}],"tunnel2_phase1_dh_group_numbers":[],"tunnel2_phase1_encryption_algorithms":[],"tunnel2_phase1_integrity_algorithms":[],"tunnel2_phase2_dh_group_numbers":[],"tunnel2_phase2_encryption_algorithms":[],"tunnel2_phase2_integrity_algorithms":[],"tunnel2_preshared_key":true,"vgw_telemetry":[{},{}]}}},{"address":"aws_vpn_connection_route.fp-VPN-connection-route","mode":"managed","type":"aws_vpn_connection_route","name":"fp-VPN-connection-route","provider_name":"registry.terraform.io/hashicorp/aws","change":{"actions":["no-op"],"before":{"destination_cidr_block":"172.24.0.0/24","id":"172.24.0.0/24:vpn-03ec4120078f7280b","vpn_connection_id":"vpn-03ec4120078f7280b"},"after":{"destination_cidr_block":"172.24.0.0/24","id":"172.24.0.0/24:vpn-03ec4120078f7280b","vpn_connection_id":"vpn-03ec4120078f7280b"},"after_unknown":{},"before_sensitive":{},"after_sensitive":{}}},{"address":"aws_vpn_gateway.fp-VPG","mode":"managed","type":"aws_vpn_gateway","name":"fp-VPG","provider_name":"registry.terraform.io/hashicorp/aws","change":{"actions":["no-op"],"before":{"amazon_side_asn":"64512","arn":"arn:aws:ec2:ap-northeast-2:339712848231:vpn-gateway/vgw-077a187c51cd98b80","availability_zone":null,"id":"vgw-077a187c51cd98b80","tags":{"Name":"fp-VPG"},"tags_all":{"Name":"fp-VPG"},"vpc_id":"vpc-05753ec994a8575d0"},"after":{"amazon_side_asn":"64512","arn":"arn:aws:ec2:ap-northeast-2:339712848231:vpn-gateway/vgw-077a187c51cd98b80","availability_zone":null,"id":"vgw-077a187c51cd98b80","tags":{"Name":"fp-VPG"},"tags_all":{"Name":"fp-VPG"},"vpc_id":"vpc-05753ec994a8575d0"},"after_unknown":{},"before_sensitive":{"tags":{},"tags_all":{}},"after_sensitive":{"tags":{},"tags_all":{}}}},{"address":"aws_vpn_gateway_attachment.fp-VPG-connection","mode":"managed","type":"aws_vpn_gateway_attachment","name":"fp-VPG-connection","provider_name":"registry.terraform.io/hashicorp/aws","change":{"actions":["no-op"],"before":{"id":"vpn-attachment-c861574e","vpc_id":"vpc-05753ec994a8575d0","vpn_gateway_id":"vgw-077a187c51cd98b80"},"after":{"id":"vpn-attachment-c861574e","vpc_id":"vpc-05753ec994a8575d0","vpn_gateway_id":"vgw-077a187c51cd98b80"},"after_unknown":{},"before_sensitive":{},"after_sensitive":{}}},{"address":"local_file.LB_keypair","mode":"managed","type":"local_file","name":"LB_keypair","provider_name":"registry.terraform.io/hashicorp/local","change":{"actions":["no-op"],"before":{"content":"-----BEGIN RSA PRIVATE KEY-----\nMIIJKQIBAAKCAgEAneqWNjO/sqXneAxfzaLODQaaZXiwJP+VbLa64sN/lDLwcBFq\nGN4rph4QttrM6v2eLSlM6ElP8rm34LlvlohDRsDziEtapUiKTeyMOIgdJ0D4IirK\nrmRVSluIOFLx0nm/hGe3fw5slOOfJt3o0psS3jEiQFgPUKdkUWBBe2q364M89zkm\nFwTz9uDv31Fg1F2TUmh6q3D80/AKFX7SCIF+gH6uZg+a+rfm+iySPouKSKdviddt\neRsfE/n47Z4D2v9TuQn6Gq46L2S4zUkatPIWWTIhFWTFaA227QSxHFpA1jWsINy1\n6VZInyTNatS/qNiLXvA2IjonVrBr0e1XR01LuxBx5v9ulloVejIwSMV6tWrSutqS\nqIHKFS8wqXc2WXlKILOfqRBWVUxUFNp9U+mWDZk+uQRXAp1tdmIzty7MjZcd2HOp\nP/K0RDaUmp/n8aydt4N7EozBteSe4nsKz4K3VEUU3aaLxRWOoaRMpKRqD/IfNcz6\nUwYNjA3/ng+ZHnApDGDE0/eNusbVENnLHrzD7z9gBEqhQ2NhCOZiPjUfxoN0vp+m\nWiedCri5BWOhdTWEzEBvz+fQFcqF/yfXJ3mw9YWBvmxzX08DMYfxeTTk/IZEwBgh\nO4OJ7tJJ2INQs/QwVCPuUglDNA1EWHOkaTUV93ffg8Zshfd9ZBKJ6e6Yhs0CAwEA\nAQKCAgBgjJ3cc9U/n6mev0oPyvtaAXCCm8BuTomIV0x5+ndVH7PbgPoyTBu5y+YC\nNlJVVkzQZdDssG4eBCiFUDsGeTdQ2gXLje7U4T4WGIs+wRG5/0H2ed1DtHplJQNr\nFGNfgSp0BImvOB1xBp42wDRqF3/4s2eymWR7tmxiSIygrYXXi3zJ1noQVunmRm7C\nRdoC3VeGafSeP02FMtynectmge3bGBj+s4nYwnmI+ZlMfjpE44IRb9Ix2kAtEYd9\nmD/ZNIR2vL/aci2G7nkCojCe8uhxDnIlx1/el4wA6/5xTEkZ7uTXjrn1+Ngb3P9u\n0rZ/wC2uFQWz9YQ5v1GcnxTetkaXGbTgXnYlomQWOY0Dd83h2jC4zDZebGp30YPi\n/M2iF4rexz6BK6c4ix7fiO0M0cinEaYnmCU7CYy+QOcyKOO3eWME2LWWLIYCqldg\nij5IWDryqjs7bJHpkL6QlTsvp4anMXwj08Xm57SK/nI/dytJ+lm/9eJNNlOs28pG\nZH0KwecbVFhPDbtBUT7F+uSscHc+1g4mA0J4jPEIRZuMEGKnPHRYmOtxWBt9oyJq\nXmrHAkZB1cyxifGj8c/frqL3PRpMjNRkl1Ox1uyE3k2KXoBPIiwYp0se+Ix+a2mH\n32Egl3RkGPhV/JAKCoLObm5qYO1y/9q3FZW5oxK7krSh5tBszQKCAQEAzQ/mNlAf\n7Xo7pZJKqaWs3CKYVVMO+Dkum+M9HF4+W47pvfcWaT2kfhHTnLL7OIe27TiYbgsV\n6BU1DJFEqNGP5BeX6amKMMuwGt70DyDOmdx4cZZRPX6qIjE+btHyvV64uQHr7JhW\ndPXzUl+mHFOZb/0UvcCwqx7YTpZqTaOBQ6yQHtlfr0sM8QfdFSKNfewnLfh4DvBi\n5NAf4pX/He25lBbIRYJIwx2wPo0+mUdZ5BrlwsHjMrmjhDo6tDXDiydsLy/qSFti\nTaQbKPn1XikLRBXhmjau0EFGKEJ0iQsQOAwwrhENgT53GYOL6v580MNYjTRF1nqK\noIjVsR9wXhtNjwKCAQEAxSSkkJ/VGV2/GQ1BrgJ/5YrjHd+qSMUKJjtOqtFDlTL2\nFc5Xg+wwrc54NqMtYBrJBR3n0A3XffKDEQvGkeCj+mysHlD1mhDPCbYn+GiDMTJM\nzhgpvR5FJcHEz82Sr6Wt/cOFVoB1R+BNpgDQPaN3fPdkKk5sXuaUn78OXU3/XcjV\nCtEuIYqRSTfIH1bmvEriKJ2hS4avcY3rNwaco3K8Ju9F3h4makl1J1MkZx+yKVcd\nteSELFfdJYPpG77yUpDpXNseZuHcHGaiVD5YZl3paOe8PpPKvu2PABAsbrLKAfDd\nCe0X7jXGqpF+zc9P+ylHNPLyIvMeHBqjAfuANMKv4wKCAQEAs44NbVdhbYaPPd5H\n5B4+qw7bxjKRNAaV6kfilblr7q3Hu9/kTsh8BSvE2DvcP9aN9U+OISUxzGLtbZCx\nxwSgcv+5tA8RAsMH869vkuOOJClpiUQu5KLJhGEMIutRGkIbi1vEYgnOAmHt6h34\njGsjOm0nQTO9Pkkm7EFG2a6mnEQ4edqqrwoPTeotyrjTngQvFlCvh50zatlWYggn\nN+SVj7cXK831umt/jHYO7xYL/vESaCNvtlXYeQqnpm5BR9KAJx1UjoD+Ja/hXFLq\nZ8WWqMpkHa1uCsptDQmLkwgN7pW19mTWJ2ozzTJjTKQDVKUIH7Q6xp/MTN8kBhDa\nSnyrvwKCAQAVj+xv5Qtputcr5kdIwP08HfS5T71QODzj8ZipFjpOF0TTHb50r2Cj\nofGECFTuLf/Oj3bLSrhHDj9HngIZ8nf86+XnavNx5mS+qy2z/bpbpyS/ZeUqyiTF\n/GuKTvG8RGLDXp821tX9Bot3nJ8qHrby9BwAhJNVzeJzlnH7wowrtcuXY0moYX+C\ngpdg1iBmd8pEpvj9Sb3mrZ8MZay8M9BgccsygBmzhlVJ984DeXQDEYQuYNAUCYgm\nkkbswfW/Ehp0DYNFvW5VrOQUUr1YdO0SjEYKkh+awmDhoOM7OFLf43hJnaUAaOFR\nxpgX6pTU467mG6xgJjck28T4comTO7gBAoIBAQCbzHzcXTWDfOHXREits+KiF91e\nZyWkckA9SocftbCddlx05qCowMBYsaEhteoruHc4dFLxOokM+QAqUhpJBRRIoINa\njgWt8sVuTwBOFsrSXp91661oomptK1tTTaUaA217shCD08GNZprlUUtis5HkD9KE\nh7fHyLNCXpwYzS2m5fM7ONQhwJipiEDx3cw+nvR9UUgeaSLQrm4Xs6ZOOF4F5Vcs\nhA14cjeYzgnWLGa646BRXE3+w3MbPI3zYnEXmYL2d+ob1XS8F6ohhu48kTMrFFag\nJ0MEZU9FWxJX3dQheCGMWmmzqm17HRcLoavrFOMGOZ3513m5IkjZokwFLMWW\n-----END RSA PRIVATE KEY-----\n","content_base64":null,"content_base64sha256":"4x496hqxM4v9MdUxnGmUDL/bo0gIsqcNeP6GNv9TJ5E=","content_base64sha512":"ZV4/51SNsqM8/3ZoQf0kgUOS3zPAsE6AOPkxlICOWXLSf/c5LNIpLqxiO786a1yKKZTLsDGj+5IVxLuErIttSQ==","content_md5":"afb9f7f4971d0242a1d2e6c53dea9e08","content_sha1":"520e34e04c74601d9283ace8193403130051a42e","content_sha256":"e31e3dea1ab1338bfd31d5319c69940cbfdba34808b2a70d78fe8636ff532791","content_sha512":"655e3fe7548db2a33cff766841fd24814392df33c0b04e8038f93194808e5972d27ff7392cd2292eac623bbf3a6b5c8a2994cbb031a3fb9215c4bb84ac8b6d49","directory_permission":"0777","file_permission":"0400","filename":"./LB_keypair.pem","id":"520e34e04c74601d9283ace8193403130051a42e","sensitive_content":null,"source":null},"after":{"content":"-----BEGIN RSA PRIVATE KEY-----\nMIIJKQIBAAKCAgEAneqWNjO/sqXneAxfzaLODQaaZXiwJP+VbLa64sN/lDLwcBFq\nGN4rph4QttrM6v2eLSlM6ElP8rm34LlvlohDRsDziEtapUiKTeyMOIgdJ0D4IirK\nrmRVSluIOFLx0nm/hGe3fw5slOOfJt3o0psS3jEiQFgPUKdkUWBBe2q364M89zkm\nFwTz9uDv31Fg1F2TUmh6q3D80/AKFX7SCIF+gH6uZg+a+rfm+iySPouKSKdviddt\neRsfE/n47Z4D2v9TuQn6Gq46L2S4zUkatPIWWTIhFWTFaA227QSxHFpA1jWsINy1\n6VZInyTNatS/qNiLXvA2IjonVrBr0e1XR01LuxBx5v9ulloVejIwSMV6tWrSutqS\nqIHKFS8wqXc2WXlKILOfqRBWVUxUFNp9U+mWDZk+uQRXAp1tdmIzty7MjZcd2HOp\nP/K0RDaUmp/n8aydt4N7EozBteSe4nsKz4K3VEUU3aaLxRWOoaRMpKRqD/IfNcz6\nUwYNjA3/ng+ZHnApDGDE0/eNusbVENnLHrzD7z9gBEqhQ2NhCOZiPjUfxoN0vp+m\nWiedCri5BWOhdTWEzEBvz+fQFcqF/yfXJ3mw9YWBvmxzX08DMYfxeTTk/IZEwBgh\nO4OJ7tJJ2INQs/QwVCPuUglDNA1EWHOkaTUV93ffg8Zshfd9ZBKJ6e6Yhs0CAwEA\nAQKCAgBgjJ3cc9U/n6mev0oPyvtaAXCCm8BuTomIV0x5+ndVH7PbgPoyTBu5y+YC\nNlJVVkzQZdDssG4eBCiFUDsGeTdQ2gXLje7U4T4WGIs+wRG5/0H2ed1DtHplJQNr\nFGNfgSp0BImvOB1xBp42wDRqF3/4s2eymWR7tmxiSIygrYXXi3zJ1noQVunmRm7C\nRdoC3VeGafSeP02FMtynectmge3bGBj+s4nYwnmI+ZlMfjpE44IRb9Ix2kAtEYd9\nmD/ZNIR2vL/aci2G7nkCojCe8uhxDnIlx1/el4wA6/5xTEkZ7uTXjrn1+Ngb3P9u\n0rZ/wC2uFQWz9YQ5v1GcnxTetkaXGbTgXnYlomQWOY0Dd83h2jC4zDZebGp30YPi\n/M2iF4rexz6BK6c4ix7fiO0M0cinEaYnmCU7CYy+QOcyKOO3eWME2LWWLIYCqldg\nij5IWDryqjs7bJHpkL6QlTsvp4anMXwj08Xm57SK/nI/dytJ+lm/9eJNNlOs28pG\nZH0KwecbVFhPDbtBUT7F+uSscHc+1g4mA0J4jPEIRZuMEGKnPHRYmOtxWBt9oyJq\nXmrHAkZB1cyxifGj8c/frqL3PRpMjNRkl1Ox1uyE3k2KXoBPIiwYp0se+Ix+a2mH\n32Egl3RkGPhV/JAKCoLObm5qYO1y/9q3FZW5oxK7krSh5tBszQKCAQEAzQ/mNlAf\n7Xo7pZJKqaWs3CKYVVMO+Dkum+M9HF4+W47pvfcWaT2kfhHTnLL7OIe27TiYbgsV\n6BU1DJFEqNGP5BeX6amKMMuwGt70DyDOmdx4cZZRPX6qIjE+btHyvV64uQHr7JhW\ndPXzUl+mHFOZb/0UvcCwqx7YTpZqTaOBQ6yQHtlfr0sM8QfdFSKNfewnLfh4DvBi\n5NAf4pX/He25lBbIRYJIwx2wPo0+mUdZ5BrlwsHjMrmjhDo6tDXDiydsLy/qSFti\nTaQbKPn1XikLRBXhmjau0EFGKEJ0iQsQOAwwrhENgT53GYOL6v580MNYjTRF1nqK\noIjVsR9wXhtNjwKCAQEAxSSkkJ/VGV2/GQ1BrgJ/5YrjHd+qSMUKJjtOqtFDlTL2\nFc5Xg+wwrc54NqMtYBrJBR3n0A3XffKDEQvGkeCj+mysHlD1mhDPCbYn+GiDMTJM\nzhgpvR5FJcHEz82Sr6Wt/cOFVoB1R+BNpgDQPaN3fPdkKk5sXuaUn78OXU3/XcjV\nCtEuIYqRSTfIH1bmvEriKJ2hS4avcY3rNwaco3K8Ju9F3h4makl1J1MkZx+yKVcd\nteSELFfdJYPpG77yUpDpXNseZuHcHGaiVD5YZl3paOe8PpPKvu2PABAsbrLKAfDd\nCe0X7jXGqpF+zc9P+ylHNPLyIvMeHBqjAfuANMKv4wKCAQEAs44NbVdhbYaPPd5H\n5B4+qw7bxjKRNAaV6kfilblr7q3Hu9/kTsh8BSvE2DvcP9aN9U+OISUxzGLtbZCx\nxwSgcv+5tA8RAsMH869vkuOOJClpiUQu5KLJhGEMIutRGkIbi1vEYgnOAmHt6h34\njGsjOm0nQTO9Pkkm7EFG2a6mnEQ4edqqrwoPTeotyrjTngQvFlCvh50zatlWYggn\nN+SVj7cXK831umt/jHYO7xYL/vESaCNvtlXYeQqnpm5BR9KAJx1UjoD+Ja/hXFLq\nZ8WWqMpkHa1uCsptDQmLkwgN7pW19mTWJ2ozzTJjTKQDVKUIH7Q6xp/MTN8kBhDa\nSnyrvwKCAQAVj+xv5Qtputcr5kdIwP08HfS5T71QODzj8ZipFjpOF0TTHb50r2Cj\nofGECFTuLf/Oj3bLSrhHDj9HngIZ8nf86+XnavNx5mS+qy2z/bpbpyS/ZeUqyiTF\n/GuKTvG8RGLDXp821tX9Bot3nJ8qHrby9BwAhJNVzeJzlnH7wowrtcuXY0moYX+C\ngpdg1iBmd8pEpvj9Sb3mrZ8MZay8M9BgccsygBmzhlVJ984DeXQDEYQuYNAUCYgm\nkkbswfW/Ehp0DYNFvW5VrOQUUr1YdO0SjEYKkh+awmDhoOM7OFLf43hJnaUAaOFR\nxpgX6pTU467mG6xgJjck28T4comTO7gBAoIBAQCbzHzcXTWDfOHXREits+KiF91e\nZyWkckA9SocftbCddlx05qCowMBYsaEhteoruHc4dFLxOokM+QAqUhpJBRRIoINa\njgWt8sVuTwBOFsrSXp91661oomptK1tTTaUaA217shCD08GNZprlUUtis5HkD9KE\nh7fHyLNCXpwYzS2m5fM7ONQhwJipiEDx3cw+nvR9UUgeaSLQrm4Xs6ZOOF4F5Vcs\nhA14cjeYzgnWLGa646BRXE3+w3MbPI3zYnEXmYL2d+ob1XS8F6ohhu48kTMrFFag\nJ0MEZU9FWxJX3dQheCGMWmmzqm17HRcLoavrFOMGOZ3513m5IkjZokwFLMWW\n-----END RSA PRIVATE KEY-----\n","content_base64":null,"content_base64sha256":"4x496hqxM4v9MdUxnGmUDL/bo0gIsqcNeP6GNv9TJ5E=","content_base64sha512":"ZV4/51SNsqM8/3ZoQf0kgUOS3zPAsE6AOPkxlICOWXLSf/c5LNIpLqxiO786a1yKKZTLsDGj+5IVxLuErIttSQ==","content_md5":"afb9f7f4971d0242a1d2e6c53dea9e08","content_sha1":"520e34e04c74601d9283ace8193403130051a42e","content_sha256":"e31e3dea1ab1338bfd31d5319c69940cbfdba34808b2a70d78fe8636ff532791","content_sha512":"655e3fe7548db2a33cff766841fd24814392df33c0b04e8038f93194808e5972d27ff7392cd2292eac623bbf3a6b5c8a2994cbb031a3fb9215c4bb84ac8b6d49","directory_permission":"0777","file_permission":"0400","filename":"./LB_keypair.pem","id":"520e34e04c74601d9283ace8193403130051a42e","sensitive_content":null,"source":null},"after_unknown":{},"before_sensitive":{"content":true,"sensitive_content":true},"after_sensitive":{"content":true,"sensitive_content":true}}},{"address":"tls_private_key.fp-keypair","mode":"managed","type":"tls_private_key","name":"fp-keypair","provider_name":"registry.terraform.io/hashicorp/tls","change":{"actions":["no-op"],"before":{"algorithm":"RSA","ecdsa_curve":"P224","id":"5ff145ae70551a4d7bb8026b8298668db5406c4f","private_key_openssh":"-----BEGIN OPENSSH PRIVATE KEY-----\nb3BlbnNzaC1rZXktdjEAAAAABG5vbmUAAAAEbm9uZQAAAAAAAAABAAACFwAAAAdz\nc2gtcnNhAAAAAwEAAQAAAgEAneqWNjO/sqXneAxfzaLODQaaZXiwJP+VbLa64sN/\nlDLwcBFqGN4rph4QttrM6v2eLSlM6ElP8rm34LlvlohDRsDziEtapUiKTeyMOIgd\nJ0D4IirKrmRVSluIOFLx0nm/hGe3fw5slOOfJt3o0psS3jEiQFgPUKdkUWBBe2q3\n64M89zkmFwTz9uDv31Fg1F2TUmh6q3D80/AKFX7SCIF+gH6uZg+a+rfm+iySPouK\nSKdviddteRsfE/n47Z4D2v9TuQn6Gq46L2S4zUkatPIWWTIhFWTFaA227QSxHFpA\n1jWsINy16VZInyTNatS/qNiLXvA2IjonVrBr0e1XR01LuxBx5v9ulloVejIwSMV6\ntWrSutqSqIHKFS8wqXc2WXlKILOfqRBWVUxUFNp9U+mWDZk+uQRXAp1tdmIzty7M\njZcd2HOpP/K0RDaUmp/n8aydt4N7EozBteSe4nsKz4K3VEUU3aaLxRWOoaRMpKRq\nD/IfNcz6UwYNjA3/ng+ZHnApDGDE0/eNusbVENnLHrzD7z9gBEqhQ2NhCOZiPjUf\nxoN0vp+mWiedCri5BWOhdTWEzEBvz+fQFcqF/yfXJ3mw9YWBvmxzX08DMYfxeTTk\n/IZEwBghO4OJ7tJJ2INQs/QwVCPuUglDNA1EWHOkaTUV93ffg8Zshfd9ZBKJ6e6Y\nhs0AAAc451Ma3edTGt0AAAAHc3NoLXJzYQAAAgEAneqWNjO/sqXneAxfzaLODQaa\nZXiwJP+VbLa64sN/lDLwcBFqGN4rph4QttrM6v2eLSlM6ElP8rm34LlvlohDRsDz\niEtapUiKTeyMOIgdJ0D4IirKrmRVSluIOFLx0nm/hGe3fw5slOOfJt3o0psS3jEi\nQFgPUKdkUWBBe2q364M89zkmFwTz9uDv31Fg1F2TUmh6q3D80/AKFX7SCIF+gH6u\nZg+a+rfm+iySPouKSKdviddteRsfE/n47Z4D2v9TuQn6Gq46L2S4zUkatPIWWTIh\nFWTFaA227QSxHFpA1jWsINy16VZInyTNatS/qNiLXvA2IjonVrBr0e1XR01LuxBx\n5v9ulloVejIwSMV6tWrSutqSqIHKFS8wqXc2WXlKILOfqRBWVUxUFNp9U+mWDZk+\nuQRXAp1tdmIzty7MjZcd2HOpP/K0RDaUmp/n8aydt4N7EozBteSe4nsKz4K3VEUU\n3aaLxRWOoaRMpKRqD/IfNcz6UwYNjA3/ng+ZHnApDGDE0/eNusbVENnLHrzD7z9g\nBEqhQ2NhCOZiPjUfxoN0vp+mWiedCri5BWOhdTWEzEBvz+fQFcqF/yfXJ3mw9YWB\nvmxzX08DMYfxeTTk/IZEwBghO4OJ7tJJ2INQs/QwVCPuUglDNA1EWHOkaTUV93ff\ng8Zshfd9ZBKJ6e6Yhs0AAAADAQABAAACAGCMndxz1T+fqZ6/Sg/K+1oBcIKbwG5O\niYhXTHn6d1Ufs9uA+jJMG7nL5gI2UlVWTNBl0Oywbh4EKIVQOwZ5N1DaBcuN7tTh\nPhYYiz7BEbn/QfZ53UO0emUlA2sUY1+BKnQEia84HXEGnjbANGoXf/izZ7KZZHu2\nbGJIjKCthdeLfMnWehBW6eZGbsJF2gLdV4Zp9J4/TYUy3Kd5y2aB7dsYGP6zidjC\neYj5mUx+OkTjghFv0jHaQC0Rh32YP9k0hHa8v9pyLYbueQKiMJ7y6HEOciXHX96X\njADr/nFMSRnu5NeOufX42Bvc/27Stn/ALa4VBbP1hDm/UZyfFN62RpcZtOBediWi\nZBY5jQN3zeHaMLjMNl5sanfRg+L8zaIXit7HPoErpziLHt+I7QzRyKcRpieYJTsJ\njL5A5zIo47d5YwTYtZYshgKqV2CKPkhYOvKqOztskemQvpCVOy+nhqcxfCPTxebn\ntIr+cj93K0n6Wb/14k02U6zbykZkfQrB5xtUWE8Nu0FRPsX65Kxwdz7WDiYDQniM\n8QhFm4wQYqc8dFiY63FYG32jImpeascCRkHVzLGJ8aPxz9+uovc9GkyM1GSXU7HW\n7ITeTYpegE8iLBinSx74jH5raYffYSCXdGQY+FX8kAoKgs5ubmpg7XL/2rcVlbmj\nEruStKHm0GzNAAABAQCbzHzcXTWDfOHXREits+KiF91eZyWkckA9SocftbCddlx0\n5qCowMBYsaEhteoruHc4dFLxOokM+QAqUhpJBRRIoINajgWt8sVuTwBOFsrSXp91\n661oomptK1tTTaUaA217shCD08GNZprlUUtis5HkD9KEh7fHyLNCXpwYzS2m5fM7\nONQhwJipiEDx3cw+nvR9UUgeaSLQrm4Xs6ZOOF4F5VcshA14cjeYzgnWLGa646BR\nXE3+w3MbPI3zYnEXmYL2d+ob1XS8F6ohhu48kTMrFFagJ0MEZU9FWxJX3dQheCGM\nWmmzqm17HRcLoavrFOMGOZ3513m5IkjZokwFLMWWAAABAQDND+Y2UB/tejulkkqp\npazcIphVUw74OS6b4z0cXj5bjum99xZpPaR+EdOcsvs4h7btOJhuCxXoFTUMkUSo\n0Y/kF5fpqYowy7Aa3vQPIM6Z3HhxllE9fqoiMT5u0fK9Xri5AevsmFZ09fNSX6Yc\nU5lv/RS9wLCrHthOlmpNo4FDrJAe2V+vSwzxB90VIo197Cct+HgO8GLk0B/ilf8d\n7bmUFshFgkjDHbA+jT6ZR1nkGuXCweMyuaOEOjq0NcOLJ2wvL+pIW2JNpBso+fVe\nKQtEFeGaNq7QQUYoQnSJCxA4DDCuEQ2BPncZg4vq/nzQw1iNNEXWeoqgiNWxH3Be\nG02PAAABAQDFJKSQn9UZXb8ZDUGuAn/liuMd36pIxQomO06q0UOVMvYVzleD7DCt\nzng2oy1gGskFHefQDdd98oMRC8aR4KP6bKweUPWaEM8Jtif4aIMxMkzOGCm9HkUl\nwcTPzZKvpa39w4VWgHVH4E2mANA9o3d892QqTmxe5pSfvw5dTf9dyNUK0S4hipFJ\nN8gfVua8SuIonaFLhq9xjes3Bpyjcrwm70XeHiZqSXUnUyRnH7IpVx215IQsV90l\ng+kbvvJSkOlc2x5m4dwcZqJUPlhmXelo57w+k8q+7Y8AECxussoB8N0J7RfuNcaq\nkX7Nz0/7KUc08vIi8x4cGqMB+4A0wq/jAAAAAAEC\n-----END OPENSSH PRIVATE KEY-----\n","private_key_pem":"-----BEGIN RSA PRIVATE KEY-----\nMIIJKQIBAAKCAgEAneqWNjO/sqXneAxfzaLODQaaZXiwJP+VbLa64sN/lDLwcBFq\nGN4rph4QttrM6v2eLSlM6ElP8rm34LlvlohDRsDziEtapUiKTeyMOIgdJ0D4IirK\nrmRVSluIOFLx0nm/hGe3fw5slOOfJt3o0psS3jEiQFgPUKdkUWBBe2q364M89zkm\nFwTz9uDv31Fg1F2TUmh6q3D80/AKFX7SCIF+gH6uZg+a+rfm+iySPouKSKdviddt\neRsfE/n47Z4D2v9TuQn6Gq46L2S4zUkatPIWWTIhFWTFaA227QSxHFpA1jWsINy1\n6VZInyTNatS/qNiLXvA2IjonVrBr0e1XR01LuxBx5v9ulloVejIwSMV6tWrSutqS\nqIHKFS8wqXc2WXlKILOfqRBWVUxUFNp9U+mWDZk+uQRXAp1tdmIzty7MjZcd2HOp\nP/K0RDaUmp/n8aydt4N7EozBteSe4nsKz4K3VEUU3aaLxRWOoaRMpKRqD/IfNcz6\nUwYNjA3/ng+ZHnApDGDE0/eNusbVENnLHrzD7z9gBEqhQ2NhCOZiPjUfxoN0vp+m\nWiedCri5BWOhdTWEzEBvz+fQFcqF/yfXJ3mw9YWBvmxzX08DMYfxeTTk/IZEwBgh\nO4OJ7tJJ2INQs/QwVCPuUglDNA1EWHOkaTUV93ffg8Zshfd9ZBKJ6e6Yhs0CAwEA\nAQKCAgBgjJ3cc9U/n6mev0oPyvtaAXCCm8BuTomIV0x5+ndVH7PbgPoyTBu5y+YC\nNlJVVkzQZdDssG4eBCiFUDsGeTdQ2gXLje7U4T4WGIs+wRG5/0H2ed1DtHplJQNr\nFGNfgSp0BImvOB1xBp42wDRqF3/4s2eymWR7tmxiSIygrYXXi3zJ1noQVunmRm7C\nRdoC3VeGafSeP02FMtynectmge3bGBj+s4nYwnmI+ZlMfjpE44IRb9Ix2kAtEYd9\nmD/ZNIR2vL/aci2G7nkCojCe8uhxDnIlx1/el4wA6/5xTEkZ7uTXjrn1+Ngb3P9u\n0rZ/wC2uFQWz9YQ5v1GcnxTetkaXGbTgXnYlomQWOY0Dd83h2jC4zDZebGp30YPi\n/M2iF4rexz6BK6c4ix7fiO0M0cinEaYnmCU7CYy+QOcyKOO3eWME2LWWLIYCqldg\nij5IWDryqjs7bJHpkL6QlTsvp4anMXwj08Xm57SK/nI/dytJ+lm/9eJNNlOs28pG\nZH0KwecbVFhPDbtBUT7F+uSscHc+1g4mA0J4jPEIRZuMEGKnPHRYmOtxWBt9oyJq\nXmrHAkZB1cyxifGj8c/frqL3PRpMjNRkl1Ox1uyE3k2KXoBPIiwYp0se+Ix+a2mH\n32Egl3RkGPhV/JAKCoLObm5qYO1y/9q3FZW5oxK7krSh5tBszQKCAQEAzQ/mNlAf\n7Xo7pZJKqaWs3CKYVVMO+Dkum+M9HF4+W47pvfcWaT2kfhHTnLL7OIe27TiYbgsV\n6BU1DJFEqNGP5BeX6amKMMuwGt70DyDOmdx4cZZRPX6qIjE+btHyvV64uQHr7JhW\ndPXzUl+mHFOZb/0UvcCwqx7YTpZqTaOBQ6yQHtlfr0sM8QfdFSKNfewnLfh4DvBi\n5NAf4pX/He25lBbIRYJIwx2wPo0+mUdZ5BrlwsHjMrmjhDo6tDXDiydsLy/qSFti\nTaQbKPn1XikLRBXhmjau0EFGKEJ0iQsQOAwwrhENgT53GYOL6v580MNYjTRF1nqK\noIjVsR9wXhtNjwKCAQEAxSSkkJ/VGV2/GQ1BrgJ/5YrjHd+qSMUKJjtOqtFDlTL2\nFc5Xg+wwrc54NqMtYBrJBR3n0A3XffKDEQvGkeCj+mysHlD1mhDPCbYn+GiDMTJM\nzhgpvR5FJcHEz82Sr6Wt/cOFVoB1R+BNpgDQPaN3fPdkKk5sXuaUn78OXU3/XcjV\nCtEuIYqRSTfIH1bmvEriKJ2hS4avcY3rNwaco3K8Ju9F3h4makl1J1MkZx+yKVcd\nteSELFfdJYPpG77yUpDpXNseZuHcHGaiVD5YZl3paOe8PpPKvu2PABAsbrLKAfDd\nCe0X7jXGqpF+zc9P+ylHNPLyIvMeHBqjAfuANMKv4wKCAQEAs44NbVdhbYaPPd5H\n5B4+qw7bxjKRNAaV6kfilblr7q3Hu9/kTsh8BSvE2DvcP9aN9U+OISUxzGLtbZCx\nxwSgcv+5tA8RAsMH869vkuOOJClpiUQu5KLJhGEMIutRGkIbi1vEYgnOAmHt6h34\njGsjOm0nQTO9Pkkm7EFG2a6mnEQ4edqqrwoPTeotyrjTngQvFlCvh50zatlWYggn\nN+SVj7cXK831umt/jHYO7xYL/vESaCNvtlXYeQqnpm5BR9KAJx1UjoD+Ja/hXFLq\nZ8WWqMpkHa1uCsptDQmLkwgN7pW19mTWJ2ozzTJjTKQDVKUIH7Q6xp/MTN8kBhDa\nSnyrvwKCAQAVj+xv5Qtputcr5kdIwP08HfS5T71QODzj8ZipFjpOF0TTHb50r2Cj\nofGECFTuLf/Oj3bLSrhHDj9HngIZ8nf86+XnavNx5mS+qy2z/bpbpyS/ZeUqyiTF\n/GuKTvG8RGLDXp821tX9Bot3nJ8qHrby9BwAhJNVzeJzlnH7wowrtcuXY0moYX+C\ngpdg1iBmd8pEpvj9Sb3mrZ8MZay8M9BgccsygBmzhlVJ984DeXQDEYQuYNAUCYgm\nkkbswfW/Ehp0DYNFvW5VrOQUUr1YdO0SjEYKkh+awmDhoOM7OFLf43hJnaUAaOFR\nxpgX6pTU467mG6xgJjck28T4comTO7gBAoIBAQCbzHzcXTWDfOHXREits+KiF91e\nZyWkckA9SocftbCddlx05qCowMBYsaEhteoruHc4dFLxOokM+QAqUhpJBRRIoINa\njgWt8sVuTwBOFsrSXp91661oomptK1tTTaUaA217shCD08GNZprlUUtis5HkD9KE\nh7fHyLNCXpwYzS2m5fM7ONQhwJipiEDx3cw+nvR9UUgeaSLQrm4Xs6ZOOF4F5Vcs\nhA14cjeYzgnWLGa646BRXE3+w3MbPI3zYnEXmYL2d+ob1XS8F6ohhu48kTMrFFag\nJ0MEZU9FWxJX3dQheCGMWmmzqm17HRcLoavrFOMGOZ3513m5IkjZokwFLMWW\n-----END RSA PRIVATE KEY-----\n","private_key_pem_pkcs8":"-----BEGIN PRIVATE KEY-----\nMIIJQwIBADANBgkqhkiG9w0BAQEFAASCCS0wggkpAgEAAoICAQCd6pY2M7+yped4\nDF/Nos4NBppleLAk/5Vstrriw3+UMvBwEWoY3iumHhC22szq/Z4tKUzoSU/yubfg\nuW+WiENGwPOIS1qlSIpN7Iw4iB0nQPgiKsquZFVKW4g4UvHSeb+EZ7d/DmyU458m\n3ejSmxLeMSJAWA9Qp2RRYEF7arfrgzz3OSYXBPP24O/fUWDUXZNSaHqrcPzT8AoV\nftIIgX6Afq5mD5r6t+b6LJI+i4pIp2+J1215Gx8T+fjtngPa/1O5CfoarjovZLjN\nSRq08hZZMiEVZMVoDbbtBLEcWkDWNawg3LXpVkifJM1q1L+o2Ite8DYiOidWsGvR\n7VdHTUu7EHHm/26WWhV6MjBIxXq1atK62pKogcoVLzCpdzZZeUogs5+pEFZVTFQU\n2n1T6ZYNmT65BFcCnW12YjO3LsyNlx3Yc6k/8rRENpSan+fxrJ23g3sSjMG15J7i\newrPgrdURRTdpovFFY6hpEykpGoP8h81zPpTBg2MDf+eD5kecCkMYMTT9426xtUQ\n2csevMPvP2AESqFDY2EI5mI+NR/Gg3S+n6ZaJ50KuLkFY6F1NYTMQG/P59AVyoX/\nJ9cnebD1hYG+bHNfTwMxh/F5NOT8hkTAGCE7g4nu0knYg1Cz9DBUI+5SCUM0DURY\nc6RpNRX3d9+DxmyF931kEonp7piGzQIDAQABAoICAGCMndxz1T+fqZ6/Sg/K+1oB\ncIKbwG5OiYhXTHn6d1Ufs9uA+jJMG7nL5gI2UlVWTNBl0Oywbh4EKIVQOwZ5N1Da\nBcuN7tThPhYYiz7BEbn/QfZ53UO0emUlA2sUY1+BKnQEia84HXEGnjbANGoXf/iz\nZ7KZZHu2bGJIjKCthdeLfMnWehBW6eZGbsJF2gLdV4Zp9J4/TYUy3Kd5y2aB7dsY\nGP6zidjCeYj5mUx+OkTjghFv0jHaQC0Rh32YP9k0hHa8v9pyLYbueQKiMJ7y6HEO\nciXHX96XjADr/nFMSRnu5NeOufX42Bvc/27Stn/ALa4VBbP1hDm/UZyfFN62RpcZ\ntOBediWiZBY5jQN3zeHaMLjMNl5sanfRg+L8zaIXit7HPoErpziLHt+I7QzRyKcR\npieYJTsJjL5A5zIo47d5YwTYtZYshgKqV2CKPkhYOvKqOztskemQvpCVOy+nhqcx\nfCPTxebntIr+cj93K0n6Wb/14k02U6zbykZkfQrB5xtUWE8Nu0FRPsX65Kxwdz7W\nDiYDQniM8QhFm4wQYqc8dFiY63FYG32jImpeascCRkHVzLGJ8aPxz9+uovc9GkyM\n1GSXU7HW7ITeTYpegE8iLBinSx74jH5raYffYSCXdGQY+FX8kAoKgs5ubmpg7XL/\n2rcVlbmjEruStKHm0GzNAoIBAQDND+Y2UB/tejulkkqppazcIphVUw74OS6b4z0c\nXj5bjum99xZpPaR+EdOcsvs4h7btOJhuCxXoFTUMkUSo0Y/kF5fpqYowy7Aa3vQP\nIM6Z3HhxllE9fqoiMT5u0fK9Xri5AevsmFZ09fNSX6YcU5lv/RS9wLCrHthOlmpN\no4FDrJAe2V+vSwzxB90VIo197Cct+HgO8GLk0B/ilf8d7bmUFshFgkjDHbA+jT6Z\nR1nkGuXCweMyuaOEOjq0NcOLJ2wvL+pIW2JNpBso+fVeKQtEFeGaNq7QQUYoQnSJ\nCxA4DDCuEQ2BPncZg4vq/nzQw1iNNEXWeoqgiNWxH3BeG02PAoIBAQDFJKSQn9UZ\nXb8ZDUGuAn/liuMd36pIxQomO06q0UOVMvYVzleD7DCtzng2oy1gGskFHefQDdd9\n8oMRC8aR4KP6bKweUPWaEM8Jtif4aIMxMkzOGCm9HkUlwcTPzZKvpa39w4VWgHVH\n4E2mANA9o3d892QqTmxe5pSfvw5dTf9dyNUK0S4hipFJN8gfVua8SuIonaFLhq9x\njes3Bpyjcrwm70XeHiZqSXUnUyRnH7IpVx215IQsV90lg+kbvvJSkOlc2x5m4dwc\nZqJUPlhmXelo57w+k8q+7Y8AECxussoB8N0J7RfuNcaqkX7Nz0/7KUc08vIi8x4c\nGqMB+4A0wq/jAoIBAQCzjg1tV2Ftho893kfkHj6rDtvGMpE0BpXqR+KVuWvurce7\n3+ROyHwFK8TYO9w/1o31T44hJTHMYu1tkLHHBKBy/7m0DxECwwfzr2+S444kKWmJ\nRC7kosmEYQwi61EaQhuLW8RiCc4CYe3qHfiMayM6bSdBM70+SSbsQUbZrqacRDh5\n2qqvCg9N6i3KuNOeBC8WUK+HnTNq2VZiCCc35JWPtxcrzfW6a3+Mdg7vFgv+8RJo\nI2+2Vdh5CqembkFH0oAnHVSOgP4lr+FcUupnxZaoymQdrW4Kym0NCYuTCA3ulbX2\nZNYnajPNMmNMpANUpQgftDrGn8xM3yQGENpKfKu/AoIBABWP7G/lC2m61yvmR0jA\n/Twd9LlPvVA4POPxmKkWOk4XRNMdvnSvYKOh8YQIVO4t/86PdstKuEcOP0eeAhny\nd/zr5edq83HmZL6rLbP9ulunJL9l5SrKJMX8a4pO8bxEYsNenzbW1f0Gi3ecnyoe\ntvL0HACEk1XN4nOWcfvCjCu1y5djSahhf4KCl2DWIGZ3ykSm+P1JveatnwxlrLwz\n0GBxyzKAGbOGVUn3zgN5dAMRhC5g0BQJiCaSRuzB9b8SGnQNg0W9blWs5BRSvVh0\n7RKMRgqSH5rCYOGg4zs4Ut/jeEmdpQBo4VHGmBfqlNTjruYbrGAmNyTbxPhyiZM7\nuAECggEBAJvMfNxdNYN84ddESK2z4qIX3V5nJaRyQD1Khx+1sJ12XHTmoKjAwFix\noSG16iu4dzh0UvE6iQz5ACpSGkkFFEigg1qOBa3yxW5PAE4WytJen3XrrWiiam0r\nW1NNpRoDbXuyEIPTwY1mmuVRS2KzkeQP0oSHt8fIs0JenBjNLabl8zs41CHAmKmI\nQPHdzD6e9H1RSB5pItCubhezpk44XgXlVyyEDXhyN5jOCdYsZrrjoFFcTf7Dcxs8\njfNicReZgvZ36hvVdLwXqiGG7jyRMysUVqAnQwRlT0VbElfd1CF4IYxaabOqbXsd\nFwuhq+sU4wY5nfnXebkiSNmiTAUsxZY=\n-----END PRIVATE KEY-----\n","public_key_fingerprint_md5":"7d:3f:7f:ba:ea:6f:45:57:7a:6d:d1:00:32:06:07:46","public_key_fingerprint_sha256":"SHA256:uF1EdHh+QLkp0B51ZQGPTZVVzbB7qD7aqTv4LE/J5mw","public_key_openssh":"ssh-rsa AAAAB3NzaC1yc2EAAAADAQABAAACAQCd6pY2M7+yped4DF/Nos4NBppleLAk/5Vstrriw3+UMvBwEWoY3iumHhC22szq/Z4tKUzoSU/yubfguW+WiENGwPOIS1qlSIpN7Iw4iB0nQPgiKsquZFVKW4g4UvHSeb+EZ7d/DmyU458m3ejSmxLeMSJAWA9Qp2RRYEF7arfrgzz3OSYXBPP24O/fUWDUXZNSaHqrcPzT8AoVftIIgX6Afq5mD5r6t+b6LJI+i4pIp2+J1215Gx8T+fjtngPa/1O5CfoarjovZLjNSRq08hZZMiEVZMVoDbbtBLEcWkDWNawg3LXpVkifJM1q1L+o2Ite8DYiOidWsGvR7VdHTUu7EHHm/26WWhV6MjBIxXq1atK62pKogcoVLzCpdzZZeUogs5+pEFZVTFQU2n1T6ZYNmT65BFcCnW12YjO3LsyNlx3Yc6k/8rRENpSan+fxrJ23g3sSjMG15J7iewrPgrdURRTdpovFFY6hpEykpGoP8h81zPpTBg2MDf+eD5kecCkMYMTT9426xtUQ2csevMPvP2AESqFDY2EI5mI+NR/Gg3S+n6ZaJ50KuLkFY6F1NYTMQG/P59AVyoX/J9cnebD1hYG+bHNfTwMxh/F5NOT8hkTAGCE7g4nu0knYg1Cz9DBUI+5SCUM0DURYc6RpNRX3d9+DxmyF931kEonp7piGzQ==\n","public_key_pem":"-----BEGIN PUBLIC KEY-----\nMIICIjANBgkqhkiG9w0BAQEFAAOCAg8AMIICCgKCAgEAneqWNjO/sqXneAxfzaLO\nDQaaZXiwJP+VbLa64sN/lDLwcBFqGN4rph4QttrM6v2eLSlM6ElP8rm34LlvlohD\nRsDziEtapUiKTeyMOIgdJ0D4IirKrmRVSluIOFLx0nm/hGe3fw5slOOfJt3o0psS\n3jEiQFgPUKdkUWBBe2q364M89zkmFwTz9uDv31Fg1F2TUmh6q3D80/AKFX7SCIF+\ngH6uZg+a+rfm+iySPouKSKdviddteRsfE/n47Z4D2v9TuQn6Gq46L2S4zUkatPIW\nWTIhFWTFaA227QSxHFpA1jWsINy16VZInyTNatS/qNiLXvA2IjonVrBr0e1XR01L\nuxBx5v9ulloVejIwSMV6tWrSutqSqIHKFS8wqXc2WXlKILOfqRBWVUxUFNp9U+mW\nDZk+uQRXAp1tdmIzty7MjZcd2HOpP/K0RDaUmp/n8aydt4N7EozBteSe4nsKz4K3\nVEUU3aaLxRWOoaRMpKRqD/IfNcz6UwYNjA3/ng+ZHnApDGDE0/eNusbVENnLHrzD\n7z9gBEqhQ2NhCOZiPjUfxoN0vp+mWiedCri5BWOhdTWEzEBvz+fQFcqF/yfXJ3mw\n9YWBvmxzX08DMYfxeTTk/IZEwBghO4OJ7tJJ2INQs/QwVCPuUglDNA1EWHOkaTUV\n93ffg8Zshfd9ZBKJ6e6Yhs0CAwEAAQ==\n-----END PUBLIC KEY-----\n","rsa_bits":4096},"after":{"algorithm":"RSA","ecdsa_curve":"P224","id":"5ff145ae70551a4d7bb8026b8298668db5406c4f","private_key_openssh":"-----BEGIN OPENSSH PRIVATE KEY-----\nb3BlbnNzaC1rZXktdjEAAAAABG5vbmUAAAAEbm9uZQAAAAAAAAABAAACFwAAAAdz\nc2gtcnNhAAAAAwEAAQAAAgEAneqWNjO/sqXneAxfzaLODQaaZXiwJP+VbLa64sN/\nlDLwcBFqGN4rph4QttrM6v2eLSlM6ElP8rm34LlvlohDRsDziEtapUiKTeyMOIgd\nJ0D4IirKrmRVSluIOFLx0nm/hGe3fw5slOOfJt3o0psS3jEiQFgPUKdkUWBBe2q3\n64M89zkmFwTz9uDv31Fg1F2TUmh6q3D80/AKFX7SCIF+gH6uZg+a+rfm+iySPouK\nSKdviddteRsfE/n47Z4D2v9TuQn6Gq46L2S4zUkatPIWWTIhFWTFaA227QSxHFpA\n1jWsINy16VZInyTNatS/qNiLXvA2IjonVrBr0e1XR01LuxBx5v9ulloVejIwSMV6\ntWrSutqSqIHKFS8wqXc2WXlKILOfqRBWVUxUFNp9U+mWDZk+uQRXAp1tdmIzty7M\njZcd2HOpP/K0RDaUmp/n8aydt4N7EozBteSe4nsKz4K3VEUU3aaLxRWOoaRMpKRq\nD/IfNcz6UwYNjA3/ng+ZHnApDGDE0/eNusbVENnLHrzD7z9gBEqhQ2NhCOZiPjUf\nxoN0vp+mWiedCri5BWOhdTWEzEBvz+fQFcqF/yfXJ3mw9YWBvmxzX08DMYfxeTTk\n/IZEwBghO4OJ7tJJ2INQs/QwVCPuUglDNA1EWHOkaTUV93ffg8Zshfd9ZBKJ6e6Y\nhs0AAAc451Ma3edTGt0AAAAHc3NoLXJzYQAAAgEAneqWNjO/sqXneAxfzaLODQaa\nZXiwJP+VbLa64sN/lDLwcBFqGN4rph4QttrM6v2eLSlM6ElP8rm34LlvlohDRsDz\niEtapUiKTeyMOIgdJ0D4IirKrmRVSluIOFLx0nm/hGe3fw5slOOfJt3o0psS3jEi\nQFgPUKdkUWBBe2q364M89zkmFwTz9uDv31Fg1F2TUmh6q3D80/AKFX7SCIF+gH6u\nZg+a+rfm+iySPouKSKdviddteRsfE/n47Z4D2v9TuQn6Gq46L2S4zUkatPIWWTIh\nFWTFaA227QSxHFpA1jWsINy16VZInyTNatS/qNiLXvA2IjonVrBr0e1XR01LuxBx\n5v9ulloVejIwSMV6tWrSutqSqIHKFS8wqXc2WXlKILOfqRBWVUxUFNp9U+mWDZk+\nuQRXAp1tdmIzty7MjZcd2HOpP/K0RDaUmp/n8aydt4N7EozBteSe4nsKz4K3VEUU\n3aaLxRWOoaRMpKRqD/IfNcz6UwYNjA3/ng+ZHnApDGDE0/eNusbVENnLHrzD7z9g\nBEqhQ2NhCOZiPjUfxoN0vp+mWiedCri5BWOhdTWEzEBvz+fQFcqF/yfXJ3mw9YWB\nvmxzX08DMYfxeTTk/IZEwBghO4OJ7tJJ2INQs/QwVCPuUglDNA1EWHOkaTUV93ff\ng8Zshfd9ZBKJ6e6Yhs0AAAADAQABAAACAGCMndxz1T+fqZ6/Sg/K+1oBcIKbwG5O\niYhXTHn6d1Ufs9uA+jJMG7nL5gI2UlVWTNBl0Oywbh4EKIVQOwZ5N1DaBcuN7tTh\nPhYYiz7BEbn/QfZ53UO0emUlA2sUY1+BKnQEia84HXEGnjbANGoXf/izZ7KZZHu2\nbGJIjKCthdeLfMnWehBW6eZGbsJF2gLdV4Zp9J4/TYUy3Kd5y2aB7dsYGP6zidjC\neYj5mUx+OkTjghFv0jHaQC0Rh32YP9k0hHa8v9pyLYbueQKiMJ7y6HEOciXHX96X\njADr/nFMSRnu5NeOufX42Bvc/27Stn/ALa4VBbP1hDm/UZyfFN62RpcZtOBediWi\nZBY5jQN3zeHaMLjMNl5sanfRg+L8zaIXit7HPoErpziLHt+I7QzRyKcRpieYJTsJ\njL5A5zIo47d5YwTYtZYshgKqV2CKPkhYOvKqOztskemQvpCVOy+nhqcxfCPTxebn\ntIr+cj93K0n6Wb/14k02U6zbykZkfQrB5xtUWE8Nu0FRPsX65Kxwdz7WDiYDQniM\n8QhFm4wQYqc8dFiY63FYG32jImpeascCRkHVzLGJ8aPxz9+uovc9GkyM1GSXU7HW\n7ITeTYpegE8iLBinSx74jH5raYffYSCXdGQY+FX8kAoKgs5ubmpg7XL/2rcVlbmj\nEruStKHm0GzNAAABAQCbzHzcXTWDfOHXREits+KiF91eZyWkckA9SocftbCddlx0\n5qCowMBYsaEhteoruHc4dFLxOokM+QAqUhpJBRRIoINajgWt8sVuTwBOFsrSXp91\n661oomptK1tTTaUaA217shCD08GNZprlUUtis5HkD9KEh7fHyLNCXpwYzS2m5fM7\nONQhwJipiEDx3cw+nvR9UUgeaSLQrm4Xs6ZOOF4F5VcshA14cjeYzgnWLGa646BR\nXE3+w3MbPI3zYnEXmYL2d+ob1XS8F6ohhu48kTMrFFagJ0MEZU9FWxJX3dQheCGM\nWmmzqm17HRcLoavrFOMGOZ3513m5IkjZokwFLMWWAAABAQDND+Y2UB/tejulkkqp\npazcIphVUw74OS6b4z0cXj5bjum99xZpPaR+EdOcsvs4h7btOJhuCxXoFTUMkUSo\n0Y/kF5fpqYowy7Aa3vQPIM6Z3HhxllE9fqoiMT5u0fK9Xri5AevsmFZ09fNSX6Yc\nU5lv/RS9wLCrHthOlmpNo4FDrJAe2V+vSwzxB90VIo197Cct+HgO8GLk0B/ilf8d\n7bmUFshFgkjDHbA+jT6ZR1nkGuXCweMyuaOEOjq0NcOLJ2wvL+pIW2JNpBso+fVe\nKQtEFeGaNq7QQUYoQnSJCxA4DDCuEQ2BPncZg4vq/nzQw1iNNEXWeoqgiNWxH3Be\nG02PAAABAQDFJKSQn9UZXb8ZDUGuAn/liuMd36pIxQomO06q0UOVMvYVzleD7DCt\nzng2oy1gGskFHefQDdd98oMRC8aR4KP6bKweUPWaEM8Jtif4aIMxMkzOGCm9HkUl\nwcTPzZKvpa39w4VWgHVH4E2mANA9o3d892QqTmxe5pSfvw5dTf9dyNUK0S4hipFJ\nN8gfVua8SuIonaFLhq9xjes3Bpyjcrwm70XeHiZqSXUnUyRnH7IpVx215IQsV90l\ng+kbvvJSkOlc2x5m4dwcZqJUPlhmXelo57w+k8q+7Y8AECxussoB8N0J7RfuNcaq\nkX7Nz0/7KUc08vIi8x4cGqMB+4A0wq/jAAAAAAEC\n-----END OPENSSH PRIVATE KEY-----\n","private_key_pem":"-----BEGIN RSA PRIVATE KEY-----\nMIIJKQIBAAKCAgEAneqWNjO/sqXneAxfzaLODQaaZXiwJP+VbLa64sN/lDLwcBFq\nGN4rph4QttrM6v2eLSlM6ElP8rm34LlvlohDRsDziEtapUiKTeyMOIgdJ0D4IirK\nrmRVSluIOFLx0nm/hGe3fw5slOOfJt3o0psS3jEiQFgPUKdkUWBBe2q364M89zkm\nFwTz9uDv31Fg1F2TUmh6q3D80/AKFX7SCIF+gH6uZg+a+rfm+iySPouKSKdviddt\neRsfE/n47Z4D2v9TuQn6Gq46L2S4zUkatPIWWTIhFWTFaA227QSxHFpA1jWsINy1\n6VZInyTNatS/qNiLXvA2IjonVrBr0e1XR01LuxBx5v9ulloVejIwSMV6tWrSutqS\nqIHKFS8wqXc2WXlKILOfqRBWVUxUFNp9U+mWDZk+uQRXAp1tdmIzty7MjZcd2HOp\nP/K0RDaUmp/n8aydt4N7EozBteSe4nsKz4K3VEUU3aaLxRWOoaRMpKRqD/IfNcz6\nUwYNjA3/ng+ZHnApDGDE0/eNusbVENnLHrzD7z9gBEqhQ2NhCOZiPjUfxoN0vp+m\nWiedCri5BWOhdTWEzEBvz+fQFcqF/yfXJ3mw9YWBvmxzX08DMYfxeTTk/IZEwBgh\nO4OJ7tJJ2INQs/QwVCPuUglDNA1EWHOkaTUV93ffg8Zshfd9ZBKJ6e6Yhs0CAwEA\nAQKCAgBgjJ3cc9U/n6mev0oPyvtaAXCCm8BuTomIV0x5+ndVH7PbgPoyTBu5y+YC\nNlJVVkzQZdDssG4eBCiFUDsGeTdQ2gXLje7U4T4WGIs+wRG5/0H2ed1DtHplJQNr\nFGNfgSp0BImvOB1xBp42wDRqF3/4s2eymWR7tmxiSIygrYXXi3zJ1noQVunmRm7C\nRdoC3VeGafSeP02FMtynectmge3bGBj+s4nYwnmI+ZlMfjpE44IRb9Ix2kAtEYd9\nmD/ZNIR2vL/aci2G7nkCojCe8uhxDnIlx1/el4wA6/5xTEkZ7uTXjrn1+Ngb3P9u\n0rZ/wC2uFQWz9YQ5v1GcnxTetkaXGbTgXnYlomQWOY0Dd83h2jC4zDZebGp30YPi\n/M2iF4rexz6BK6c4ix7fiO0M0cinEaYnmCU7CYy+QOcyKOO3eWME2LWWLIYCqldg\nij5IWDryqjs7bJHpkL6QlTsvp4anMXwj08Xm57SK/nI/dytJ+lm/9eJNNlOs28pG\nZH0KwecbVFhPDbtBUT7F+uSscHc+1g4mA0J4jPEIRZuMEGKnPHRYmOtxWBt9oyJq\nXmrHAkZB1cyxifGj8c/frqL3PRpMjNRkl1Ox1uyE3k2KXoBPIiwYp0se+Ix+a2mH\n32Egl3RkGPhV/JAKCoLObm5qYO1y/9q3FZW5oxK7krSh5tBszQKCAQEAzQ/mNlAf\n7Xo7pZJKqaWs3CKYVVMO+Dkum+M9HF4+W47pvfcWaT2kfhHTnLL7OIe27TiYbgsV\n6BU1DJFEqNGP5BeX6amKMMuwGt70DyDOmdx4cZZRPX6qIjE+btHyvV64uQHr7JhW\ndPXzUl+mHFOZb/0UvcCwqx7YTpZqTaOBQ6yQHtlfr0sM8QfdFSKNfewnLfh4DvBi\n5NAf4pX/He25lBbIRYJIwx2wPo0+mUdZ5BrlwsHjMrmjhDo6tDXDiydsLy/qSFti\nTaQbKPn1XikLRBXhmjau0EFGKEJ0iQsQOAwwrhENgT53GYOL6v580MNYjTRF1nqK\noIjVsR9wXhtNjwKCAQEAxSSkkJ/VGV2/GQ1BrgJ/5YrjHd+qSMUKJjtOqtFDlTL2\nFc5Xg+wwrc54NqMtYBrJBR3n0A3XffKDEQvGkeCj+mysHlD1mhDPCbYn+GiDMTJM\nzhgpvR5FJcHEz82Sr6Wt/cOFVoB1R+BNpgDQPaN3fPdkKk5sXuaUn78OXU3/XcjV\nCtEuIYqRSTfIH1bmvEriKJ2hS4avcY3rNwaco3K8Ju9F3h4makl1J1MkZx+yKVcd\nteSELFfdJYPpG77yUpDpXNseZuHcHGaiVD5YZl3paOe8PpPKvu2PABAsbrLKAfDd\nCe0X7jXGqpF+zc9P+ylHNPLyIvMeHBqjAfuANMKv4wKCAQEAs44NbVdhbYaPPd5H\n5B4+qw7bxjKRNAaV6kfilblr7q3Hu9/kTsh8BSvE2DvcP9aN9U+OISUxzGLtbZCx\nxwSgcv+5tA8RAsMH869vkuOOJClpiUQu5KLJhGEMIutRGkIbi1vEYgnOAmHt6h34\njGsjOm0nQTO9Pkkm7EFG2a6mnEQ4edqqrwoPTeotyrjTngQvFlCvh50zatlWYggn\nN+SVj7cXK831umt/jHYO7xYL/vESaCNvtlXYeQqnpm5BR9KAJx1UjoD+Ja/hXFLq\nZ8WWqMpkHa1uCsptDQmLkwgN7pW19mTWJ2ozzTJjTKQDVKUIH7Q6xp/MTN8kBhDa\nSnyrvwKCAQAVj+xv5Qtputcr5kdIwP08HfS5T71QODzj8ZipFjpOF0TTHb50r2Cj\nofGECFTuLf/Oj3bLSrhHDj9HngIZ8nf86+XnavNx5mS+qy2z/bpbpyS/ZeUqyiTF\n/GuKTvG8RGLDXp821tX9Bot3nJ8qHrby9BwAhJNVzeJzlnH7wowrtcuXY0moYX+C\ngpdg1iBmd8pEpvj9Sb3mrZ8MZay8M9BgccsygBmzhlVJ984DeXQDEYQuYNAUCYgm\nkkbswfW/Ehp0DYNFvW5VrOQUUr1YdO0SjEYKkh+awmDhoOM7OFLf43hJnaUAaOFR\nxpgX6pTU467mG6xgJjck28T4comTO7gBAoIBAQCbzHzcXTWDfOHXREits+KiF91e\nZyWkckA9SocftbCddlx05qCowMBYsaEhteoruHc4dFLxOokM+QAqUhpJBRRIoINa\njgWt8sVuTwBOFsrSXp91661oomptK1tTTaUaA217shCD08GNZprlUUtis5HkD9KE\nh7fHyLNCXpwYzS2m5fM7ONQhwJipiEDx3cw+nvR9UUgeaSLQrm4Xs6ZOOF4F5Vcs\nhA14cjeYzgnWLGa646BRXE3+w3MbPI3zYnEXmYL2d+ob1XS8F6ohhu48kTMrFFag\nJ0MEZU9FWxJX3dQheCGMWmmzqm17HRcLoavrFOMGOZ3513m5IkjZokwFLMWW\n-----END RSA PRIVATE KEY-----\n","private_key_pem_pkcs8":"-----BEGIN PRIVATE KEY-----\nMIIJQwIBADANBgkqhkiG9w0BAQEFAASCCS0wggkpAgEAAoICAQCd6pY2M7+yped4\nDF/Nos4NBppleLAk/5Vstrriw3+UMvBwEWoY3iumHhC22szq/Z4tKUzoSU/yubfg\nuW+WiENGwPOIS1qlSIpN7Iw4iB0nQPgiKsquZFVKW4g4UvHSeb+EZ7d/DmyU458m\n3ejSmxLeMSJAWA9Qp2RRYEF7arfrgzz3OSYXBPP24O/fUWDUXZNSaHqrcPzT8AoV\nftIIgX6Afq5mD5r6t+b6LJI+i4pIp2+J1215Gx8T+fjtngPa/1O5CfoarjovZLjN\nSRq08hZZMiEVZMVoDbbtBLEcWkDWNawg3LXpVkifJM1q1L+o2Ite8DYiOidWsGvR\n7VdHTUu7EHHm/26WWhV6MjBIxXq1atK62pKogcoVLzCpdzZZeUogs5+pEFZVTFQU\n2n1T6ZYNmT65BFcCnW12YjO3LsyNlx3Yc6k/8rRENpSan+fxrJ23g3sSjMG15J7i\newrPgrdURRTdpovFFY6hpEykpGoP8h81zPpTBg2MDf+eD5kecCkMYMTT9426xtUQ\n2csevMPvP2AESqFDY2EI5mI+NR/Gg3S+n6ZaJ50KuLkFY6F1NYTMQG/P59AVyoX/\nJ9cnebD1hYG+bHNfTwMxh/F5NOT8hkTAGCE7g4nu0knYg1Cz9DBUI+5SCUM0DURY\nc6RpNRX3d9+DxmyF931kEonp7piGzQIDAQABAoICAGCMndxz1T+fqZ6/Sg/K+1oB\ncIKbwG5OiYhXTHn6d1Ufs9uA+jJMG7nL5gI2UlVWTNBl0Oywbh4EKIVQOwZ5N1Da\nBcuN7tThPhYYiz7BEbn/QfZ53UO0emUlA2sUY1+BKnQEia84HXEGnjbANGoXf/iz\nZ7KZZHu2bGJIjKCthdeLfMnWehBW6eZGbsJF2gLdV4Zp9J4/TYUy3Kd5y2aB7dsY\nGP6zidjCeYj5mUx+OkTjghFv0jHaQC0Rh32YP9k0hHa8v9pyLYbueQKiMJ7y6HEO\nciXHX96XjADr/nFMSRnu5NeOufX42Bvc/27Stn/ALa4VBbP1hDm/UZyfFN62RpcZ\ntOBediWiZBY5jQN3zeHaMLjMNl5sanfRg+L8zaIXit7HPoErpziLHt+I7QzRyKcR\npieYJTsJjL5A5zIo47d5YwTYtZYshgKqV2CKPkhYOvKqOztskemQvpCVOy+nhqcx\nfCPTxebntIr+cj93K0n6Wb/14k02U6zbykZkfQrB5xtUWE8Nu0FRPsX65Kxwdz7W\nDiYDQniM8QhFm4wQYqc8dFiY63FYG32jImpeascCRkHVzLGJ8aPxz9+uovc9GkyM\n1GSXU7HW7ITeTYpegE8iLBinSx74jH5raYffYSCXdGQY+FX8kAoKgs5ubmpg7XL/\n2rcVlbmjEruStKHm0GzNAoIBAQDND+Y2UB/tejulkkqppazcIphVUw74OS6b4z0c\nXj5bjum99xZpPaR+EdOcsvs4h7btOJhuCxXoFTUMkUSo0Y/kF5fpqYowy7Aa3vQP\nIM6Z3HhxllE9fqoiMT5u0fK9Xri5AevsmFZ09fNSX6YcU5lv/RS9wLCrHthOlmpN\no4FDrJAe2V+vSwzxB90VIo197Cct+HgO8GLk0B/ilf8d7bmUFshFgkjDHbA+jT6Z\nR1nkGuXCweMyuaOEOjq0NcOLJ2wvL+pIW2JNpBso+fVeKQtEFeGaNq7QQUYoQnSJ\nCxA4DDCuEQ2BPncZg4vq/nzQw1iNNEXWeoqgiNWxH3BeG02PAoIBAQDFJKSQn9UZ\nXb8ZDUGuAn/liuMd36pIxQomO06q0UOVMvYVzleD7DCtzng2oy1gGskFHefQDdd9\n8oMRC8aR4KP6bKweUPWaEM8Jtif4aIMxMkzOGCm9HkUlwcTPzZKvpa39w4VWgHVH\n4E2mANA9o3d892QqTmxe5pSfvw5dTf9dyNUK0S4hipFJN8gfVua8SuIonaFLhq9x\njes3Bpyjcrwm70XeHiZqSXUnUyRnH7IpVx215IQsV90lg+kbvvJSkOlc2x5m4dwc\nZqJUPlhmXelo57w+k8q+7Y8AECxussoB8N0J7RfuNcaqkX7Nz0/7KUc08vIi8x4c\nGqMB+4A0wq/jAoIBAQCzjg1tV2Ftho893kfkHj6rDtvGMpE0BpXqR+KVuWvurce7\n3+ROyHwFK8TYO9w/1o31T44hJTHMYu1tkLHHBKBy/7m0DxECwwfzr2+S444kKWmJ\nRC7kosmEYQwi61EaQhuLW8RiCc4CYe3qHfiMayM6bSdBM70+SSbsQUbZrqacRDh5\n2qqvCg9N6i3KuNOeBC8WUK+HnTNq2VZiCCc35JWPtxcrzfW6a3+Mdg7vFgv+8RJo\nI2+2Vdh5CqembkFH0oAnHVSOgP4lr+FcUupnxZaoymQdrW4Kym0NCYuTCA3ulbX2\nZNYnajPNMmNMpANUpQgftDrGn8xM3yQGENpKfKu/AoIBABWP7G/lC2m61yvmR0jA\n/Twd9LlPvVA4POPxmKkWOk4XRNMdvnSvYKOh8YQIVO4t/86PdstKuEcOP0eeAhny\nd/zr5edq83HmZL6rLbP9ulunJL9l5SrKJMX8a4pO8bxEYsNenzbW1f0Gi3ecnyoe\ntvL0HACEk1XN4nOWcfvCjCu1y5djSahhf4KCl2DWIGZ3ykSm+P1JveatnwxlrLwz\n0GBxyzKAGbOGVUn3zgN5dAMRhC5g0BQJiCaSRuzB9b8SGnQNg0W9blWs5BRSvVh0\n7RKMRgqSH5rCYOGg4zs4Ut/jeEmdpQBo4VHGmBfqlNTjruYbrGAmNyTbxPhyiZM7\nuAECggEBAJvMfNxdNYN84ddESK2z4qIX3V5nJaRyQD1Khx+1sJ12XHTmoKjAwFix\noSG16iu4dzh0UvE6iQz5ACpSGkkFFEigg1qOBa3yxW5PAE4WytJen3XrrWiiam0r\nW1NNpRoDbXuyEIPTwY1mmuVRS2KzkeQP0oSHt8fIs0JenBjNLabl8zs41CHAmKmI\nQPHdzD6e9H1RSB5pItCubhezpk44XgXlVyyEDXhyN5jOCdYsZrrjoFFcTf7Dcxs8\njfNicReZgvZ36hvVdLwXqiGG7jyRMysUVqAnQwRlT0VbElfd1CF4IYxaabOqbXsd\nFwuhq+sU4wY5nfnXebkiSNmiTAUsxZY=\n-----END PRIVATE KEY-----\n","public_key_fingerprint_md5":"7d:3f:7f:ba:ea:6f:45:57:7a:6d:d1:00:32:06:07:46","public_key_fingerprint_sha256":"SHA256:uF1EdHh+QLkp0B51ZQGPTZVVzbB7qD7aqTv4LE/J5mw","public_key_openssh":"ssh-rsa AAAAB3NzaC1yc2EAAAADAQABAAACAQCd6pY2M7+yped4DF/Nos4NBppleLAk/5Vstrriw3+UMvBwEWoY3iumHhC22szq/Z4tKUzoSU/yubfguW+WiENGwPOIS1qlSIpN7Iw4iB0nQPgiKsquZFVKW4g4UvHSeb+EZ7d/DmyU458m3ejSmxLeMSJAWA9Qp2RRYEF7arfrgzz3OSYXBPP24O/fUWDUXZNSaHqrcPzT8AoVftIIgX6Afq5mD5r6t+b6LJI+i4pIp2+J1215Gx8T+fjtngPa/1O5CfoarjovZLjNSRq08hZZMiEVZMVoDbbtBLEcWkDWNawg3LXpVkifJM1q1L+o2Ite8DYiOidWsGvR7VdHTUu7EHHm/26WWhV6MjBIxXq1atK62pKogcoVLzCpdzZZeUogs5+pEFZVTFQU2n1T6ZYNmT65BFcCnW12YjO3LsyNlx3Yc6k/8rRENpSan+fxrJ23g3sSjMG15J7iewrPgrdURRTdpovFFY6hpEykpGoP8h81zPpTBg2MDf+eD5kecCkMYMTT9426xtUQ2csevMPvP2AESqFDY2EI5mI+NR/Gg3S+n6ZaJ50KuLkFY6F1NYTMQG/P59AVyoX/J9cnebD1hYG+bHNfTwMxh/F5NOT8hkTAGCE7g4nu0knYg1Cz9DBUI+5SCUM0DURYc6RpNRX3d9+DxmyF931kEonp7piGzQ==\n","public_key_pem":"-----BEGIN PUBLIC KEY-----\nMIICIjANBgkqhkiG9w0BAQEFAAOCAg8AMIICCgKCAgEAneqWNjO/sqXneAxfzaLO\nDQaaZXiwJP+VbLa64sN/lDLwcBFqGN4rph4QttrM6v2eLSlM6ElP8rm34LlvlohD\nRsDziEtapUiKTeyMOIgdJ0D4IirKrmRVSluIOFLx0nm/hGe3fw5slOOfJt3o0psS\n3jEiQFgPUKdkUWBBe2q364M89zkmFwTz9uDv31Fg1F2TUmh6q3D80/AKFX7SCIF+\ngH6uZg+a+rfm+iySPouKSKdviddteRsfE/n47Z4D2v9TuQn6Gq46L2S4zUkatPIW\nWTIhFWTFaA227QSxHFpA1jWsINy16VZInyTNatS/qNiLXvA2IjonVrBr0e1XR01L\nuxBx5v9ulloVejIwSMV6tWrSutqSqIHKFS8wqXc2WXlKILOfqRBWVUxUFNp9U+mW\nDZk+uQRXAp1tdmIzty7MjZcd2HOpP/K0RDaUmp/n8aydt4N7EozBteSe4nsKz4K3\nVEUU3aaLxRWOoaRMpKRqD/IfNcz6UwYNjA3/ng+ZHnApDGDE0/eNusbVENnLHrzD\n7z9gBEqhQ2NhCOZiPjUfxoN0vp+mWiedCri5BWOhdTWEzEBvz+fQFcqF/yfXJ3mw\n9YWBvmxzX08DMYfxeTTk/IZEwBghO4OJ7tJJ2INQs/QwVCPuUglDNA1EWHOkaTUV\n93ffg8Zshfd9ZBKJ6e6Yhs0CAwEAAQ==\n-----END PUBLIC KEY-----\n","rsa_bits":4096},"after_unknown":{},"before_sensitive":{"private_key_openssh":true,"private_key_pem":true,"private_key_pem_pkcs8":true},"after_sensitive":{"private_key_openssh":true,"private_key_pem":true,"private_key_pem_pkcs8":true}}}],"prior_state":{"format_version":"1.0","terraform_version":"1.5.7","values":{"root_module":{"resources":[{"address":"aws_customer_gateway.fp-CGW","mode":"managed","type":"aws_customer_gateway","name":"fp-CGW","provider_name":"registry.terraform.io/hashicorp/aws","schema_version":0,"values":{"arn":"arn:aws:ec2:ap-northeast-2:339712848231:customer-gateway/cgw-0dcc45d9bead7f198","bgp_asn":"65000","bgp_asn_extended":"","certificate_arn":"","device_name":"","id":"cgw-0dcc45d9bead7f198","ip_address":"175.196.82.2","tags":{"Name":"fp-CGW"},"tags_all":{"Name":"fp-CGW"},"type":"ipsec.1"},"sensitive_values":{"tags":{},"tags_all":{}}},{"address":"aws_docdb_cluster.fp-documentDB-Cluster","mode":"managed","type":"aws_docdb_cluster","name":"fp-documentDB-Cluster","provider_name":"registry.terraform.io/hashicorp/aws","schema_version":0,"values":{"allow_major_version_upgrade":null,"apply_immediately":null,"arn":"arn:aws:rds:ap-northeast-2:339712848231:cluster:fp-documentdb-cluster","availability_zones":["ap-northeast-2a","ap-northeast-2b","ap-northeast-2c"],"backup_retention_period":1,"cluster_identifier":"fp-documentdb-cluster","cluster_identifier_prefix":"","cluster_members":["tf-20240822024757287600000006","tf-20240822024757287900000007","tf-20240822024757288000000008"],"cluster_resource_id":"cluster-MQ56CMPJXKFN7X7R3RYCVMQL5Q","db_cluster_parameter_group_name":"default.docdb5.0","db_subnet_group_name":"documentdb-subnetgroup","deletion_protection":false,"enabled_cloudwatch_logs_exports":[],"endpoint":"fp-documentdb-cluster.cluster-cn0y60kek5cj.ap-northeast-2.docdb.amazonaws.com","engine":"docdb","engine_version":"5.0.0","final_snapshot_identifier":null,"global_cluster_identifier":"","hosted_zone_id":"ZB9XW5O3Q7N8N","id":"fp-documentdb-cluster","kms_key_id":"","master_password":"VMware1!","master_username":"team3","port":27017,"preferred_backup_window":"16:56-17:26","preferred_maintenance_window":"sun:16:21-sun:16:51","reader_endpoint":"fp-documentdb-cluster.cluster-ro-cn0y60kek5cj.ap-northeast-2.docdb.amazonaws.com","restore_to_point_in_time":[],"skip_final_snapshot":false,"snapshot_identifier":null,"storage_encrypted":false,"storage_type":"","tags":{"Name":"fp-documentDB-Cluster"},"tags_all":{"Name":"fp-documentDB-Cluster"},"timeouts":null,"vpc_security_group_ids":["sg-07f2cd8c2aafa4373"]},"sensitive_values":{"availability_zones":[false,false,false],"cluster_members":[false,false,false],"enabled_cloudwatch_logs_exports":[],"master_password":true,"restore_to_point_in_time":[],"tags":{},"tags_all":{},"vpc_security_group_ids":[false]},"depends_on":["aws_docdb_subnet_group.fp-documentDB-subnetGroup","aws_security_group.fp-test","aws_subnet.fp-Private-Subnet-01","aws_subnet.fp-Private-Subnet-02","aws_vpc.fp-VPC"]},{"address":"aws_docdb_cluster_instance.fp-documentDB-instance[0]","mode":"managed","type":"aws_docdb_cluster_instance","name":"fp-documentDB-instance","index":0,"provider_name":"registry.terraform.io/hashicorp/aws","schema_version":0,"values":{"apply_immediately":null,"arn":"arn:aws:rds:ap-northeast-2:339712848231:db:tf-20240822024757288000000008","auto_minor_version_upgrade":true,"availability_zone":"ap-northeast-2a","ca_cert_identifier":"rds-ca-rsa2048-g1","cluster_identifier":"fp-documentdb-cluster","copy_tags_to_snapshot":false,"db_subnet_group_name":"documentdb-subnetgroup","dbi_resource_id":"db-55MCBCOYHWMQQKKBFYGUTYKAEQ","enable_performance_insights":null,"endpoint":"tf-20240822024757288000000008.cn0y60kek5cj.ap-northeast-2.docdb.amazonaws.com","engine":"docdb","engine_version":"5.0.0","id":"tf-20240822024757288000000008","identifier":"tf-20240822024757288000000008","identifier_prefix":"tf-","instance_class":"db.t3.medium","kms_key_id":"","performance_insights_kms_key_id":null,"port":27017,"preferred_backup_window":"16:56-17:26","preferred_maintenance_window":"tue:19:12-tue:19:42","promotion_tier":0,"publicly_accessible":false,"storage_encrypted":false,"tags":{},"tags_all":{},"timeouts":null,"writer":false},"sensitive_values":{"tags":{},"tags_all":{}},"depends_on":["aws_docdb_cluster.fp-documentDB-Cluster","aws_docdb_subnet_group.fp-documentDB-subnetGroup","aws_security_group.fp-test","aws_subnet.fp-Private-Subnet-01","aws_subnet.fp-Private-Subnet-02","aws_vpc.fp-VPC"]},{"address":"aws_docdb_cluster_instance.fp-documentDB-instance[1]","mode":"managed","type":"aws_docdb_cluster_instance","name":"fp-documentDB-instance","index":1,"provider_name":"registry.terraform.io/hashicorp/aws","schema_version":0,"values":{"apply_immediately":null,"arn":"arn:aws:rds:ap-northeast-2:339712848231:db:tf-20240822024757287600000006","auto_minor_version_upgrade":true,"availability_zone":"ap-northeast-2c","ca_cert_identifier":"rds-ca-rsa2048-g1","cluster_identifier":"fp-documentdb-cluster","copy_tags_to_snapshot":false,"db_subnet_group_name":"documentdb-subnetgroup","dbi_resource_id":"db-2IMHJ3P2XTTKR7AK7QNFBE6Z74","enable_performance_insights":null,"endpoint":"tf-20240822024757287600000006.cn0y60kek5cj.ap-northeast-2.docdb.amazonaws.com","engine":"docdb","engine_version":"5.0.0","id":"tf-20240822024757287600000006","identifier":"tf-20240822024757287600000006","identifier_prefix":"tf-","instance_class":"db.t3.medium","kms_key_id":"","performance_insights_kms_key_id":null,"port":27017,"preferred_backup_window":"16:56-17:26","preferred_maintenance_window":"sat:20:24-sat:20:54","promotion_tier":0,"publicly_accessible":false,"storage_encrypted":false,"tags":{},"tags_all":{},"timeouts":null,"writer":true},"sensitive_values":{"tags":{},"tags_all":{}},"depends_on":["aws_docdb_cluster.fp-documentDB-Cluster","aws_docdb_subnet_group.fp-documentDB-subnetGroup","aws_security_group.fp-test","aws_subnet.fp-Private-Subnet-01","aws_subnet.fp-Private-Subnet-02","aws_vpc.fp-VPC"]},{"address":"aws_docdb_cluster_instance.fp-documentDB-instance[2]","mode":"managed","type":"aws_docdb_cluster_instance","name":"fp-documentDB-instance","index":2,"provider_name":"registry.terraform.io/hashicorp/aws","schema_version":0,"values":{"apply_immediately":null,"arn":"arn:aws:rds:ap-northeast-2:339712848231:db:tf-20240822024757287900000007","auto_minor_version_upgrade":true,"availability_zone":"ap-northeast-2a","ca_cert_identifier":"rds-ca-rsa2048-g1","cluster_identifier":"fp-documentdb-cluster","copy_tags_to_snapshot":false,"db_subnet_group_name":"documentdb-subnetgroup","dbi_resource_id":"db-DMT4DV4TA4TNIPDRXP7GHWFNW4","enable_performance_insights":null,"endpoint":"tf-20240822024757287900000007.cn0y60kek5cj.ap-northeast-2.docdb.amazonaws.com","engine":"docdb","engine_version":"5.0.0","id":"tf-20240822024757287900000007","identifier":"tf-20240822024757287900000007","identifier_prefix":"tf-","instance_class":"db.t3.medium","kms_key_id":"","performance_insights_kms_key_id":null,"port":27017,"preferred_backup_window":"16:56-17:26","preferred_maintenance_window":"sat:16:19-sat:16:49","promotion_tier":0,"publicly_accessible":false,"storage_encrypted":false,"tags":{},"tags_all":{},"timeouts":null,"writer":false},"sensitive_values":{"tags":{},"tags_all":{}},"depends_on":["aws_docdb_cluster.fp-documentDB-Cluster","aws_docdb_subnet_group.fp-documentDB-subnetGroup","aws_security_group.fp-test","aws_subnet.fp-Private-Subnet-01","aws_subnet.fp-Private-Subnet-02","aws_vpc.fp-VPC"]},{"address":"aws_docdb_subnet_group.fp-documentDB-subnetGroup","mode":"managed","type":"aws_docdb_subnet_group","name":"fp-documentDB-subnetGroup","provider_name":"registry.terraform.io/hashicorp/aws","schema_version":0,"values":{"arn":"arn:aws:rds:ap-northeast-2:339712848231:subgrp:documentdb-subnetgroup","description":"Managed by Terraform","id":"documentdb-subnetgroup","name":"documentdb-subnetgroup","name_prefix":"","subnet_ids":["subnet-0a76f34827ba2c50f","subnet-0acefee10916d349b"],"tags":{"Name":"fp-documentDB-SubnetGroup"},"tags_all":{"Name":"fp-documentDB-SubnetGroup"}},"sensitive_values":{"subnet_ids":[false,false],"tags":{},"tags_all":{}},"depends_on":["aws_subnet.fp-Private-Subnet-01","aws_subnet.fp-Private-Subnet-02","aws_vpc.fp-VPC"]},{"address":"aws_eip.fp-NAT-eip-01","mode":"managed","type":"aws_eip","name":"fp-NAT-eip-01","provider_name":"registry.terraform.io/hashicorp/aws","schema_version":0,"values":{"address":null,"allocation_id":"eipalloc-05a5861200399c8ef","arn":"arn:aws:ec2:ap-northeast-2:339712848231:elastic-ip/eipalloc-05a5861200399c8ef","associate_with_private_ip":null,"association_id":"eipassoc-0b7c34ed04a1cffc2","carrier_ip":"","customer_owned_ip":"","customer_owned_ipv4_pool":"","domain":"vpc","id":"eipalloc-05a5861200399c8ef","instance":"","network_border_group":"ap-northeast-2","network_interface":"eni-0b7e8574a9f916d92","private_dns":"ip-10-10-1-5.ap-northeast-2.compute.internal","private_ip":"10.10.1.5","ptr_record":"","public_dns":"ec2-3-34-161-110.ap-northeast-2.compute.amazonaws.com","public_ip":"3.34.161.110","public_ipv4_pool":"amazon","tags":{},"tags_all":{},"timeouts":null,"vpc":true},"sensitive_values":{"tags":{},"tags_all":{}}},{"address":"aws_eip.fp-NAT-eip-02","mode":"managed","type":"aws_eip","name":"fp-NAT-eip-02","provider_name":"registry.terraform.io/hashicorp/aws","schema_version":0,"values":{"address":null,"allocation_id":"eipalloc-0ea4524ba87422793","arn":"arn:aws:ec2:ap-northeast-2:339712848231:elastic-ip/eipalloc-0ea4524ba87422793","associate_with_private_ip":null,"association_id":"eipassoc-0a824772c581bddb9","carrier_ip":"","customer_owned_ip":"","customer_owned_ipv4_pool":"","domain":"vpc","id":"eipalloc-0ea4524ba87422793","instance":"","network_border_group":"ap-northeast-2","network_interface":"eni-0b77da32d2e9adc8d","private_dns":"ip-10-10-2-119.ap-northeast-2.compute.internal","private_ip":"10.10.2.119","ptr_record":"","public_dns":"ec2-3-39-32-243.ap-northeast-2.compute.amazonaws.com","public_ip":"3.39.32.243","public_ipv4_pool":"amazon","tags":{},"tags_all":{},"timeouts":null,"vpc":true},"sensitive_values":{"tags":{},"tags_all":{}}},{"address":"aws_instance.fp-Private-EC2","mode":"managed","type":"aws_instance","name":"fp-Private-EC2","provider_name":"registry.terraform.io/hashicorp/aws","schema_version":1,"values":{"ami":"ami-04ab52e5e226ec1b8","arn":"arn:aws:ec2:ap-northeast-2:339712848231:instance/i-0a6bc294b12ea2cf6","associate_public_ip_address":true,"availability_zone":"ap-northeast-2a","capacity_reservation_specification":[{"capacity_reservation_preference":"open","capacity_reservation_target":[]}],"cpu_core_count":1,"cpu_options":[{"amd_sev_snp":"","core_count":1,"threads_per_core":1}],"cpu_threads_per_core":1,"credit_specification":[{"cpu_credits":"standard"}],"disable_api_stop":false,"disable_api_termination":false,"ebs_block_device":[],"ebs_optimized":false,"enclave_options":[{"enabled":false}],"ephemeral_block_device":[],"get_password_data":false,"hibernation":false,"host_id":"","host_resource_group_arn":null,"iam_instance_profile":"","id":"i-0a6bc294b12ea2cf6","instance_initiated_shutdown_behavior":"stop","instance_lifecycle":"","instance_market_options":[],"instance_state":"running","instance_type":"t2.micro","ipv6_address_count":0,"ipv6_addresses":[],"key_name":"LB_keypair.pem","launch_template":[],"maintenance_options":[{"auto_recovery":"default"}],"metadata_options":[{"http_endpoint":"enabled","http_protocol_ipv6":"disabled","http_put_response_hop_limit":1,"http_tokens":"optional","instance_metadata_tags":"disabled"}],"monitoring":false,"network_interface":[],"outpost_arn":"","password_data":"","placement_group":"","placement_partition_number":0,"primary_network_interface_id":"eni-0662c00bd17a55e97","private_dns":"ip-10-10-3-162.ap-northeast-2.compute.internal","private_dns_name_options":[{"enable_resource_name_dns_a_record":false,"enable_resource_name_dns_aaaa_record":false,"hostname_type":"ip-name"}],"private_ip":"10.10.3.162","public_dns":"","public_ip":"13.124.129.129","root_block_device":[{"delete_on_termination":true,"device_name":"/dev/xvda","encrypted":false,"iops":100,"kms_key_id":"","tags":{},"tags_all":{},"throughput":0,"volume_id":"vol-092b1480de24ed3fb","volume_size":8,"volume_type":"gp2"}],"secondary_private_ips":[],"security_groups":[],"source_dest_check":true,"spot_instance_request_id":"","subnet_id":"subnet-0acefee10916d349b","tags":{"Name":"fp-Private-EC2"},"tags_all":{"Name":"fp-Private-EC2"},"tenancy":"default","timeouts":null,"user_data":null,"user_data_base64":null,"user_data_replace_on_change":false,"volume_tags":null,"vpc_security_group_ids":["sg-07f2cd8c2aafa4373"]},"sensitive_values":{"capacity_reservation_specification":[{"capacity_reservation_target":[]}],"cpu_options":[{}],"credit_specification":[{}],"ebs_block_device":[],"enclave_options":[{}],"ephemeral_block_device":[],"instance_market_options":[],"ipv6_addresses":[],"launch_template":[],"maintenance_options":[{}],"metadata_options":[{}],"network_interface":[],"private_dns_name_options":[{}],"root_block_device":[{"tags":{},"tags_all":{}}],"secondary_private_ips":[],"security_groups":[],"tags":{},"tags_all":{},"vpc_security_group_ids":[false]},"depends_on":["aws_key_pair.fp-keypair","aws_security_group.fp-test","aws_subnet.fp-Private-Subnet-01","aws_vpc.fp-VPC","tls_private_key.fp-keypair"]},{"address":"aws_instance.fp-Public-EC2","mode":"managed","type":"aws_instance","name":"fp-Public-EC2","provider_name":"registry.terraform.io/hashicorp/aws","schema_version":1,"values":{"ami":"ami-04ab52e5e226ec1b8","arn":"arn:aws:ec2:ap-northeast-2:339712848231:instance/i-0319f1985903b397f","associate_public_ip_address":true,"availability_zone":"ap-northeast-2a","capacity_reservation_specification":[{"capacity_reservation_preference":"open","capacity_reservation_target":[]}],"cpu_core_count":1,"cpu_options":[{"amd_sev_snp":"","core_count":1,"threads_per_core":1}],"cpu_threads_per_core":1,"credit_specification":[{"cpu_credits":"standard"}],"disable_api_stop":false,"disable_api_termination":false,"ebs_block_device":[],"ebs_optimized":false,"enclave_options":[{"enabled":false}],"ephemeral_block_device":[],"get_password_data":false,"hibernation":false,"host_id":"","host_resource_group_arn":null,"iam_instance_profile":"","id":"i-0319f1985903b397f","instance_initiated_shutdown_behavior":"stop","instance_lifecycle":"","instance_market_options":[],"instance_state":"running","instance_type":"t2.micro","ipv6_address_count":0,"ipv6_addresses":[],"key_name":"LB_keypair.pem","launch_template":[],"maintenance_options":[{"auto_recovery":"default"}],"metadata_options":[{"http_endpoint":"enabled","http_protocol_ipv6":"disabled","http_put_response_hop_limit":1,"http_tokens":"optional","instance_metadata_tags":"disabled"}],"monitoring":false,"network_interface":[],"outpost_arn":"","password_data":"","placement_group":"","placement_partition_number":0,"primary_network_interface_id":"eni-00dbe50418eb858b2","private_dns":"ip-10-10-1-17.ap-northeast-2.compute.internal","private_dns_name_options":[{"enable_resource_name_dns_a_record":false,"enable_resource_name_dns_aaaa_record":false,"hostname_type":"ip-name"}],"private_ip":"10.10.1.17","public_dns":"","public_ip":"43.203.203.99","root_block_device":[{"delete_on_termination":true,"device_name":"/dev/xvda","encrypted":false,"iops":100,"kms_key_id":"","tags":{},"tags_all":{},"throughput":0,"volume_id":"vol-0df2fd51286d6ecb3","volume_size":8,"volume_type":"gp2"}],"secondary_private_ips":[],"security_groups":[],"source_dest_check":true,"spot_instance_request_id":"","subnet_id":"subnet-073cf2de5de06491e","tags":{"Name":"fp-Public-EC2"},"tags_all":{"Name":"fp-Public-EC2"},"tenancy":"default","timeouts":null,"user_data":null,"user_data_base64":null,"user_data_replace_on_change":false,"volume_tags":null,"vpc_security_group_ids":["sg-07f2cd8c2aafa4373"]},"sensitive_values":{"capacity_reservation_specification":[{"capacity_reservation_target":[]}],"cpu_options":[{}],"credit_specification":[{}],"ebs_block_device":[],"enclave_options":[{}],"ephemeral_block_device":[],"instance_market_options":[],"ipv6_addresses":[],"launch_template":[],"maintenance_options":[{}],"metadata_options":[{}],"network_interface":[],"private_dns_name_options":[{}],"root_block_device":[{"tags":{},"tags_all":{}}],"secondary_private_ips":[],"security_groups":[],"tags":{},"tags_all":{},"vpc_security_group_ids":[false]},"depends_on":["aws_key_pair.fp-keypair","aws_security_group.fp-test","aws_subnet.fp-Public-Subnet-01","aws_vpc.fp-VPC","tls_private_key.fp-keypair"]},{"address":"aws_internet_gateway.fp-IGW","mode":"managed","type":"aws_internet_gateway","name":"fp-IGW","provider_name":"registry.terraform.io/hashicorp/aws","schema_version":0,"values":{"arn":"arn:aws:ec2:ap-northeast-2:339712848231:internet-gateway/igw-0d693e1dce952c6b9","id":"igw-0d693e1dce952c6b9","owner_id":"339712848231","tags":{"Name":"fp-IGW"},"tags_all":{"Name":"fp-IGW"},"timeouts":null,"vpc_id":"vpc-05753ec994a8575d0"},"sensitive_values":{"tags":{},"tags_all":{}},"depends_on":["aws_vpc.fp-VPC"]},{"address":"aws_key_pair.fp-keypair","mode":"managed","type":"aws_key_pair","name":"fp-keypair","provider_name":"registry.terraform.io/hashicorp/aws","schema_version":1,"values":{"arn":"arn:aws:ec2:ap-northeast-2:339712848231:key-pair/LB_keypair.pem","fingerprint":"f8:ce:14:94:f5:95:dc:c1:b7:a5:d2:8d:bf:cf:72:3c","id":"LB_keypair.pem","key_name":"LB_keypair.pem","key_name_prefix":"","key_pair_id":"key-0482a94f5169cf172","key_type":"rsa","public_key":"ssh-rsa AAAAB3NzaC1yc2EAAAADAQABAAACAQCd6pY2M7+yped4DF/Nos4NBppleLAk/5Vstrriw3+UMvBwEWoY3iumHhC22szq/Z4tKUzoSU/yubfguW+WiENGwPOIS1qlSIpN7Iw4iB0nQPgiKsquZFVKW4g4UvHSeb+EZ7d/DmyU458m3ejSmxLeMSJAWA9Qp2RRYEF7arfrgzz3OSYXBPP24O/fUWDUXZNSaHqrcPzT8AoVftIIgX6Afq5mD5r6t+b6LJI+i4pIp2+J1215Gx8T+fjtngPa/1O5CfoarjovZLjNSRq08hZZMiEVZMVoDbbtBLEcWkDWNawg3LXpVkifJM1q1L+o2Ite8DYiOidWsGvR7VdHTUu7EHHm/26WWhV6MjBIxXq1atK62pKogcoVLzCpdzZZeUogs5+pEFZVTFQU2n1T6ZYNmT65BFcCnW12YjO3LsyNlx3Yc6k/8rRENpSan+fxrJ23g3sSjMG15J7iewrPgrdURRTdpovFFY6hpEykpGoP8h81zPpTBg2MDf+eD5kecCkMYMTT9426xtUQ2csevMPvP2AESqFDY2EI5mI+NR/Gg3S+n6ZaJ50KuLkFY6F1NYTMQG/P59AVyoX/J9cnebD1hYG+bHNfTwMxh/F5NOT8hkTAGCE7g4nu0knYg1Cz9DBUI+5SCUM0DURYc6RpNRX3d9+DxmyF931kEonp7piGzQ==","tags":{},"tags_all":{}},"sensitive_values":{"tags":{},"tags_all":{}},"depends_on":["tls_private_key.fp-keypair"]},{"address":"aws_nat_gateway.fp-NAT-GW-01","mode":"managed","type":"aws_nat_gateway","name":"fp-NAT-GW-01","provider_name":"registry.terraform.io/hashicorp/aws","schema_version":0,"values":{"allocation_id":"eipalloc-05a5861200399c8ef","association_id":"eipassoc-0b7c34ed04a1cffc2","connectivity_type":"public","id":"nat-0d67acf6eacdf4272","network_interface_id":"eni-0b7e8574a9f916d92","private_ip":"10.10.1.5","public_ip":"3.34.161.110","secondary_allocation_ids":[],"secondary_private_ip_address_count":0,"secondary_private_ip_addresses":[],"subnet_id":"subnet-073cf2de5de06491e","tags":{"Name":"fp-NAT-GW-01"},"tags_all":{"Name":"fp-NAT-GW-01"},"timeouts":null},"sensitive_values":{"secondary_allocation_ids":[],"secondary_private_ip_addresses":[],"tags":{},"tags_all":{}},"depends_on":["aws_eip.fp-NAT-eip-01","aws_subnet.fp-Public-Subnet-01","aws_vpc.fp-VPC"]},{"address":"aws_nat_gateway.fp-NAT-GW-02","mode":"managed","type":"aws_nat_gateway","name":"fp-NAT-GW-02","provider_name":"registry.terraform.io/hashicorp/aws","schema_version":0,"values":{"allocation_id":"eipalloc-0ea4524ba87422793","association_id":"eipassoc-0a824772c581bddb9","connectivity_type":"public","id":"nat-0b4d2e50bf0ac6421","network_interface_id":"eni-0b77da32d2e9adc8d","private_ip":"10.10.2.119","public_ip":"3.39.32.243","secondary_allocation_ids":[],"secondary_private_ip_address_count":0,"secondary_private_ip_addresses":[],"subnet_id":"subnet-0c3ca3e4ac8a06a47","tags":{"Name":"fp-NAT-GW-02"},"tags_all":{"Name":"fp-NAT-GW-02"},"timeouts":null},"sensitive_values":{"secondary_allocation_ids":[],"secondary_private_ip_addresses":[],"tags":{},"tags_all":{}},"depends_on":["aws_eip.fp-NAT-eip-02","aws_subnet.fp-Public-Subnet-02","aws_vpc.fp-VPC"]},{"address":"aws_route_table.fp-Private-routingtable","mode":"managed","type":"aws_route_table","name":"fp-Private-routingtable","provider_name":"registry.terraform.io/hashicorp/aws","schema_version":0,"values":{"arn":"arn:aws:ec2:ap-northeast-2:339712848231:route-table/rtb-0849e13076d1b0ba0","id":"rtb-0849e13076d1b0ba0","owner_id":"339712848231","propagating_vgws":[],"route":[{"carrier_gateway_id":"","cidr_block":"0.0.0.0/0","core_network_arn":"","destination_prefix_list_id":"","egress_only_gateway_id":"","gateway_id":"","ipv6_cidr_block":"","local_gateway_id":"","nat_gateway_id":"nat-0d67acf6eacdf4272","network_interface_id":"","transit_gateway_id":"","vpc_endpoint_id":"","vpc_peering_connection_id":""},{"carrier_gateway_id":"","cidr_block":"172.24.0.0/24","core_network_arn":"","destination_prefix_list_id":"","egress_only_gateway_id":"","gateway_id":"vgw-077a187c51cd98b80","ipv6_cidr_block":"","local_gateway_id":"","nat_gateway_id":"","network_interface_id":"","transit_gateway_id":"","vpc_endpoint_id":"","vpc_peering_connection_id":""}],"tags":{"Name":"fp-Private01-routingtable"},"tags_all":{"Name":"fp-Private01-routingtable"},"timeouts":null,"vpc_id":"vpc-05753ec994a8575d0"},"sensitive_values":{"propagating_vgws":[],"route":[{},{}],"tags":{},"tags_all":{}},"depends_on":["aws_eip.fp-NAT-eip-01","aws_nat_gateway.fp-NAT-GW-01","aws_subnet.fp-Public-Subnet-01","aws_vpc.fp-VPC","aws_vpn_gateway.fp-VPG"]},{"address":"aws_route_table.fp-Public-routingtable","mode":"managed","type":"aws_route_table","name":"fp-Public-routingtable","provider_name":"registry.terraform.io/hashicorp/aws","schema_version":0,"values":{"arn":"arn:aws:ec2:ap-northeast-2:339712848231:route-table/rtb-0d5769080ccde0742","id":"rtb-0d5769080ccde0742","owner_id":"339712848231","propagating_vgws":[],"route":[{"carrier_gateway_id":"","cidr_block":"0.0.0.0/0","core_network_arn":"","destination_prefix_list_id":"","egress_only_gateway_id":"","gateway_id":"igw-0d693e1dce952c6b9","ipv6_cidr_block":"","local_gateway_id":"","nat_gateway_id":"","network_interface_id":"","transit_gateway_id":"","vpc_endpoint_id":"","vpc_peering_connection_id":""},{"carrier_gateway_id":"","cidr_block":"172.24.0.0/24","core_network_arn":"","destination_prefix_list_id":"","egress_only_gateway_id":"","gateway_id":"vgw-077a187c51cd98b80","ipv6_cidr_block":"","local_gateway_id":"","nat_gateway_id":"","network_interface_id":"","transit_gateway_id":"","vpc_endpoint_id":"","vpc_peering_connection_id":""}],"tags":{"Name":"fp-Public-routingtable"},"tags_all":{"Name":"fp-Public-routingtable"},"timeouts":null,"vpc_id":"vpc-05753ec994a8575d0"},"sensitive_values":{"propagating_vgws":[],"route":[{},{}],"tags":{},"tags_all":{}},"depends_on":["aws_internet_gateway.fp-IGW","aws_vpc.fp-VPC","aws_vpn_gateway.fp-VPG"]},{"address":"aws_route_table_association.private01-connection","mode":"managed","type":"aws_route_table_association","name":"private01-connection","provider_name":"registry.terraform.io/hashicorp/aws","schema_version":0,"values":{"gateway_id":"","id":"rtbassoc-07f5d3216a786d9e5","route_table_id":"rtb-0849e13076d1b0ba0","subnet_id":"subnet-0acefee10916d349b","timeouts":null},"sensitive_values":{},"depends_on":["aws_eip.fp-NAT-eip-01","aws_nat_gateway.fp-NAT-GW-01","aws_route_table.fp-Private-routingtable","aws_subnet.fp-Private-Subnet-01","aws_subnet.fp-Public-Subnet-01","aws_vpc.fp-VPC","aws_vpn_gateway.fp-VPG"]},{"address":"aws_route_table_association.private02-connection","mode":"managed","type":"aws_route_table_association","name":"private02-connection","provider_name":"registry.terraform.io/hashicorp/aws","schema_version":0,"values":{"gateway_id":"","id":"rtbassoc-05e2c560852927d7f","route_table_id":"rtb-0849e13076d1b0ba0","subnet_id":"subnet-0a76f34827ba2c50f","timeouts":null},"sensitive_values":{},"depends_on":["aws_eip.fp-NAT-eip-01","aws_nat_gateway.fp-NAT-GW-01","aws_route_table.fp-Private-routingtable","aws_subnet.fp-Private-Subnet-02","aws_subnet.fp-Public-Subnet-01","aws_vpc.fp-VPC","aws_vpn_gateway.fp-VPG"]},{"address":"aws_route_table_association.public01-connection","mode":"managed","type":"aws_route_table_association","name":"public01-connection","provider_name":"registry.terraform.io/hashicorp/aws","schema_version":0,"values":{"gateway_id":"","id":"rtbassoc-024078ea5c8a1af22","route_table_id":"rtb-0d5769080ccde0742","subnet_id":"subnet-073cf2de5de06491e","timeouts":null},"sensitive_values":{},"depends_on":["aws_internet_gateway.fp-IGW","aws_route_table.fp-Public-routingtable","aws_subnet.fp-Public-Subnet-01","aws_vpc.fp-VPC","aws_vpn_gateway.fp-VPG"]},{"address":"aws_route_table_association.public02-connection","mode":"managed","type":"aws_route_table_association","name":"public02-connection","provider_name":"registry.terraform.io/hashicorp/aws","schema_version":0,"values":{"gateway_id":"","id":"rtbassoc-02c2921f873b009e5","route_table_id":"rtb-0d5769080ccde0742","subnet_id":"subnet-0c3ca3e4ac8a06a47","timeouts":null},"sensitive_values":{},"depends_on":["aws_internet_gateway.fp-IGW","aws_route_table.fp-Public-routingtable","aws_subnet.fp-Public-Subnet-02","aws_vpc.fp-VPC","aws_vpn_gateway.fp-VPG"]},{"address":"aws_security_group.fp-test","mode":"managed","type":"aws_security_group","name":"fp-test","provider_name":"registry.terraform.io/hashicorp/aws","schema_version":1,"values":{"arn":"arn:aws:ec2:ap-northeast-2:339712848231:security-group/sg-07f2cd8c2aafa4373","description":"Managed by Terraform","egress":[{"cidr_blocks":["0.0.0.0/0"],"description":"","from_port":0,"ipv6_cidr_blocks":[],"prefix_list_ids":[],"protocol":"-1","security_groups":[],"self":false,"to_port":0}],"id":"sg-07f2cd8c2aafa4373","ingress":[{"cidr_blocks":["0.0.0.0/0"],"description":"","from_port":0,"ipv6_cidr_blocks":[],"prefix_list_ids":[],"protocol":"-1","security_groups":[],"self":false,"to_port":0}],"name":"fp-test","name_prefix":"","owner_id":"339712848231","revoke_rules_on_delete":false,"tags":{"Name":"test_security_group"},"tags_all":{"Name":"test_security_group"},"timeouts":null,"vpc_id":"vpc-05753ec994a8575d0"},"sensitive_values":{"egress":[{"cidr_blocks":[false],"ipv6_cidr_blocks":[],"prefix_list_ids":[],"security_groups":[]}],"ingress":[{"cidr_blocks":[false],"ipv6_cidr_blocks":[],"prefix_list_ids":[],"security_groups":[]}],"tags":{},"tags_all":{}},"depends_on":["aws_vpc.fp-VPC"]},{"address":"aws_subnet.fp-Private-Subnet-01","mode":"managed","type":"aws_subnet","name":"fp-Private-Subnet-01","provider_name":"registry.terraform.io/hashicorp/aws","schema_version":1,"values":{"arn":"arn:aws:ec2:ap-northeast-2:339712848231:subnet/subnet-0acefee10916d349b","assign_ipv6_address_on_creation":false,"availability_zone":"ap-northeast-2a","availability_zone_id":"apne2-az1","cidr_block":"10.10.3.0/24","customer_owned_ipv4_pool":"","enable_dns64":false,"enable_lni_at_device_index":0,"enable_resource_name_dns_a_record_on_launch":false,"enable_resource_name_dns_aaaa_record_on_launch":false,"id":"subnet-0acefee10916d349b","ipv6_cidr_block":"","ipv6_cidr_block_association_id":"","ipv6_native":false,"map_customer_owned_ip_on_launch":false,"map_public_ip_on_launch":false,"outpost_arn":"","owner_id":"339712848231","private_dns_hostname_type_on_launch":"ip-name","tags":{"Name":"fp-Private-Subnet-01"},"tags_all":{"Name":"fp-Private-Subnet-01"},"timeouts":null,"vpc_id":"vpc-05753ec994a8575d0"},"sensitive_values":{"tags":{},"tags_all":{}},"depends_on":["aws_vpc.fp-VPC"]},{"address":"aws_subnet.fp-Private-Subnet-02","mode":"managed","type":"aws_subnet","name":"fp-Private-Subnet-02","provider_name":"registry.terraform.io/hashicorp/aws","schema_version":1,"values":{"arn":"arn:aws:ec2:ap-northeast-2:339712848231:subnet/subnet-0a76f34827ba2c50f","assign_ipv6_address_on_creation":false,"availability_zone":"ap-northeast-2c","availability_zone_id":"apne2-az3","cidr_block":"10.10.4.0/24","customer_owned_ipv4_pool":"","enable_dns64":false,"enable_lni_at_device_index":0,"enable_resource_name_dns_a_record_on_launch":false,"enable_resource_name_dns_aaaa_record_on_launch":false,"id":"subnet-0a76f34827ba2c50f","ipv6_cidr_block":"","ipv6_cidr_block_association_id":"","ipv6_native":false,"map_customer_owned_ip_on_launch":false,"map_public_ip_on_launch":false,"outpost_arn":"","owner_id":"339712848231","private_dns_hostname_type_on_launch":"ip-name","tags":{"Name":"fp-Private-Subnet-02"},"tags_all":{"Name":"fp-Private-Subnet-02"},"timeouts":null,"vpc_id":"vpc-05753ec994a8575d0"},"sensitive_values":{"tags":{},"tags_all":{}},"depends_on":["aws_vpc.fp-VPC"]},{"address":"aws_subnet.fp-Public-Subnet-01","mode":"managed","type":"aws_subnet","name":"fp-Public-Subnet-01","provider_name":"registry.terraform.io/hashicorp/aws","schema_version":1,"values":{"arn":"arn:aws:ec2:ap-northeast-2:339712848231:subnet/subnet-073cf2de5de06491e","assign_ipv6_address_on_creation":false,"availability_zone":"ap-northeast-2a","availability_zone_id":"apne2-az1","cidr_block":"10.10.1.0/24","customer_owned_ipv4_pool":"","enable_dns64":false,"enable_lni_at_device_index":0,"enable_resource_name_dns_a_record_on_launch":false,"enable_resource_name_dns_aaaa_record_on_launch":false,"id":"subnet-073cf2de5de06491e","ipv6_cidr_block":"","ipv6_cidr_block_association_id":"","ipv6_native":false,"map_customer_owned_ip_on_launch":false,"map_public_ip_on_launch":false,"outpost_arn":"","owner_id":"339712848231","private_dns_hostname_type_on_launch":"ip-name","tags":{"Name":"fp-Public-Subnet-01"},"tags_all":{"Name":"fp-Public-Subnet-01"},"timeouts":null,"vpc_id":"vpc-05753ec994a8575d0"},"sensitive_values":{"tags":{},"tags_all":{}},"depends_on":["aws_vpc.fp-VPC"]},{"address":"aws_subnet.fp-Public-Subnet-02","mode":"managed","type":"aws_subnet","name":"fp-Public-Subnet-02","provider_name":"registry.terraform.io/hashicorp/aws","schema_version":1,"values":{"arn":"arn:aws:ec2:ap-northeast-2:339712848231:subnet/subnet-0c3ca3e4ac8a06a47","assign_ipv6_address_on_creation":false,"availability_zone":"ap-northeast-2c","availability_zone_id":"apne2-az3","cidr_block":"10.10.2.0/24","customer_owned_ipv4_pool":"","enable_dns64":false,"enable_lni_at_device_index":0,"enable_resource_name_dns_a_record_on_launch":false,"enable_resource_name_dns_aaaa_record_on_launch":false,"id":"subnet-0c3ca3e4ac8a06a47","ipv6_cidr_block":"","ipv6_cidr_block_association_id":"","ipv6_native":false,"map_customer_owned_ip_on_launch":false,"map_public_ip_on_launch":false,"outpost_arn":"","owner_id":"339712848231","private_dns_hostname_type_on_launch":"ip-name","tags":{"Name":"fp-Public-Subnet-02"},"tags_all":{"Name":"fp-Public-Subnet-02"},"timeouts":null,"vpc_id":"vpc-05753ec994a8575d0"},"sensitive_values":{"tags":{},"tags_all":{}},"depends_on":["aws_vpc.fp-VPC"]},{"address":"aws_vpc.fp-VPC","mode":"managed","type":"aws_vpc","name":"fp-VPC","provider_name":"registry.terraform.io/hashicorp/aws","schema_version":1,"values":{"arn":"arn:aws:ec2:ap-northeast-2:339712848231:vpc/vpc-05753ec994a8575d0","assign_generated_ipv6_cidr_block":false,"cidr_block":"10.10.0.0/16","default_network_acl_id":"acl-06de009b495462df8","default_route_table_id":"rtb-0e653c782363a8f4b","default_security_group_id":"sg-04232ac0d035cc7df","dhcp_options_id":"dopt-0bd5db2af2007fb3b","enable_dns_hostnames":false,"enable_dns_support":true,"enable_network_address_usage_metrics":false,"id":"vpc-05753ec994a8575d0","instance_tenancy":"default","ipv4_ipam_pool_id":null,"ipv4_netmask_length":null,"ipv6_association_id":"","ipv6_cidr_block":"","ipv6_cidr_block_network_border_group":"","ipv6_ipam_pool_id":"","ipv6_netmask_length":0,"main_route_table_id":"rtb-0e653c782363a8f4b","owner_id":"339712848231","tags":{"Name":"fp-VPC"},"tags_all":{"Name":"fp-VPC"}},"sensitive_values":{"tags":{},"tags_all":{}}},{"address":"aws_vpn_connection.fp-VPN-connection","mode":"managed","type":"aws_vpn_connection","name":"fp-VPN-connection","provider_name":"registry.terraform.io/hashicorp/aws","schema_version":0,"values":{"arn":"arn:aws:ec2:ap-northeast-2:339712848231:vpn-connection/vpn-03ec4120078f7280b","core_network_arn":"","core_network_attachment_arn":"","customer_gateway_configuration":"\u003c?xml version=\"1.0\" encoding=\"UTF-8\"?\u003e\n\u003cvpn_connection id=\"vpn-03ec4120078f7280b\"\u003e\n  \u003ccustomer_gateway_id\u003ecgw-0dcc45d9bead7f198\u003c/customer_gateway_id\u003e\n  \u003cvpn_gateway_id\u003evgw-077a187c51cd98b80\u003c/vpn_gateway_id\u003e\n  \u003cvpn_connection_type\u003eipsec.1\u003c/vpn_connection_type\u003e\n  \u003cvpn_connection_attributes\u003eNoBGPVPNConnection\u003c/vpn_connection_attributes\u003e\n  \u003cipsec_tunnel\u003e\n    \u003ccustomer_gateway\u003e\n      \u003ctunnel_outside_address\u003e\n        \u003cip_address\u003e175.196.82.2\u003c/ip_address\u003e\n      \u003c/tunnel_outside_address\u003e\n      \u003ctunnel_inside_address\u003e\n        \u003cip_address\u003e169.254.73.226\u003c/ip_address\u003e\n        \u003cnetwork_mask\u003e255.255.255.252\u003c/network_mask\u003e\n        \u003cnetwork_cidr\u003e30\u003c/network_cidr\u003e\n      \u003c/tunnel_inside_address\u003e\n    \u003c/customer_gateway\u003e\n    \u003cvpn_gateway\u003e\n      \u003ctunnel_outside_address\u003e\n        \u003cip_address\u003e3.37.102.6\u003c/ip_address\u003e\n      \u003c/tunnel_outside_address\u003e\n      \u003ctunnel_inside_address\u003e\n        \u003cip_address\u003e169.254.73.225\u003c/ip_address\u003e\n        \u003cnetwork_mask\u003e255.255.255.252\u003c/network_mask\u003e\n        \u003cnetwork_cidr\u003e30\u003c/network_cidr\u003e\n      \u003c/tunnel_inside_address\u003e\n    \u003c/vpn_gateway\u003e\n    \u003cike\u003e\n      \u003cauthentication_protocol\u003esha1\u003c/authentication_protocol\u003e\n      \u003cencryption_protocol\u003eaes-128-cbc\u003c/encryption_protocol\u003e\n      \u003clifetime\u003e28800\u003c/lifetime\u003e\n      \u003cperfect_forward_secrecy\u003egroup2\u003c/perfect_forward_secrecy\u003e\n      \u003cmode\u003emain\u003c/mode\u003e\n      \u003cpre_shared_key\u003etestkeys\u003c/pre_shared_key\u003e\n    \u003c/ike\u003e\n    \u003cipsec\u003e\n      \u003cprotocol\u003eesp\u003c/protocol\u003e\n      \u003cauthentication_protocol\u003ehmac-sha1-96\u003c/authentication_protocol\u003e\n      \u003cencryption_protocol\u003eaes-128-cbc\u003c/encryption_protocol\u003e\n      \u003clifetime\u003e3600\u003c/lifetime\u003e\n      \u003cperfect_forward_secrecy\u003egroup2\u003c/perfect_forward_secrecy\u003e\n      \u003cmode\u003etunnel\u003c/mode\u003e\n      \u003cclear_df_bit\u003etrue\u003c/clear_df_bit\u003e\n      \u003cfragmentation_before_encryption\u003etrue\u003c/fragmentation_before_encryption\u003e\n      \u003ctcp_mss_adjustment\u003e1379\u003c/tcp_mss_adjustment\u003e\n      \u003cdead_peer_detection\u003e\n        \u003cinterval\u003e10\u003c/interval\u003e\n        \u003cretries\u003e3\u003c/retries\u003e\n      \u003c/dead_peer_detection\u003e\n    \u003c/ipsec\u003e\n  \u003c/ipsec_tunnel\u003e\n  \u003cipsec_tunnel\u003e\n    \u003ccustomer_gateway\u003e\n      \u003ctunnel_outside_address\u003e\n        \u003cip_address\u003e175.196.82.2\u003c/ip_address\u003e\n      \u003c/tunnel_outside_address\u003e\n      \u003ctunnel_inside_address\u003e\n        \u003cip_address\u003e169.254.121.182\u003c/ip_address\u003e\n        \u003cnetwork_mask\u003e255.255.255.252\u003c/network_mask\u003e\n        \u003cnetwork_cidr\u003e30\u003c/network_cidr\u003e\n      \u003c/tunnel_inside_address\u003e\n    \u003c/customer_gateway\u003e\n    \u003cvpn_gateway\u003e\n      \u003ctunnel_outside_address\u003e\n        \u003cip_address\u003e43.203.39.87\u003c/ip_address\u003e\n      \u003c/tunnel_outside_address\u003e\n      \u003ctunnel_inside_address\u003e\n        \u003cip_address\u003e169.254.121.181\u003c/ip_address\u003e\n        \u003cnetwork_mask\u003e255.255.255.252\u003c/network_mask\u003e\n        \u003cnetwork_cidr\u003e30\u003c/network_cidr\u003e\n      \u003c/tunnel_inside_address\u003e\n    \u003c/vpn_gateway\u003e\n    \u003cike\u003e\n      \u003cauthentication_protocol\u003esha1\u003c/authentication_protocol\u003e\n      \u003cencryption_protocol\u003eaes-128-cbc\u003c/encryption_protocol\u003e\n      \u003clifetime\u003e28800\u003c/lifetime\u003e\n      \u003cperfect_forward_secrecy\u003egroup2\u003c/perfect_forward_secrecy\u003e\n      \u003cmode\u003emain\u003c/mode\u003e\n      \u003cpre_shared_key\u003etestkeys\u003c/pre_shared_key\u003e\n    \u003c/ike\u003e\n    \u003cipsec\u003e\n      \u003cprotocol\u003eesp\u003c/protocol\u003e\n      \u003cauthentication_protocol\u003ehmac-sha1-96\u003c/authentication_protocol\u003e\n      \u003cencryption_protocol\u003eaes-128-cbc\u003c/encryption_protocol\u003e\n      \u003clifetime\u003e3600\u003c/lifetime\u003e\n      \u003cperfect_forward_secrecy\u003egroup2\u003c/perfect_forward_secrecy\u003e\n      \u003cmode\u003etunnel\u003c/mode\u003e\n      \u003cclear_df_bit\u003etrue\u003c/clear_df_bit\u003e\n      \u003cfragmentation_before_encryption\u003etrue\u003c/fragmentation_before_encryption\u003e\n      \u003ctcp_mss_adjustment\u003e1379\u003c/tcp_mss_adjustment\u003e\n      \u003cdead_peer_detection\u003e\n        \u003cinterval\u003e10\u003c/interval\u003e\n        \u003cretries\u003e3\u003c/retries\u003e\n      \u003c/dead_peer_detection\u003e\n    \u003c/ipsec\u003e\n  \u003c/ipsec_tunnel\u003e\n\u003c/vpn_connection\u003e\n","customer_gateway_id":"cgw-0dcc45d9bead7f198","enable_acceleration":false,"id":"vpn-03ec4120078f7280b","local_ipv4_network_cidr":"172.24.0.0/24","local_ipv6_network_cidr":"","outside_ip_address_type":"PublicIpv4","remote_ipv4_network_cidr":"10.10.0.0/16","remote_ipv6_network_cidr":"","routes":[{"destination_cidr_block":"172.24.0.0/24","source":"","state":"available"}],"static_routes_only":true,"tags":{"Name":"fp-SiteToSite-VPN-Connection"},"tags_all":{"Name":"fp-SiteToSite-VPN-Connection"},"transit_gateway_attachment_id":"","transit_gateway_id":"","transport_transit_gateway_attachment_id":"","tunnel1_address":"3.37.102.6","tunnel1_bgp_asn":"","tunnel1_bgp_holdtime":0,"tunnel1_cgw_inside_address":"169.254.73.226","tunnel1_dpd_timeout_action":"","tunnel1_dpd_timeout_seconds":0,"tunnel1_enable_tunnel_lifecycle_control":false,"tunnel1_ike_versions":[],"tunnel1_inside_cidr":"169.254.73.224/30","tunnel1_inside_ipv6_cidr":"","tunnel1_log_options":[{"cloudwatch_log_options":[{"log_enabled":false,"log_group_arn":"","log_output_format":""}]}],"tunnel1_phase1_dh_group_numbers":[],"tunnel1_phase1_encryption_algorithms":[],"tunnel1_phase1_integrity_algorithms":[],"tunnel1_phase1_lifetime_seconds":0,"tunnel1_phase2_dh_group_numbers":[],"tunnel1_phase2_encryption_algorithms":[],"tunnel1_phase2_integrity_algorithms":[],"tunnel1_phase2_lifetime_seconds":0,"tunnel1_preshared_key":"testkeys","tunnel1_rekey_fuzz_percentage":0,"tunnel1_rekey_margin_time_seconds":0,"tunnel1_replay_window_size":0,"tunnel1_startup_action":"","tunnel1_vgw_inside_address":"169.254.73.225","tunnel2_address":"43.203.39.87","tunnel2_bgp_asn":"","tunnel2_bgp_holdtime":0,"tunnel2_cgw_inside_address":"169.254.121.182","tunnel2_dpd_timeout_action":"","tunnel2_dpd_timeout_seconds":0,"tunnel2_enable_tunnel_lifecycle_control":false,"tunnel2_ike_versions":[],"tunnel2_inside_cidr":"169.254.121.180/30","tunnel2_inside_ipv6_cidr":"","tunnel2_log_options":[{"cloudwatch_log_options":[{"log_enabled":false,"log_group_arn":"","log_output_format":""}]}],"tunnel2_phase1_dh_group_numbers":[],"tunnel2_phase1_encryption_algorithms":[],"tunnel2_phase1_integrity_algorithms":[],"tunnel2_phase1_lifetime_seconds":0,"tunnel2_phase2_dh_group_numbers":[],"tunnel2_phase2_encryption_algorithms":[],"tunnel2_phase2_integrity_algorithms":[],"tunnel2_phase2_lifetime_seconds":0,"tunnel2_preshared_key":"testkeys","tunnel2_rekey_fuzz_percentage":0,"tunnel2_rekey_margin_time_seconds":0,"tunnel2_replay_window_size":0,"tunnel2_startup_action":"","tunnel2_vgw_inside_address":"169.254.121.181","tunnel_inside_ip_version":"ipv4","type":"ipsec.1","vgw_telemetry":[{"accepted_route_count":1,"certificate_arn":"","last_status_change":"2024-08-22T02:49:51Z","outside_ip_address":"43.203.39.87","status":"DOWN","status_message":""},{"accepted_route_count":1,"certificate_arn":"","last_status_change":"2024-08-22T02:50:21Z","outside_ip_address":"3.37.102.6","status":"DOWN","status_message":""}],"vpn_gateway_id":"vgw-077a187c51cd98b80"},"sensitive_values":{"customer_gateway_configuration":true,"routes":[{}],"tags":{},"tags_all":{},"tunnel1_ike_versions":[],"tunnel1_log_options":[{"cloudwatch_log_options":[{}]}],"tunnel1_phase1_dh_group_numbers":[],"tunnel1_phase1_encryption_algorithms":[],"tunnel1_phase1_integrity_algorithms":[],"tunnel1_phase2_dh_group_numbers":[],"tunnel1_phase2_encryption_algorithms":[],"tunnel1_phase2_integrity_algorithms":[],"tunnel1_preshared_key":true,"tunnel2_ike_versions":[],"tunnel2_log_options":[{"cloudwatch_log_options":[{}]}],"tunnel2_phase1_dh_group_numbers":[],"tunnel2_phase1_encryption_algorithms":[],"tunnel2_phase1_integrity_algorithms":[],"tunnel2_phase2_dh_group_numbers":[],"tunnel2_phase2_encryption_algorithms":[],"tunnel2_phase2_integrity_algorithms":[],"tunnel2_preshared_key":true,"vgw_telemetry":[{},{}]},"depends_on":["aws_customer_gateway.fp-CGW","aws_vpc.fp-VPC","aws_vpn_gateway.fp-VPG"]},{"address":"aws_vpn_connection_route.fp-VPN-connection-route","mode":"managed","type":"aws_vpn_connection_route","name":"fp-VPN-connection-route","provider_name":"registry.terraform.io/hashicorp/aws","schema_version":0,"values":{"destination_cidr_block":"172.24.0.0/24","id":"172.24.0.0/24:vpn-03ec4120078f7280b","vpn_connection_id":"vpn-03ec4120078f7280b"},"sensitive_values":{},"depends_on":["aws_customer_gateway.fp-CGW","aws_vpc.fp-VPC","aws_vpn_connection.fp-VPN-connection","aws_vpn_gateway.fp-VPG"]},{"address":"aws_vpn_gateway.fp-VPG","mode":"managed","type":"aws_vpn_gateway","name":"fp-VPG","provider_name":"registry.terraform.io/hashicorp/aws","schema_version":0,"values":{"amazon_side_asn":"64512","arn":"arn:aws:ec2:ap-northeast-2:339712848231:vpn-gateway/vgw-077a187c51cd98b80","availability_zone":null,"id":"vgw-077a187c51cd98b80","tags":{"Name":"fp-VPG"},"tags_all":{"Name":"fp-VPG"},"vpc_id":"vpc-05753ec994a8575d0"},"sensitive_values":{"tags":{},"tags_all":{}},"depends_on":["aws_vpc.fp-VPC"]},{"address":"aws_vpn_gateway_attachment.fp-VPG-connection","mode":"managed","type":"aws_vpn_gateway_attachment","name":"fp-VPG-connection","provider_name":"registry.terraform.io/hashicorp/aws","schema_version":0,"values":{"id":"vpn-attachment-c861574e","vpc_id":"vpc-05753ec994a8575d0","vpn_gateway_id":"vgw-077a187c51cd98b80"},"sensitive_values":{},"depends_on":["aws_vpc.fp-VPC","aws_vpn_gateway.fp-VPG"]},{"address":"local_file.LB_keypair","mode":"managed","type":"local_file","name":"LB_keypair","provider_name":"registry.terraform.io/hashicorp/local","schema_version":0,"values":{"content":"-----BEGIN RSA PRIVATE KEY-----\nMIIJKQIBAAKCAgEAneqWNjO/sqXneAxfzaLODQaaZXiwJP+VbLa64sN/lDLwcBFq\nGN4rph4QttrM6v2eLSlM6ElP8rm34LlvlohDRsDziEtapUiKTeyMOIgdJ0D4IirK\nrmRVSluIOFLx0nm/hGe3fw5slOOfJt3o0psS3jEiQFgPUKdkUWBBe2q364M89zkm\nFwTz9uDv31Fg1F2TUmh6q3D80/AKFX7SCIF+gH6uZg+a+rfm+iySPouKSKdviddt\neRsfE/n47Z4D2v9TuQn6Gq46L2S4zUkatPIWWTIhFWTFaA227QSxHFpA1jWsINy1\n6VZInyTNatS/qNiLXvA2IjonVrBr0e1XR01LuxBx5v9ulloVejIwSMV6tWrSutqS\nqIHKFS8wqXc2WXlKILOfqRBWVUxUFNp9U+mWDZk+uQRXAp1tdmIzty7MjZcd2HOp\nP/K0RDaUmp/n8aydt4N7EozBteSe4nsKz4K3VEUU3aaLxRWOoaRMpKRqD/IfNcz6\nUwYNjA3/ng+ZHnApDGDE0/eNusbVENnLHrzD7z9gBEqhQ2NhCOZiPjUfxoN0vp+m\nWiedCri5BWOhdTWEzEBvz+fQFcqF/yfXJ3mw9YWBvmxzX08DMYfxeTTk/IZEwBgh\nO4OJ7tJJ2INQs/QwVCPuUglDNA1EWHOkaTUV93ffg8Zshfd9ZBKJ6e6Yhs0CAwEA\nAQKCAgBgjJ3cc9U/n6mev0oPyvtaAXCCm8BuTomIV0x5+ndVH7PbgPoyTBu5y+YC\nNlJVVkzQZdDssG4eBCiFUDsGeTdQ2gXLje7U4T4WGIs+wRG5/0H2ed1DtHplJQNr\nFGNfgSp0BImvOB1xBp42wDRqF3/4s2eymWR7tmxiSIygrYXXi3zJ1noQVunmRm7C\nRdoC3VeGafSeP02FMtynectmge3bGBj+s4nYwnmI+ZlMfjpE44IRb9Ix2kAtEYd9\nmD/ZNIR2vL/aci2G7nkCojCe8uhxDnIlx1/el4wA6/5xTEkZ7uTXjrn1+Ngb3P9u\n0rZ/wC2uFQWz9YQ5v1GcnxTetkaXGbTgXnYlomQWOY0Dd83h2jC4zDZebGp30YPi\n/M2iF4rexz6BK6c4ix7fiO0M0cinEaYnmCU7CYy+QOcyKOO3eWME2LWWLIYCqldg\nij5IWDryqjs7bJHpkL6QlTsvp4anMXwj08Xm57SK/nI/dytJ+lm/9eJNNlOs28pG\nZH0KwecbVFhPDbtBUT7F+uSscHc+1g4mA0J4jPEIRZuMEGKnPHRYmOtxWBt9oyJq\nXmrHAkZB1cyxifGj8c/frqL3PRpMjNRkl1Ox1uyE3k2KXoBPIiwYp0se+Ix+a2mH\n32Egl3RkGPhV/JAKCoLObm5qYO1y/9q3FZW5oxK7krSh5tBszQKCAQEAzQ/mNlAf\n7Xo7pZJKqaWs3CKYVVMO+Dkum+M9HF4+W47pvfcWaT2kfhHTnLL7OIe27TiYbgsV\n6BU1DJFEqNGP5BeX6amKMMuwGt70DyDOmdx4cZZRPX6qIjE+btHyvV64uQHr7JhW\ndPXzUl+mHFOZb/0UvcCwqx7YTpZqTaOBQ6yQHtlfr0sM8QfdFSKNfewnLfh4DvBi\n5NAf4pX/He25lBbIRYJIwx2wPo0+mUdZ5BrlwsHjMrmjhDo6tDXDiydsLy/qSFti\nTaQbKPn1XikLRBXhmjau0EFGKEJ0iQsQOAwwrhENgT53GYOL6v580MNYjTRF1nqK\noIjVsR9wXhtNjwKCAQEAxSSkkJ/VGV2/GQ1BrgJ/5YrjHd+qSMUKJjtOqtFDlTL2\nFc5Xg+wwrc54NqMtYBrJBR3n0A3XffKDEQvGkeCj+mysHlD1mhDPCbYn+GiDMTJM\nzhgpvR5FJcHEz82Sr6Wt/cOFVoB1R+BNpgDQPaN3fPdkKk5sXuaUn78OXU3/XcjV\nCtEuIYqRSTfIH1bmvEriKJ2hS4avcY3rNwaco3K8Ju9F3h4makl1J1MkZx+yKVcd\nteSELFfdJYPpG77yUpDpXNseZuHcHGaiVD5YZl3paOe8PpPKvu2PABAsbrLKAfDd\nCe0X7jXGqpF+zc9P+ylHNPLyIvMeHBqjAfuANMKv4wKCAQEAs44NbVdhbYaPPd5H\n5B4+qw7bxjKRNAaV6kfilblr7q3Hu9/kTsh8BSvE2DvcP9aN9U+OISUxzGLtbZCx\nxwSgcv+5tA8RAsMH869vkuOOJClpiUQu5KLJhGEMIutRGkIbi1vEYgnOAmHt6h34\njGsjOm0nQTO9Pkkm7EFG2a6mnEQ4edqqrwoPTeotyrjTngQvFlCvh50zatlWYggn\nN+SVj7cXK831umt/jHYO7xYL/vESaCNvtlXYeQqnpm5BR9KAJx1UjoD+Ja/hXFLq\nZ8WWqMpkHa1uCsptDQmLkwgN7pW19mTWJ2ozzTJjTKQDVKUIH7Q6xp/MTN8kBhDa\nSnyrvwKCAQAVj+xv5Qtputcr5kdIwP08HfS5T71QODzj8ZipFjpOF0TTHb50r2Cj\nofGECFTuLf/Oj3bLSrhHDj9HngIZ8nf86+XnavNx5mS+qy2z/bpbpyS/ZeUqyiTF\n/GuKTvG8RGLDXp821tX9Bot3nJ8qHrby9BwAhJNVzeJzlnH7wowrtcuXY0moYX+C\ngpdg1iBmd8pEpvj9Sb3mrZ8MZay8M9BgccsygBmzhlVJ984DeXQDEYQuYNAUCYgm\nkkbswfW/Ehp0DYNFvW5VrOQUUr1YdO0SjEYKkh+awmDhoOM7OFLf43hJnaUAaOFR\nxpgX6pTU467mG6xgJjck28T4comTO7gBAoIBAQCbzHzcXTWDfOHXREits+KiF91e\nZyWkckA9SocftbCddlx05qCowMBYsaEhteoruHc4dFLxOokM+QAqUhpJBRRIoINa\njgWt8sVuTwBOFsrSXp91661oomptK1tTTaUaA217shCD08GNZprlUUtis5HkD9KE\nh7fHyLNCXpwYzS2m5fM7ONQhwJipiEDx3cw+nvR9UUgeaSLQrm4Xs6ZOOF4F5Vcs\nhA14cjeYzgnWLGa646BRXE3+w3MbPI3zYnEXmYL2d+ob1XS8F6ohhu48kTMrFFag\nJ0MEZU9FWxJX3dQheCGMWmmzqm17HRcLoavrFOMGOZ3513m5IkjZokwFLMWW\n-----END RSA PRIVATE KEY-----\n","content_base64":null,"content_base64sha256":"4x496hqxM4v9MdUxnGmUDL/bo0gIsqcNeP6GNv9TJ5E=","content_base64sha512":"ZV4/51SNsqM8/3ZoQf0kgUOS3zPAsE6AOPkxlICOWXLSf/c5LNIpLqxiO786a1yKKZTLsDGj+5IVxLuErIttSQ==","content_md5":"afb9f7f4971d0242a1d2e6c53dea9e08","content_sha1":"520e34e04c74601d9283ace8193403130051a42e","content_sha256":"e31e3dea1ab1338bfd31d5319c69940cbfdba34808b2a70d78fe8636ff532791","content_sha512":"655e3fe7548db2a33cff766841fd24814392df33c0b04e8038f93194808e5972d27ff7392cd2292eac623bbf3a6b5c8a2994cbb031a3fb9215c4bb84ac8b6d49","directory_permission":"0777","file_permission":"0400","filename":"./LB_keypair.pem","id":"520e34e04c74601d9283ace8193403130051a42e","sensitive_content":null,"source":null},"sensitive_values":{"content":true,"sensitive_content":true},"depends_on":["tls_private_key.fp-keypair"]},{"address":"tls_private_key.fp-keypair","mode":"managed","type":"tls_private_key","name":"fp-keypair","provider_name":"registry.terraform.io/hashicorp/tls","schema_version":1,"values":{"algorithm":"RSA","ecdsa_curve":"P224","id":"5ff145ae70551a4d7bb8026b8298668db5406c4f","private_key_openssh":"-----BEGIN OPENSSH PRIVATE KEY-----\nb3BlbnNzaC1rZXktdjEAAAAABG5vbmUAAAAEbm9uZQAAAAAAAAABAAACFwAAAAdz\nc2gtcnNhAAAAAwEAAQAAAgEAneqWNjO/sqXneAxfzaLODQaaZXiwJP+VbLa64sN/\nlDLwcBFqGN4rph4QttrM6v2eLSlM6ElP8rm34LlvlohDRsDziEtapUiKTeyMOIgd\nJ0D4IirKrmRVSluIOFLx0nm/hGe3fw5slOOfJt3o0psS3jEiQFgPUKdkUWBBe2q3\n64M89zkmFwTz9uDv31Fg1F2TUmh6q3D80/AKFX7SCIF+gH6uZg+a+rfm+iySPouK\nSKdviddteRsfE/n47Z4D2v9TuQn6Gq46L2S4zUkatPIWWTIhFWTFaA227QSxHFpA\n1jWsINy16VZInyTNatS/qNiLXvA2IjonVrBr0e1XR01LuxBx5v9ulloVejIwSMV6\ntWrSutqSqIHKFS8wqXc2WXlKILOfqRBWVUxUFNp9U+mWDZk+uQRXAp1tdmIzty7M\njZcd2HOpP/K0RDaUmp/n8aydt4N7EozBteSe4nsKz4K3VEUU3aaLxRWOoaRMpKRq\nD/IfNcz6UwYNjA3/ng+ZHnApDGDE0/eNusbVENnLHrzD7z9gBEqhQ2NhCOZiPjUf\nxoN0vp+mWiedCri5BWOhdTWEzEBvz+fQFcqF/yfXJ3mw9YWBvmxzX08DMYfxeTTk\n/IZEwBghO4OJ7tJJ2INQs/QwVCPuUglDNA1EWHOkaTUV93ffg8Zshfd9ZBKJ6e6Y\nhs0AAAc451Ma3edTGt0AAAAHc3NoLXJzYQAAAgEAneqWNjO/sqXneAxfzaLODQaa\nZXiwJP+VbLa64sN/lDLwcBFqGN4rph4QttrM6v2eLSlM6ElP8rm34LlvlohDRsDz\niEtapUiKTeyMOIgdJ0D4IirKrmRVSluIOFLx0nm/hGe3fw5slOOfJt3o0psS3jEi\nQFgPUKdkUWBBe2q364M89zkmFwTz9uDv31Fg1F2TUmh6q3D80/AKFX7SCIF+gH6u\nZg+a+rfm+iySPouKSKdviddteRsfE/n47Z4D2v9TuQn6Gq46L2S4zUkatPIWWTIh\nFWTFaA227QSxHFpA1jWsINy16VZInyTNatS/qNiLXvA2IjonVrBr0e1XR01LuxBx\n5v9ulloVejIwSMV6tWrSutqSqIHKFS8wqXc2WXlKILOfqRBWVUxUFNp9U+mWDZk+\nuQRXAp1tdmIzty7MjZcd2HOpP/K0RDaUmp/n8aydt4N7EozBteSe4nsKz4K3VEUU\n3aaLxRWOoaRMpKRqD/IfNcz6UwYNjA3/ng+ZHnApDGDE0/eNusbVENnLHrzD7z9g\nBEqhQ2NhCOZiPjUfxoN0vp+mWiedCri5BWOhdTWEzEBvz+fQFcqF/yfXJ3mw9YWB\nvmxzX08DMYfxeTTk/IZEwBghO4OJ7tJJ2INQs/QwVCPuUglDNA1EWHOkaTUV93ff\ng8Zshfd9ZBKJ6e6Yhs0AAAADAQABAAACAGCMndxz1T+fqZ6/Sg/K+1oBcIKbwG5O\niYhXTHn6d1Ufs9uA+jJMG7nL5gI2UlVWTNBl0Oywbh4EKIVQOwZ5N1DaBcuN7tTh\nPhYYiz7BEbn/QfZ53UO0emUlA2sUY1+BKnQEia84HXEGnjbANGoXf/izZ7KZZHu2\nbGJIjKCthdeLfMnWehBW6eZGbsJF2gLdV4Zp9J4/TYUy3Kd5y2aB7dsYGP6zidjC\neYj5mUx+OkTjghFv0jHaQC0Rh32YP9k0hHa8v9pyLYbueQKiMJ7y6HEOciXHX96X\njADr/nFMSRnu5NeOufX42Bvc/27Stn/ALa4VBbP1hDm/UZyfFN62RpcZtOBediWi\nZBY5jQN3zeHaMLjMNl5sanfRg+L8zaIXit7HPoErpziLHt+I7QzRyKcRpieYJTsJ\njL5A5zIo47d5YwTYtZYshgKqV2CKPkhYOvKqOztskemQvpCVOy+nhqcxfCPTxebn\ntIr+cj93K0n6Wb/14k02U6zbykZkfQrB5xtUWE8Nu0FRPsX65Kxwdz7WDiYDQniM\n8QhFm4wQYqc8dFiY63FYG32jImpeascCRkHVzLGJ8aPxz9+uovc9GkyM1GSXU7HW\n7ITeTYpegE8iLBinSx74jH5raYffYSCXdGQY+FX8kAoKgs5ubmpg7XL/2rcVlbmj\nEruStKHm0GzNAAABAQCbzHzcXTWDfOHXREits+KiF91eZyWkckA9SocftbCddlx0\n5qCowMBYsaEhteoruHc4dFLxOokM+QAqUhpJBRRIoINajgWt8sVuTwBOFsrSXp91\n661oomptK1tTTaUaA217shCD08GNZprlUUtis5HkD9KEh7fHyLNCXpwYzS2m5fM7\nONQhwJipiEDx3cw+nvR9UUgeaSLQrm4Xs6ZOOF4F5VcshA14cjeYzgnWLGa646BR\nXE3+w3MbPI3zYnEXmYL2d+ob1XS8F6ohhu48kTMrFFagJ0MEZU9FWxJX3dQheCGM\nWmmzqm17HRcLoavrFOMGOZ3513m5IkjZokwFLMWWAAABAQDND+Y2UB/tejulkkqp\npazcIphVUw74OS6b4z0cXj5bjum99xZpPaR+EdOcsvs4h7btOJhuCxXoFTUMkUSo\n0Y/kF5fpqYowy7Aa3vQPIM6Z3HhxllE9fqoiMT5u0fK9Xri5AevsmFZ09fNSX6Yc\nU5lv/RS9wLCrHthOlmpNo4FDrJAe2V+vSwzxB90VIo197Cct+HgO8GLk0B/ilf8d\n7bmUFshFgkjDHbA+jT6ZR1nkGuXCweMyuaOEOjq0NcOLJ2wvL+pIW2JNpBso+fVe\nKQtEFeGaNq7QQUYoQnSJCxA4DDCuEQ2BPncZg4vq/nzQw1iNNEXWeoqgiNWxH3Be\nG02PAAABAQDFJKSQn9UZXb8ZDUGuAn/liuMd36pIxQomO06q0UOVMvYVzleD7DCt\nzng2oy1gGskFHefQDdd98oMRC8aR4KP6bKweUPWaEM8Jtif4aIMxMkzOGCm9HkUl\nwcTPzZKvpa39w4VWgHVH4E2mANA9o3d892QqTmxe5pSfvw5dTf9dyNUK0S4hipFJ\nN8gfVua8SuIonaFLhq9xjes3Bpyjcrwm70XeHiZqSXUnUyRnH7IpVx215IQsV90l\ng+kbvvJSkOlc2x5m4dwcZqJUPlhmXelo57w+k8q+7Y8AECxussoB8N0J7RfuNcaq\nkX7Nz0/7KUc08vIi8x4cGqMB+4A0wq/jAAAAAAEC\n-----END OPENSSH PRIVATE KEY-----\n","private_key_pem":"-----BEGIN RSA PRIVATE KEY-----\nMIIJKQIBAAKCAgEAneqWNjO/sqXneAxfzaLODQaaZXiwJP+VbLa64sN/lDLwcBFq\nGN4rph4QttrM6v2eLSlM6ElP8rm34LlvlohDRsDziEtapUiKTeyMOIgdJ0D4IirK\nrmRVSluIOFLx0nm/hGe3fw5slOOfJt3o0psS3jEiQFgPUKdkUWBBe2q364M89zkm\nFwTz9uDv31Fg1F2TUmh6q3D80/AKFX7SCIF+gH6uZg+a+rfm+iySPouKSKdviddt\neRsfE/n47Z4D2v9TuQn6Gq46L2S4zUkatPIWWTIhFWTFaA227QSxHFpA1jWsINy1\n6VZInyTNatS/qNiLXvA2IjonVrBr0e1XR01LuxBx5v9ulloVejIwSMV6tWrSutqS\nqIHKFS8wqXc2WXlKILOfqRBWVUxUFNp9U+mWDZk+uQRXAp1tdmIzty7MjZcd2HOp\nP/K0RDaUmp/n8aydt4N7EozBteSe4nsKz4K3VEUU3aaLxRWOoaRMpKRqD/IfNcz6\nUwYNjA3/ng+ZHnApDGDE0/eNusbVENnLHrzD7z9gBEqhQ2NhCOZiPjUfxoN0vp+m\nWiedCri5BWOhdTWEzEBvz+fQFcqF/yfXJ3mw9YWBvmxzX08DMYfxeTTk/IZEwBgh\nO4OJ7tJJ2INQs/QwVCPuUglDNA1EWHOkaTUV93ffg8Zshfd9ZBKJ6e6Yhs0CAwEA\nAQKCAgBgjJ3cc9U/n6mev0oPyvtaAXCCm8BuTomIV0x5+ndVH7PbgPoyTBu5y+YC\nNlJVVkzQZdDssG4eBCiFUDsGeTdQ2gXLje7U4T4WGIs+wRG5/0H2ed1DtHplJQNr\nFGNfgSp0BImvOB1xBp42wDRqF3/4s2eymWR7tmxiSIygrYXXi3zJ1noQVunmRm7C\nRdoC3VeGafSeP02FMtynectmge3bGBj+s4nYwnmI+ZlMfjpE44IRb9Ix2kAtEYd9\nmD/ZNIR2vL/aci2G7nkCojCe8uhxDnIlx1/el4wA6/5xTEkZ7uTXjrn1+Ngb3P9u\n0rZ/wC2uFQWz9YQ5v1GcnxTetkaXGbTgXnYlomQWOY0Dd83h2jC4zDZebGp30YPi\n/M2iF4rexz6BK6c4ix7fiO0M0cinEaYnmCU7CYy+QOcyKOO3eWME2LWWLIYCqldg\nij5IWDryqjs7bJHpkL6QlTsvp4anMXwj08Xm57SK/nI/dytJ+lm/9eJNNlOs28pG\nZH0KwecbVFhPDbtBUT7F+uSscHc+1g4mA0J4jPEIRZuMEGKnPHRYmOtxWBt9oyJq\nXmrHAkZB1cyxifGj8c/frqL3PRpMjNRkl1Ox1uyE3k2KXoBPIiwYp0se+Ix+a2mH\n32Egl3RkGPhV/JAKCoLObm5qYO1y/9q3FZW5oxK7krSh5tBszQKCAQEAzQ/mNlAf\n7Xo7pZJKqaWs3CKYVVMO+Dkum+M9HF4+W47pvfcWaT2kfhHTnLL7OIe27TiYbgsV\n6BU1DJFEqNGP5BeX6amKMMuwGt70DyDOmdx4cZZRPX6qIjE+btHyvV64uQHr7JhW\ndPXzUl+mHFOZb/0UvcCwqx7YTpZqTaOBQ6yQHtlfr0sM8QfdFSKNfewnLfh4DvBi\n5NAf4pX/He25lBbIRYJIwx2wPo0+mUdZ5BrlwsHjMrmjhDo6tDXDiydsLy/qSFti\nTaQbKPn1XikLRBXhmjau0EFGKEJ0iQsQOAwwrhENgT53GYOL6v580MNYjTRF1nqK\noIjVsR9wXhtNjwKCAQEAxSSkkJ/VGV2/GQ1BrgJ/5YrjHd+qSMUKJjtOqtFDlTL2\nFc5Xg+wwrc54NqMtYBrJBR3n0A3XffKDEQvGkeCj+mysHlD1mhDPCbYn+GiDMTJM\nzhgpvR5FJcHEz82Sr6Wt/cOFVoB1R+BNpgDQPaN3fPdkKk5sXuaUn78OXU3/XcjV\nCtEuIYqRSTfIH1bmvEriKJ2hS4avcY3rNwaco3K8Ju9F3h4makl1J1MkZx+yKVcd\nteSELFfdJYPpG77yUpDpXNseZuHcHGaiVD5YZl3paOe8PpPKvu2PABAsbrLKAfDd\nCe0X7jXGqpF+zc9P+ylHNPLyIvMeHBqjAfuANMKv4wKCAQEAs44NbVdhbYaPPd5H\n5B4+qw7bxjKRNAaV6kfilblr7q3Hu9/kTsh8BSvE2DvcP9aN9U+OISUxzGLtbZCx\nxwSgcv+5tA8RAsMH869vkuOOJClpiUQu5KLJhGEMIutRGkIbi1vEYgnOAmHt6h34\njGsjOm0nQTO9Pkkm7EFG2a6mnEQ4edqqrwoPTeotyrjTngQvFlCvh50zatlWYggn\nN+SVj7cXK831umt/jHYO7xYL/vESaCNvtlXYeQqnpm5BR9KAJx1UjoD+Ja/hXFLq\nZ8WWqMpkHa1uCsptDQmLkwgN7pW19mTWJ2ozzTJjTKQDVKUIH7Q6xp/MTN8kBhDa\nSnyrvwKCAQAVj+xv5Qtputcr5kdIwP08HfS5T71QODzj8ZipFjpOF0TTHb50r2Cj\nofGECFTuLf/Oj3bLSrhHDj9HngIZ8nf86+XnavNx5mS+qy2z/bpbpyS/ZeUqyiTF\n/GuKTvG8RGLDXp821tX9Bot3nJ8qHrby9BwAhJNVzeJzlnH7wowrtcuXY0moYX+C\ngpdg1iBmd8pEpvj9Sb3mrZ8MZay8M9BgccsygBmzhlVJ984DeXQDEYQuYNAUCYgm\nkkbswfW/Ehp0DYNFvW5VrOQUUr1YdO0SjEYKkh+awmDhoOM7OFLf43hJnaUAaOFR\nxpgX6pTU467mG6xgJjck28T4comTO7gBAoIBAQCbzHzcXTWDfOHXREits+KiF91e\nZyWkckA9SocftbCddlx05qCowMBYsaEhteoruHc4dFLxOokM+QAqUhpJBRRIoINa\njgWt8sVuTwBOFsrSXp91661oomptK1tTTaUaA217shCD08GNZprlUUtis5HkD9KE\nh7fHyLNCXpwYzS2m5fM7ONQhwJipiEDx3cw+nvR9UUgeaSLQrm4Xs6ZOOF4F5Vcs\nhA14cjeYzgnWLGa646BRXE3+w3MbPI3zYnEXmYL2d+ob1XS8F6ohhu48kTMrFFag\nJ0MEZU9FWxJX3dQheCGMWmmzqm17HRcLoavrFOMGOZ3513m5IkjZokwFLMWW\n-----END RSA PRIVATE KEY-----\n","private_key_pem_pkcs8":"-----BEGIN PRIVATE KEY-----\nMIIJQwIBADANBgkqhkiG9w0BAQEFAASCCS0wggkpAgEAAoICAQCd6pY2M7+yped4\nDF/Nos4NBppleLAk/5Vstrriw3+UMvBwEWoY3iumHhC22szq/Z4tKUzoSU/yubfg\nuW+WiENGwPOIS1qlSIpN7Iw4iB0nQPgiKsquZFVKW4g4UvHSeb+EZ7d/DmyU458m\n3ejSmxLeMSJAWA9Qp2RRYEF7arfrgzz3OSYXBPP24O/fUWDUXZNSaHqrcPzT8AoV\nftIIgX6Afq5mD5r6t+b6LJI+i4pIp2+J1215Gx8T+fjtngPa/1O5CfoarjovZLjN\nSRq08hZZMiEVZMVoDbbtBLEcWkDWNawg3LXpVkifJM1q1L+o2Ite8DYiOidWsGvR\n7VdHTUu7EHHm/26WWhV6MjBIxXq1atK62pKogcoVLzCpdzZZeUogs5+pEFZVTFQU\n2n1T6ZYNmT65BFcCnW12YjO3LsyNlx3Yc6k/8rRENpSan+fxrJ23g3sSjMG15J7i\newrPgrdURRTdpovFFY6hpEykpGoP8h81zPpTBg2MDf+eD5kecCkMYMTT9426xtUQ\n2csevMPvP2AESqFDY2EI5mI+NR/Gg3S+n6ZaJ50KuLkFY6F1NYTMQG/P59AVyoX/\nJ9cnebD1hYG+bHNfTwMxh/F5NOT8hkTAGCE7g4nu0knYg1Cz9DBUI+5SCUM0DURY\nc6RpNRX3d9+DxmyF931kEonp7piGzQIDAQABAoICAGCMndxz1T+fqZ6/Sg/K+1oB\ncIKbwG5OiYhXTHn6d1Ufs9uA+jJMG7nL5gI2UlVWTNBl0Oywbh4EKIVQOwZ5N1Da\nBcuN7tThPhYYiz7BEbn/QfZ53UO0emUlA2sUY1+BKnQEia84HXEGnjbANGoXf/iz\nZ7KZZHu2bGJIjKCthdeLfMnWehBW6eZGbsJF2gLdV4Zp9J4/TYUy3Kd5y2aB7dsY\nGP6zidjCeYj5mUx+OkTjghFv0jHaQC0Rh32YP9k0hHa8v9pyLYbueQKiMJ7y6HEO\nciXHX96XjADr/nFMSRnu5NeOufX42Bvc/27Stn/ALa4VBbP1hDm/UZyfFN62RpcZ\ntOBediWiZBY5jQN3zeHaMLjMNl5sanfRg+L8zaIXit7HPoErpziLHt+I7QzRyKcR\npieYJTsJjL5A5zIo47d5YwTYtZYshgKqV2CKPkhYOvKqOztskemQvpCVOy+nhqcx\nfCPTxebntIr+cj93K0n6Wb/14k02U6zbykZkfQrB5xtUWE8Nu0FRPsX65Kxwdz7W\nDiYDQniM8QhFm4wQYqc8dFiY63FYG32jImpeascCRkHVzLGJ8aPxz9+uovc9GkyM\n1GSXU7HW7ITeTYpegE8iLBinSx74jH5raYffYSCXdGQY+FX8kAoKgs5ubmpg7XL/\n2rcVlbmjEruStKHm0GzNAoIBAQDND+Y2UB/tejulkkqppazcIphVUw74OS6b4z0c\nXj5bjum99xZpPaR+EdOcsvs4h7btOJhuCxXoFTUMkUSo0Y/kF5fpqYowy7Aa3vQP\nIM6Z3HhxllE9fqoiMT5u0fK9Xri5AevsmFZ09fNSX6YcU5lv/RS9wLCrHthOlmpN\no4FDrJAe2V+vSwzxB90VIo197Cct+HgO8GLk0B/ilf8d7bmUFshFgkjDHbA+jT6Z\nR1nkGuXCweMyuaOEOjq0NcOLJ2wvL+pIW2JNpBso+fVeKQtEFeGaNq7QQUYoQnSJ\nCxA4DDCuEQ2BPncZg4vq/nzQw1iNNEXWeoqgiNWxH3BeG02PAoIBAQDFJKSQn9UZ\nXb8ZDUGuAn/liuMd36pIxQomO06q0UOVMvYVzleD7DCtzng2oy1gGskFHefQDdd9\n8oMRC8aR4KP6bKweUPWaEM8Jtif4aIMxMkzOGCm9HkUlwcTPzZKvpa39w4VWgHVH\n4E2mANA9o3d892QqTmxe5pSfvw5dTf9dyNUK0S4hipFJN8gfVua8SuIonaFLhq9x\njes3Bpyjcrwm70XeHiZqSXUnUyRnH7IpVx215IQsV90lg+kbvvJSkOlc2x5m4dwc\nZqJUPlhmXelo57w+k8q+7Y8AECxussoB8N0J7RfuNcaqkX7Nz0/7KUc08vIi8x4c\nGqMB+4A0wq/jAoIBAQCzjg1tV2Ftho893kfkHj6rDtvGMpE0BpXqR+KVuWvurce7\n3+ROyHwFK8TYO9w/1o31T44hJTHMYu1tkLHHBKBy/7m0DxECwwfzr2+S444kKWmJ\nRC7kosmEYQwi61EaQhuLW8RiCc4CYe3qHfiMayM6bSdBM70+SSbsQUbZrqacRDh5\n2qqvCg9N6i3KuNOeBC8WUK+HnTNq2VZiCCc35JWPtxcrzfW6a3+Mdg7vFgv+8RJo\nI2+2Vdh5CqembkFH0oAnHVSOgP4lr+FcUupnxZaoymQdrW4Kym0NCYuTCA3ulbX2\nZNYnajPNMmNMpANUpQgftDrGn8xM3yQGENpKfKu/AoIBABWP7G/lC2m61yvmR0jA\n/Twd9LlPvVA4POPxmKkWOk4XRNMdvnSvYKOh8YQIVO4t/86PdstKuEcOP0eeAhny\nd/zr5edq83HmZL6rLbP9ulunJL9l5SrKJMX8a4pO8bxEYsNenzbW1f0Gi3ecnyoe\ntvL0HACEk1XN4nOWcfvCjCu1y5djSahhf4KCl2DWIGZ3ykSm+P1JveatnwxlrLwz\n0GBxyzKAGbOGVUn3zgN5dAMRhC5g0BQJiCaSRuzB9b8SGnQNg0W9blWs5BRSvVh0\n7RKMRgqSH5rCYOGg4zs4Ut/jeEmdpQBo4VHGmBfqlNTjruYbrGAmNyTbxPhyiZM7\nuAECggEBAJvMfNxdNYN84ddESK2z4qIX3V5nJaRyQD1Khx+1sJ12XHTmoKjAwFix\noSG16iu4dzh0UvE6iQz5ACpSGkkFFEigg1qOBa3yxW5PAE4WytJen3XrrWiiam0r\nW1NNpRoDbXuyEIPTwY1mmuVRS2KzkeQP0oSHt8fIs0JenBjNLabl8zs41CHAmKmI\nQPHdzD6e9H1RSB5pItCubhezpk44XgXlVyyEDXhyN5jOCdYsZrrjoFFcTf7Dcxs8\njfNicReZgvZ36hvVdLwXqiGG7jyRMysUVqAnQwRlT0VbElfd1CF4IYxaabOqbXsd\nFwuhq+sU4wY5nfnXebkiSNmiTAUsxZY=\n-----END PRIVATE KEY-----\n","public_key_fingerprint_md5":"7d:3f:7f:ba:ea:6f:45:57:7a:6d:d1:00:32:06:07:46","public_key_fingerprint_sha256":"SHA256:uF1EdHh+QLkp0B51ZQGPTZVVzbB7qD7aqTv4LE/J5mw","public_key_openssh":"ssh-rsa AAAAB3NzaC1yc2EAAAADAQABAAACAQCd6pY2M7+yped4DF/Nos4NBppleLAk/5Vstrriw3+UMvBwEWoY3iumHhC22szq/Z4tKUzoSU/yubfguW+WiENGwPOIS1qlSIpN7Iw4iB0nQPgiKsquZFVKW4g4UvHSeb+EZ7d/DmyU458m3ejSmxLeMSJAWA9Qp2RRYEF7arfrgzz3OSYXBPP24O/fUWDUXZNSaHqrcPzT8AoVftIIgX6Afq5mD5r6t+b6LJI+i4pIp2+J1215Gx8T+fjtngPa/1O5CfoarjovZLjNSRq08hZZMiEVZMVoDbbtBLEcWkDWNawg3LXpVkifJM1q1L+o2Ite8DYiOidWsGvR7VdHTUu7EHHm/26WWhV6MjBIxXq1atK62pKogcoVLzCpdzZZeUogs5+pEFZVTFQU2n1T6ZYNmT65BFcCnW12YjO3LsyNlx3Yc6k/8rRENpSan+fxrJ23g3sSjMG15J7iewrPgrdURRTdpovFFY6hpEykpGoP8h81zPpTBg2MDf+eD5kecCkMYMTT9426xtUQ2csevMPvP2AESqFDY2EI5mI+NR/Gg3S+n6ZaJ50KuLkFY6F1NYTMQG/P59AVyoX/J9cnebD1hYG+bHNfTwMxh/F5NOT8hkTAGCE7g4nu0knYg1Cz9DBUI+5SCUM0DURYc6RpNRX3d9+DxmyF931kEonp7piGzQ==\n","public_key_pem":"-----BEGIN PUBLIC KEY-----\nMIICIjANBgkqhkiG9w0BAQEFAAOCAg8AMIICCgKCAgEAneqWNjO/sqXneAxfzaLO\nDQaaZXiwJP+VbLa64sN/lDLwcBFqGN4rph4QttrM6v2eLSlM6ElP8rm34LlvlohD\nRsDziEtapUiKTeyMOIgdJ0D4IirKrmRVSluIOFLx0nm/hGe3fw5slOOfJt3o0psS\n3jEiQFgPUKdkUWBBe2q364M89zkmFwTz9uDv31Fg1F2TUmh6q3D80/AKFX7SCIF+\ngH6uZg+a+rfm+iySPouKSKdviddteRsfE/n47Z4D2v9TuQn6Gq46L2S4zUkatPIW\nWTIhFWTFaA227QSxHFpA1jWsINy16VZInyTNatS/qNiLXvA2IjonVrBr0e1XR01L\nuxBx5v9ulloVejIwSMV6tWrSutqSqIHKFS8wqXc2WXlKILOfqRBWVUxUFNp9U+mW\nDZk+uQRXAp1tdmIzty7MjZcd2HOpP/K0RDaUmp/n8aydt4N7EozBteSe4nsKz4K3\nVEUU3aaLxRWOoaRMpKRqD/IfNcz6UwYNjA3/ng+ZHnApDGDE0/eNusbVENnLHrzD\n7z9gBEqhQ2NhCOZiPjUfxoN0vp+mWiedCri5BWOhdTWEzEBvz+fQFcqF/yfXJ3mw\n9YWBvmxzX08DMYfxeTTk/IZEwBghO4OJ7tJJ2INQs/QwVCPuUglDNA1EWHOkaTUV\n93ffg8Zshfd9ZBKJ6e6Yhs0CAwEAAQ==\n-----END PUBLIC KEY-----\n","rsa_bits":4096},"sensitive_values":{"private_key_openssh":true,"private_key_pem":true,"private_key_pem_pkcs8":true}}]}}},"configuration":{"provider_config":{"aws":{"name":"aws","full_name":"registry.terraform.io/hashicorp/aws","expressions":{"region":{"constant_value":"ap-northeast-2"}}},"local":{"name":"local","full_name":"registry.terraform.io/hashicorp/local"},"tls":{"name":"tls","full_name":"registry.terraform.io/hashicorp/tls"}},"root_module":{"resources":[{"address":"aws_customer_gateway.fp-CGW","mode":"managed","type":"aws_customer_gateway","name":"fp-CGW","provider_config_key":"aws","expressions":{"bgp_asn":{"constant_value":65000},"ip_address":{"constant_value":"175.196.82.2"},"tags":{"constant_value":{"Name":"fp-CGW"}},"type":{"constant_value":"ipsec.1"}},"schema_version":0},{"address":"aws_docdb_cluster.fp-documentDB-Cluster","mode":"managed","type":"aws_docdb_cluster","name":"fp-documentDB-Cluster","provider_config_key":"aws","expressions":{"availability_zones":{"constant_value":["ap-northeast-2a","ap-northeast-2c"]},"cluster_identifier":{"constant_value":"fp-documentdb-cluster"},"db_subnet_group_name":{"references":["aws_docdb_subnet_group.fp-documentDB-subnetGroup.name","aws_docdb_subnet_group.fp-documentDB-subnetGroup"]},"engine":{"constant_value":"docdb"},"master_password":{"constant_value":"VMware1!"},"master_username":{"constant_value":"team3"},"storage_type":{"constant_value":"standard"},"tags":{"constant_value":{"Name":"fp-documentDB-Cluster"}},"vpc_security_group_ids":{"references":["aws_security_group.fp-test.id","aws_security_group.fp-test"]}},"schema_version":0},{"address":"aws_docdb_cluster_instance.fp-documentDB-instance","mode":"managed","type":"aws_docdb_cluster_instance","name":"fp-documentDB-instance","provider_config_key":"aws","expressions":{"cluster_identifier":{"references":["aws_docdb_cluster.fp-documentDB-Cluster.id","aws_docdb_cluster.fp-documentDB-Cluster"]},"instance_class":{"constant_value":"db.t3.medium"}},"schema_version":0,"count_expression":{"constant_value":3}},{"address":"aws_docdb_subnet_group.fp-documentDB-subnetGroup","mode":"managed","type":"aws_docdb_subnet_group","name":"fp-documentDB-subnetGroup","provider_config_key":"aws","expressions":{"name":{"constant_value":"documentdb-subnetgroup"},"subnet_ids":{"references":["aws_subnet.fp-Private-Subnet-01.id","aws_subnet.fp-Private-Subnet-01","aws_subnet.fp-Private-Subnet-02.id","aws_subnet.fp-Private-Subnet-02"]},"tags":{"constant_value":{"Name":"fp-documentDB-SubnetGroup"}}},"schema_version":0},{"address":"aws_eip.fp-NAT-eip-01","mode":"managed","type":"aws_eip","name":"fp-NAT-eip-01","provider_config_key":"aws","expressions":{"domain":{"constant_value":"vpc"}},"schema_version":0},{"address":"aws_eip.fp-NAT-eip-02","mode":"managed","type":"aws_eip","name":"fp-NAT-eip-02","provider_config_key":"aws","expressions":{"domain":{"constant_value":"vpc"}},"schema_version":0},{"address":"aws_instance.fp-Private-EC2","mode":"managed","type":"aws_instance","name":"fp-Private-EC2","provider_config_key":"aws","expressions":{"ami":{"constant_value":"ami-04ab52e5e226ec1b8"},"associate_public_ip_address":{"constant_value":true},"instance_type":{"constant_value":"t2.micro"},"key_name":{"references":["aws_key_pair.fp-keypair.key_name","aws_key_pair.fp-keypair"]},"subnet_id":{"references":["aws_subnet.fp-Private-Subnet-01.id","aws_subnet.fp-Private-Subnet-01"]},"tags":{"constant_value":{"Name":"fp-Private-EC2"}},"vpc_security_group_ids":{"references":["aws_security_group.fp-test.id","aws_security_group.fp-test"]}},"schema_version":1},{"address":"aws_instance.fp-Public-EC2","mode":"managed","type":"aws_instance","name":"fp-Public-EC2","provider_config_key":"aws","expressions":{"ami":{"constant_value":"ami-04ab52e5e226ec1b8"},"associate_public_ip_address":{"constant_value":true},"instance_type":{"constant_value":"t2.micro"},"key_name":{"references":["aws_key_pair.fp-keypair.key_name","aws_key_pair.fp-keypair"]},"subnet_id":{"references":["aws_subnet.fp-Public-Subnet-01.id","aws_subnet.fp-Public-Subnet-01"]},"tags":{"constant_value":{"Name":"fp-Public-EC2"}},"vpc_security_group_ids":{"references":["aws_security_group.fp-test.id","aws_security_group.fp-test"]}},"schema_version":1},{"address":"aws_internet_gateway.fp-IGW","mode":"managed","type":"aws_internet_gateway","name":"fp-IGW","provider_config_key":"aws","expressions":{"tags":{"constant_value":{"Name":"fp-IGW"}},"vpc_id":{"references":["aws_vpc.fp-VPC.id","aws_vpc.fp-VPC"]}},"schema_version":0},{"address":"aws_key_pair.fp-keypair","mode":"managed","type":"aws_key_pair","name":"fp-keypair","provider_config_key":"aws","expressions":{"key_name":{"constant_value":"LB_keypair.pem"},"public_key":{"references":["tls_private_key.fp-keypair.public_key_openssh","tls_private_key.fp-keypair"]}},"schema_version":1},{"address":"aws_nat_gateway.fp-NAT-GW-01","mode":"managed","type":"aws_nat_gateway","name":"fp-NAT-GW-01","provider_config_key":"aws","expressions":{"allocation_id":{"references":["aws_eip.fp-NAT-eip-01.id","aws_eip.fp-NAT-eip-01"]},"connectivity_type":{"constant_value":"public"},"subnet_id":{"references":["aws_subnet.fp-Public-Subnet-01.id","aws_subnet.fp-Public-Subnet-01"]},"tags":{"constant_value":{"Name":"fp-NAT-GW-01"}}},"schema_version":0},{"address":"aws_nat_gateway.fp-NAT-GW-02","mode":"managed","type":"aws_nat_gateway","name":"fp-NAT-GW-02","provider_config_key":"aws","expressions":{"allocation_id":{"references":["aws_eip.fp-NAT-eip-02.id","aws_eip.fp-NAT-eip-02"]},"connectivity_type":{"constant_value":"public"},"subnet_id":{"references":["aws_subnet.fp-Public-Subnet-02.id","aws_subnet.fp-Public-Subnet-02"]},"tags":{"constant_value":{"Name":"fp-NAT-GW-02"}}},"schema_version":0},{"address":"aws_route_table.fp-Private-routingtable","mode":"managed","type":"aws_route_table","name":"fp-Private-routingtable","provider_config_key":"aws","expressions":{"route":{"references":["aws_nat_gateway.fp-NAT-GW-01.id","aws_nat_gateway.fp-NAT-GW-01","aws_vpn_gateway.fp-VPG.id","aws_vpn_gateway.fp-VPG"]},"tags":{"constant_value":{"Name":"fp-Private01-routingtable"}},"vpc_id":{"references":["aws_vpc.fp-VPC.id","aws_vpc.fp-VPC"]}},"schema_version":0},{"address":"aws_route_table.fp-Public-routingtable","mode":"managed","type":"aws_route_table","name":"fp-Public-routingtable","provider_config_key":"aws","expressions":{"route":{"references":["aws_internet_gateway.fp-IGW.id","aws_internet_gateway.fp-IGW","aws_vpn_gateway.fp-VPG.id","aws_vpn_gateway.fp-VPG"]},"tags":{"constant_value":{"Name":"fp-Public-routingtable"}},"vpc_id":{"references":["aws_vpc.fp-VPC.id","aws_vpc.fp-VPC"]}},"schema_version":0},{"address":"aws_route_table_association.private01-connection","mode":"managed","type":"aws_route_table_association","name":"private01-connection","provider_config_key":"aws","expressions":{"route_table_id":{"references":["aws_route_table.fp-Private-routingtable.id","aws_route_table.fp-Private-routingtable"]},"subnet_id":{"references":["aws_subnet.fp-Private-Subnet-01.id","aws_subnet.fp-Private-Subnet-01"]}},"schema_version":0},{"address":"aws_route_table_association.private02-connection","mode":"managed","type":"aws_route_table_association","name":"private02-connection","provider_config_key":"aws","expressions":{"route_table_id":{"references":["aws_route_table.fp-Private-routingtable.id","aws_route_table.fp-Private-routingtable"]},"subnet_id":{"references":["aws_subnet.fp-Private-Subnet-02.id","aws_subnet.fp-Private-Subnet-02"]}},"schema_version":0},{"address":"aws_route_table_association.public01-connection","mode":"managed","type":"aws_route_table_association","name":"public01-connection","provider_config_key":"aws","expressions":{"route_table_id":{"references":["aws_route_table.fp-Public-routingtable.id","aws_route_table.fp-Public-routingtable"]},"subnet_id":{"references":["aws_subnet.fp-Public-Subnet-01.id","aws_subnet.fp-Public-Subnet-01"]}},"schema_version":0},{"address":"aws_route_table_association.public02-connection","mode":"managed","type":"aws_route_table_association","name":"public02-connection","provider_config_key":"aws","expressions":{"route_table_id":{"references":["aws_route_table.fp-Public-routingtable.id","aws_route_table.fp-Public-routingtable"]},"subnet_id":{"references":["aws_subnet.fp-Public-Subnet-02.id","aws_subnet.fp-Public-Subnet-02"]}},"schema_version":0},{"address":"aws_security_group.fp-test","mode":"managed","type":"aws_security_group","name":"fp-test","provider_config_key":"aws","expressions":{"egress":{"constant_value":[{"cidr_blocks":["0.0.0.0/0"],"description":null,"from_port":0,"ipv6_cidr_blocks":null,"prefix_list_ids":null,"protocol":"-1","security_groups":null,"self":null,"to_port":0}]},"ingress":{"constant_value":[{"cidr_blocks":["0.0.0.0/0"],"description":null,"from_port":0,"ipv6_cidr_blocks":null,"prefix_list_ids":null,"protocol":"-1","security_groups":null,"self":null,"to_port":0}]},"name":{"constant_value":"fp-test"},"tags":{"constant_value":{"Name":"test_security_group"}},"vpc_id":{"references":["aws_vpc.fp-VPC.id","aws_vpc.fp-VPC"]}},"schema_version":1},{"address":"aws_subnet.fp-Private-Subnet-01","mode":"managed","type":"aws_subnet","name":"fp-Private-Subnet-01","provider_config_key":"aws","expressions":{"availability_zone":{"constant_value":"ap-northeast-2a"},"cidr_block":{"constant_value":"10.10.3.0/24"},"tags":{"constant_value":{"Name":"fp-Private-Subnet-01"}},"vpc_id":{"references":["aws_vpc.fp-VPC.id","aws_vpc.fp-VPC"]}},"schema_version":1},{"address":"aws_subnet.fp-Private-Subnet-02","mode":"managed","type":"aws_subnet","name":"fp-Private-Subnet-02","provider_config_key":"aws","expressions":{"availability_zone":{"constant_value":"ap-northeast-2c"},"cidr_block":{"constant_value":"10.10.4.0/24"},"tags":{"constant_value":{"Name":"fp-Private-Subnet-02"}},"vpc_id":{"references":["aws_vpc.fp-VPC.id","aws_vpc.fp-VPC"]}},"schema_version":1},{"address":"aws_subnet.fp-Public-Subnet-01","mode":"managed","type":"aws_subnet","name":"fp-Public-Subnet-01","provider_config_key":"aws","expressions":{"availability_zone":{"constant_value":"ap-northeast-2a"},"cidr_block":{"constant_value":"10.10.1.0/24"},"tags":{"constant_value":{"Name":"fp-Public-Subnet-01"}},"vpc_id":{"references":["aws_vpc.fp-VPC.id","aws_vpc.fp-VPC"]}},"schema_version":1},{"address":"aws_subnet.fp-Public-Subnet-02","mode":"managed","type":"aws_subnet","name":"fp-Public-Subnet-02","provider_config_key":"aws","expressions":{"availability_zone":{"constant_value":"ap-northeast-2c"},"cidr_block":{"constant_value":"10.10.2.0/24"},"tags":{"constant_value":{"Name":"fp-Public-Subnet-02"}},"vpc_id":{"references":["aws_vpc.fp-VPC.id","aws_vpc.fp-VPC"]}},"schema_version":1},{"address":"aws_vpc.fp-VPC","mode":"managed","type":"aws_vpc","name":"fp-VPC","provider_config_key":"aws","expressions":{"cidr_block":{"constant_value":"10.10.0.0/16"},"tags":{"constant_value":{"Name":"fp-VPC"}}},"schema_version":1},{"address":"aws_vpn_connection.fp-VPN-connection","mode":"managed","type":"aws_vpn_connection","name":"fp-VPN-connection","provider_config_key":"aws","expressions":{"customer_gateway_id":{"references":["aws_customer_gateway.fp-CGW.id","aws_customer_gateway.fp-CGW"]},"local_ipv4_network_cidr":{"constant_value":"172.24.0.0/24"},"remote_ipv4_network_cidr":{"constant_value":"10.10.0.0/16"},"static_routes_only":{"constant_value":true},"tags":{"constant_value":{"Name":"fp-SiteToSite-VPN-Connection"}},"tunnel1_preshared_key":{"constant_value":"testkeys"},"tunnel2_preshared_key":{"constant_value":"testkeys"},"type":{"constant_value":"ipsec.1"},"vpn_gateway_id":{"references":["aws_vpn_gateway.fp-VPG.id","aws_vpn_gateway.fp-VPG"]}},"schema_version":0},{"address":"aws_vpn_connection_route.fp-VPN-connection-route","mode":"managed","type":"aws_vpn_connection_route","name":"fp-VPN-connection-route","provider_config_key":"aws","expressions":{"destination_cidr_block":{"constant_value":"172.24.0.0/24"},"vpn_connection_id":{"references":["aws_vpn_connection.fp-VPN-connection.id","aws_vpn_connection.fp-VPN-connection"]}},"schema_version":0},{"address":"aws_vpn_gateway.fp-VPG","mode":"managed","type":"aws_vpn_gateway","name":"fp-VPG","provider_config_key":"aws","expressions":{"tags":{"constant_value":{"Name":"fp-VPG"}},"vpc_id":{"references":["aws_vpc.fp-VPC.id","aws_vpc.fp-VPC"]}},"schema_version":0},{"address":"aws_vpn_gateway_attachment.fp-VPG-connection","mode":"managed","type":"aws_vpn_gateway_attachment","name":"fp-VPG-connection","provider_config_key":"aws","expressions":{"vpc_id":{"references":["aws_vpc.fp-VPC.id","aws_vpc.fp-VPC"]},"vpn_gateway_id":{"references":["aws_vpn_gateway.fp-VPG.id","aws_vpn_gateway.fp-VPG"]}},"schema_version":0},{"address":"local_file.LB_keypair","mode":"managed","type":"local_file","name":"LB_keypair","provider_config_key":"local","expressions":{"content":{"references":["tls_private_key.fp-keypair.private_key_pem","tls_private_key.fp-keypair"]},"file_permission":{"constant_value":"0400"},"filename":{"constant_value":"./LB_keypair.pem"}},"schema_version":0},{"address":"tls_private_key.fp-keypair","mode":"managed","type":"tls_private_key","name":"fp-keypair","provider_config_key":"tls","expressions":{"algorithm":{"constant_value":"RSA"},"rsa_bits":{"constant_value":4096}},"schema_version":1}]}},"relevant_attributes":[{"resource":"aws_nat_gateway.fp-NAT-GW-01","attribute":["id"]},{"resource":"aws_vpn_gateway.fp-VPG","attribute":["id"]},{"resource":"aws_security_group.fp-test","attribute":["id"]},{"resource":"aws_docdb_subnet_group.fp-documentDB-subnetGroup","attribute":["name"]},{"resource":"aws_docdb_cluster.fp-documentDB-Cluster","attribute":["id"]},{"resource":"aws_vpc.fp-VPC","attribute":["id"]}],"timestamp":"2024-08-22T02:57:52Z"}
